
Microsoft Visual Studio Solution File, Format Version 10.00
# Visual Studio 2008
Project("{D183A3D8-5FD8-494B-B014-37F57B35E655}") = "QSP.Fulfillment.Order.OrderStageReceipt", "QSP.Fulfillment.Order.OrderStageReceipt\QSP.Fulfillment.Order.OrderStageReceipt.dtproj", "{3FA8A2CE-5608-4CA9-92CE-55D71A8F7D23}"
EndProject
Global
	GlobalSection(SolutionConfigurationPlatforms) = preSolution
		Development|Default = Development|Default
	EndGlobalSection
	GlobalSection(ProjectConfigurationPlatforms) = postSolution
		{3FA8A2CE-5608-4CA9-92CE-55D71A8F7D23}.Development|Default.ActiveCfg = Development
		{3FA8A2CE-5608-4CA9-92CE-55D71A8F7D23}.Development|Default.Build.0 = Development
	EndGlobalSection
	GlobalSection(SolutionProperties) = preSolution
		HideSolutionNode = FALSE
	EndGlobalSection
EndGlobal
