
Microsoft Visual Studio Solution File, Format Version 10.00
# Visual Studio 2008
Project("{FAE04EC0-301F-11D3-BF4B-00C04F79EFBC}") = "QSP.Business.SqlCodeGen", "QSP.Business.SqlCodeGen.csproj", "{B0A08F4F-E1C7-40B0-9137-57A40E6FC986}"
EndProject
Project("{FAE04EC0-301F-11D3-BF4B-00C04F79EFBC}") = "QSP.Business.Fulfillment", "..\QSP.Business.Fulfillment\QSP.Business.Fulfillment.csproj", "{4E55EB19-53BC-4A27-991F-31B1DEEF896B}"
EndProject
Global
	GlobalSection(SolutionConfigurationPlatforms) = preSolution
		Debug|Any CPU = Debug|Any CPU
		Release|Any CPU = Release|Any CPU
	EndGlobalSection
	GlobalSection(ProjectConfigurationPlatforms) = postSolution
		{B0A08F4F-E1C7-40B0-9137-57A40E6FC986}.Debug|Any CPU.ActiveCfg = Debug|Any CPU
		{B0A08F4F-E1C7-40B0-9137-57A40E6FC986}.Debug|Any CPU.Build.0 = Debug|Any CPU
		{B0A08F4F-E1C7-40B0-9137-57A40E6FC986}.Release|Any CPU.ActiveCfg = Release|Any CPU
		{B0A08F4F-E1C7-40B0-9137-57A40E6FC986}.Release|Any CPU.Build.0 = Release|Any CPU
		{4E55EB19-53BC-4A27-991F-31B1DEEF896B}.Debug|Any CPU.ActiveCfg = Debug|Any CPU
		{4E55EB19-53BC-4A27-991F-31B1DEEF896B}.Debug|Any CPU.Build.0 = Debug|Any CPU
		{4E55EB19-53BC-4A27-991F-31B1DEEF896B}.Release|Any CPU.ActiveCfg = Release|Any CPU
		{4E55EB19-53BC-4A27-991F-31B1DEEF896B}.Release|Any CPU.Build.0 = Release|Any CPU
	EndGlobalSection
	GlobalSection(SolutionProperties) = preSolution
		HideSolutionNode = FALSE
	EndGlobalSection
EndGlobal
