Microsoft Visual Studio Solution File, Format Version 8.00
Project("{FAE04EC0-301F-11D3-BF4B-00C04F79EFBC}") = "QSPDataSetGenerator", "QSPDataSetGenerator.csproj", "{90ED06D2-81B5-4D33-B3DE-7095080ECA0A}"
	ProjectSection(ProjectDependencies) = postProject
	EndProjectSection
EndProject
Project("{FAE04EC0-301F-11D3-BF4B-00C04F79EFBC}") = "DbUtils", "DBUtils\DbUtils.csproj", "{1BA0AED4-C6B1-490D-8C9C-A8F3903AB840}"
	ProjectSection(ProjectDependencies) = postProject
	EndProjectSection
EndProject
Global
	GlobalSection(SolutionConfiguration) = preSolution
		Debug = Debug
		Release = Release
	EndGlobalSection
	GlobalSection(ProjectConfiguration) = postSolution
		{90ED06D2-81B5-4D33-B3DE-7095080ECA0A}.Debug.ActiveCfg = Debug|.NET
		{90ED06D2-81B5-4D33-B3DE-7095080ECA0A}.Debug.Build.0 = Debug|.NET
		{90ED06D2-81B5-4D33-B3DE-7095080ECA0A}.Release.ActiveCfg = Release|.NET
		{90ED06D2-81B5-4D33-B3DE-7095080ECA0A}.Release.Build.0 = Release|.NET
		{1BA0AED4-C6B1-490D-8C9C-A8F3903AB840}.Debug.ActiveCfg = Debug|.NET
		{1BA0AED4-C6B1-490D-8C9C-A8F3903AB840}.Debug.Build.0 = Debug|.NET
		{1BA0AED4-C6B1-490D-8C9C-A8F3903AB840}.Release.ActiveCfg = Release|.NET
		{1BA0AED4-C6B1-490D-8C9C-A8F3903AB840}.Release.Build.0 = Release|.NET
	EndGlobalSection
	GlobalSection(ExtensibilityGlobals) = postSolution
	EndGlobalSection
	GlobalSection(ExtensibilityAddIns) = postSolution
	EndGlobalSection
EndGlobal
