
Microsoft Visual Studio Solution File, Format Version 10.00
# Visual Studio 2008
Project("{FAE04EC0-301F-11D3-BF4B-00C04F79EFBC}") = "QSP", "QSP\QSP.csproj", "{BEB1F529-9E6F-4692-A96C-281F99127C4B}"
EndProject
Project("{FAE04EC0-301F-11D3-BF4B-00C04F79EFBC}") = "QSP.Business.Fulfillment", "QSP.Business.Fulfillment\QSP.Business.Fulfillment.csproj", "{4E55EB19-53BC-4A27-991F-31B1DEEF896B}"
EndProject
Project("{FAE04EC0-301F-11D3-BF4B-00C04F79EFBC}") = "QSP.Business.SqlCodeGen", "QSP.Business.SqlCodeGen\QSP.Business.SqlCodeGen.csproj", "{B0A08F4F-E1C7-40B0-9137-57A40E6FC986}"
EndProject
Project("{FAE04EC0-301F-11D3-BF4B-00C04F79EFBC}") = "QSP.Collections", "QSP.Collections\QSP.Collections.csproj", "{DE3CC0B4-72D6-4C4B-B0CA-6DE5F4AD1020}"
EndProject
Project("{FAE04EC0-301F-11D3-BF4B-00C04F79EFBC}") = "QSP.Configuration", "QSP.Configuration\QSP.Configuration.csproj", "{6F42B223-15FC-4E3B-8473-318B82DA5319}"
EndProject
Project("{FAE04EC0-301F-11D3-BF4B-00C04F79EFBC}") = "QSP.Drawing", "QSP.Drawing\QSP.Drawing.csproj", "{B8A6497E-EFA9-46F9-8C41-AF3E86E585B4}"
EndProject
Project("{FAE04EC0-301F-11D3-BF4B-00C04F79EFBC}") = "QSP.Exe.OELogoImport", "QSP.Exe.OELogoImport\QSP.Exe.OELogoImport.csproj", "{18990DF0-FA91-4C68-A2F2-F36FF66BBDDE}"
EndProject
Project("{FAE04EC0-301F-11D3-BF4B-00C04F79EFBC}") = "QSP.IO.Csv", "QSP.IO.Csv\QSP.IO.Csv.csproj", "{B22F36FA-6934-4030-AD97-E2733AC01F34}"
EndProject
Project("{FAE04EC0-301F-11D3-BF4B-00C04F79EFBC}") = "QSP.Site.Test", "QSP.Site.Test\QSP.Site.Test.csproj", "{BA1A6CF2-25FA-4940-87F5-635337469F20}"
EndProject
Project("{FAE04EC0-301F-11D3-BF4B-00C04F79EFBC}") = "QSP.Text", "QSP.Text\QSP.Text.csproj", "{6A5CA899-A968-4205-8843-F9A18DA8BB5C}"
EndProject
Project("{FAE04EC0-301F-11D3-BF4B-00C04F79EFBC}") = "QSP.Xml.Serialization", "QSP.Xml.Serialization\QSP.Xml.Serialization.csproj", "{FE78DDEA-EEF8-4E7C-86D9-68F124C650F2}"
EndProject
Project("{FAE04EC0-301F-11D3-BF4B-00C04F79EFBC}") = "QSP.OrderExpress.WebControls", "QSP.OrderExpress.WebControls\QSP.OrderExpress.WebControls.csproj", "{9602B885-B053-4D48-AD7A-311ED8FD736D}"
EndProject
Project("{FAE04EC0-301F-11D3-BF4B-00C04F79EFBC}") = "QSP.OrderExpress.Common", "QSP.OrderExpress.Common\QSP.OrderExpress.Common.csproj", "{23CCC929-2B4A-486B-A86D-3A031CF05089}"
EndProject
Project("{FAE04EC0-301F-11D3-BF4B-00C04F79EFBC}") = "QSP.OrderExpress.Data", "QSP.OrderExpress.Data\QSP.OrderExpress.Data.csproj", "{CE91AFF3-4BF2-4048-969A-DBCE64EE4F19}"
EndProject
Project("{FAE04EC0-301F-11D3-BF4B-00C04F79EFBC}") = "QSP.OrderExpress.DataRepository", "QSP.OrderExpress.DataRepository\QSP.OrderExpress.DataRepository.csproj", "{928EBB51-0530-4E89-BF66-A7EDC3BAB83E}"
EndProject
Project("{FAE04EC0-301F-11D3-BF4B-00C04F79EFBC}") = "QSP.OrderExpress.SystemFramework", "QSP.OrderExpress.SystemFramework\QSP.OrderExpress.SystemFramework.csproj", "{3C006735-E620-418B-BD1C-4A152217061A}"
EndProject
Project("{E24C65DC-7377-472B-9ABA-BC803B73C61A}") = "WebServices", "http://localhost/WebServices", "{C7275302-9BCA-4BFC-B14A-12EB5C3566CF}"
	ProjectSection(WebsiteProperties) = preProject
		TargetFramework = "3.5"
		ProjectReferences = "{F43D94AB-3FBB-4E55-A48E-2D06E62CAE99}|QSPForm.Business.dll;{4E55EB19-53BC-4A27-991F-31B1DEEF896B}|QSP.Business.Fulfillment.dll;{23CCC929-2B4A-486B-A86D-3A031CF05089}|QSPForm.Common.dll;{CE91AFF3-4BF2-4048-969A-DBCE64EE4F19}|QSPForm.Data.dll;{3C006735-E620-418B-BD1C-4A152217061A}|QSPForm.SystemFramework.dll;{928EBB51-0530-4E89-BF66-A7EDC3BAB83E}|QSPForm_DataRepository.dll;"
		Debug.AspNetCompiler.VirtualPath = "/WebServices"
		Debug.AspNetCompiler.PhysicalPath = "..\..\Trunk\WebServices\"
		Debug.AspNetCompiler.TargetPath = "PrecompiledWeb\WebServices\"
		Debug.AspNetCompiler.Updateable = "true"
		Debug.AspNetCompiler.ForceOverwrite = "true"
		Debug.AspNetCompiler.FixedNames = "false"
		Debug.AspNetCompiler.Debug = "True"
		Release.AspNetCompiler.VirtualPath = "/WebServices"
		Release.AspNetCompiler.PhysicalPath = "..\..\Trunk\WebServices\"
		Release.AspNetCompiler.TargetPath = "PrecompiledWeb\WebServices\"
		Release.AspNetCompiler.Updateable = "true"
		Release.AspNetCompiler.ForceOverwrite = "true"
		Release.AspNetCompiler.FixedNames = "false"
		Release.AspNetCompiler.Debug = "False"
		SlnRelativePath = "WebServices\"
	EndProjectSection
EndProject
Project("{FAE04EC0-301F-11D3-BF4B-00C04F79EFBC}") = "QSP.Site.MyFeedback", "QSP.Site.MyFeedback\QSP.Site.MyFeedback.csproj", "{A712F38E-70E7-40B1-94AB-DFE2906C3F84}"
EndProject
Project("{FAE04EC0-301F-11D3-BF4B-00C04F79EFBC}") = "QSP.Exe.SqlCodeGen", "QSP.Exe.SqlCodeGen\QSP.Exe.SqlCodeGen.csproj", "{163F5563-4D41-4C34-9EF1-99A3ECF40CEF}"
EndProject
Project("{E24C65DC-7377-472B-9ABA-BC803B73C61A}") = "OEMobile", "OEMobile", "{E4F1F1B6-9F96-43FD-977C-DDFF51051A91}"
	ProjectSection(WebsiteProperties) = preProject
		TargetFramework = "3.5"
		Debug.AspNetCompiler.VirtualPath = "/OEMobile"
		Debug.AspNetCompiler.PhysicalPath = "OEMobile\"
		Debug.AspNetCompiler.TargetPath = "PrecompiledWeb\OEMobile\"
		Debug.AspNetCompiler.Updateable = "true"
		Debug.AspNetCompiler.ForceOverwrite = "true"
		Debug.AspNetCompiler.FixedNames = "false"
		Debug.AspNetCompiler.Debug = "True"
		Release.AspNetCompiler.VirtualPath = "/OEMobile"
		Release.AspNetCompiler.PhysicalPath = "OEMobile\"
		Release.AspNetCompiler.TargetPath = "PrecompiledWeb\OEMobile\"
		Release.AspNetCompiler.Updateable = "true"
		Release.AspNetCompiler.ForceOverwrite = "true"
		Release.AspNetCompiler.FixedNames = "false"
		Release.AspNetCompiler.Debug = "False"
		VWDPort = "3722"
	EndProjectSection
EndProject
Project("{FAE04EC0-301F-11D3-BF4B-00C04F79EFBC}") = "QSP.OrderExpress.Business", "QSP.OrderExpress.Business\QSP.OrderExpress.Business.csproj", "{F43D94AB-3FBB-4E55-A48E-2D06E62CAE99}"
EndProject
Project("{FAE04EC0-301F-11D3-BF4B-00C04F79EFBC}") = "EFundraisingCRM", "EFundraisingCRM\EFundraisingCRM.csproj", "{920EA03B-53BE-4089-8A3D-B43C1D3A8A26}"
EndProject
Project("{FAE04EC0-301F-11D3-BF4B-00C04F79EFBC}") = "EFundraisingCRMWeb", "EfundraisingCRMWeb\EFundraisingCRMWeb.csproj", "{B8990F6E-0570-45BA-95B5-125CD972AF1C}"
EndProject
Project("{FAE04EC0-301F-11D3-BF4B-00C04F79EFBC}") = "OrderExpressClient", "OrderExpressClient\OrderExpressClient.csproj", "{2A1758BB-535D-454D-8A71-5157744A8361}"
EndProject
Project("{FAE04EC0-301F-11D3-BF4B-00C04F79EFBC}") = "eFundData", "eFundData\eFundData.csproj", "{3B38826D-7C96-4A10-A174-A29A3793D6B3}"
EndProject
Project("{FAE04EC0-301F-11D3-BF4B-00C04F79EFBC}") = "QSP.OrderExpress.Web", "OrderExpress\QSP.OrderExpress.Web.csproj", "{756F2D93-78E6-448F-A71F-9987CBFF802C}"
EndProject
Global
	GlobalSection(SolutionConfigurationPlatforms) = preSolution
		Debug|.NET = Debug|.NET
		Debug|Any CPU = Debug|Any CPU
		Debug|Mixed Platforms = Debug|Mixed Platforms
		DebugLocal|.NET = DebugLocal|.NET
		DebugLocal|Any CPU = DebugLocal|Any CPU
		DebugLocal|Mixed Platforms = DebugLocal|Mixed Platforms
		Production|.NET = Production|.NET
		Production|Any CPU = Production|Any CPU
		Production|Mixed Platforms = Production|Mixed Platforms
		Release|.NET = Release|.NET
		Release|Any CPU = Release|Any CPU
		Release|Mixed Platforms = Release|Mixed Platforms
	EndGlobalSection
	GlobalSection(ProjectConfigurationPlatforms) = postSolution
		{BEB1F529-9E6F-4692-A96C-281F99127C4B}.Debug|.NET.ActiveCfg = Debug|Any CPU
		{BEB1F529-9E6F-4692-A96C-281F99127C4B}.Debug|Any CPU.ActiveCfg = Debug|Any CPU
		{BEB1F529-9E6F-4692-A96C-281F99127C4B}.Debug|Any CPU.Build.0 = Debug|Any CPU
		{BEB1F529-9E6F-4692-A96C-281F99127C4B}.Debug|Mixed Platforms.ActiveCfg = Debug|Any CPU
		{BEB1F529-9E6F-4692-A96C-281F99127C4B}.DebugLocal|.NET.ActiveCfg = Debug|Any CPU
		{BEB1F529-9E6F-4692-A96C-281F99127C4B}.DebugLocal|Any CPU.ActiveCfg = Debug|Any CPU
		{BEB1F529-9E6F-4692-A96C-281F99127C4B}.DebugLocal|Any CPU.Build.0 = Debug|Any CPU
		{BEB1F529-9E6F-4692-A96C-281F99127C4B}.DebugLocal|Mixed Platforms.ActiveCfg = Debug|Any CPU
		{BEB1F529-9E6F-4692-A96C-281F99127C4B}.DebugLocal|Mixed Platforms.Build.0 = Debug|Any CPU
		{BEB1F529-9E6F-4692-A96C-281F99127C4B}.Production|.NET.ActiveCfg = Release|Any CPU
		{BEB1F529-9E6F-4692-A96C-281F99127C4B}.Production|Any CPU.ActiveCfg = Release|Any CPU
		{BEB1F529-9E6F-4692-A96C-281F99127C4B}.Production|Any CPU.Build.0 = Release|Any CPU
		{BEB1F529-9E6F-4692-A96C-281F99127C4B}.Production|Mixed Platforms.ActiveCfg = Release|Any CPU
		{BEB1F529-9E6F-4692-A96C-281F99127C4B}.Production|Mixed Platforms.Build.0 = Release|Any CPU
		{BEB1F529-9E6F-4692-A96C-281F99127C4B}.Release|.NET.ActiveCfg = Release|Any CPU
		{BEB1F529-9E6F-4692-A96C-281F99127C4B}.Release|Any CPU.ActiveCfg = Release|Any CPU
		{BEB1F529-9E6F-4692-A96C-281F99127C4B}.Release|Any CPU.Build.0 = Release|Any CPU
		{BEB1F529-9E6F-4692-A96C-281F99127C4B}.Release|Mixed Platforms.ActiveCfg = Release|Any CPU
		{BEB1F529-9E6F-4692-A96C-281F99127C4B}.Release|Mixed Platforms.Build.0 = Release|Any CPU
		{4E55EB19-53BC-4A27-991F-31B1DEEF896B}.Debug|.NET.ActiveCfg = Debug|Any CPU
		{4E55EB19-53BC-4A27-991F-31B1DEEF896B}.Debug|Any CPU.ActiveCfg = Debug|Any CPU
		{4E55EB19-53BC-4A27-991F-31B1DEEF896B}.Debug|Any CPU.Build.0 = Debug|Any CPU
		{4E55EB19-53BC-4A27-991F-31B1DEEF896B}.Debug|Mixed Platforms.ActiveCfg = Debug|Any CPU
		{4E55EB19-53BC-4A27-991F-31B1DEEF896B}.Debug|Mixed Platforms.Build.0 = Debug|Any CPU
		{4E55EB19-53BC-4A27-991F-31B1DEEF896B}.DebugLocal|.NET.ActiveCfg = Debug|Any CPU
		{4E55EB19-53BC-4A27-991F-31B1DEEF896B}.DebugLocal|Any CPU.ActiveCfg = Debug|Any CPU
		{4E55EB19-53BC-4A27-991F-31B1DEEF896B}.DebugLocal|Any CPU.Build.0 = Debug|Any CPU
		{4E55EB19-53BC-4A27-991F-31B1DEEF896B}.DebugLocal|Mixed Platforms.ActiveCfg = Debug|Any CPU
		{4E55EB19-53BC-4A27-991F-31B1DEEF896B}.DebugLocal|Mixed Platforms.Build.0 = Debug|Any CPU
		{4E55EB19-53BC-4A27-991F-31B1DEEF896B}.Production|.NET.ActiveCfg = Release|Any CPU
		{4E55EB19-53BC-4A27-991F-31B1DEEF896B}.Production|Any CPU.ActiveCfg = Release|Any CPU
		{4E55EB19-53BC-4A27-991F-31B1DEEF896B}.Production|Any CPU.Build.0 = Release|Any CPU
		{4E55EB19-53BC-4A27-991F-31B1DEEF896B}.Production|Mixed Platforms.ActiveCfg = Release|Any CPU
		{4E55EB19-53BC-4A27-991F-31B1DEEF896B}.Production|Mixed Platforms.Build.0 = Release|Any CPU
		{4E55EB19-53BC-4A27-991F-31B1DEEF896B}.Release|.NET.ActiveCfg = Release|Any CPU
		{4E55EB19-53BC-4A27-991F-31B1DEEF896B}.Release|Any CPU.ActiveCfg = Release|Any CPU
		{4E55EB19-53BC-4A27-991F-31B1DEEF896B}.Release|Any CPU.Build.0 = Release|Any CPU
		{4E55EB19-53BC-4A27-991F-31B1DEEF896B}.Release|Mixed Platforms.ActiveCfg = Release|Any CPU
		{4E55EB19-53BC-4A27-991F-31B1DEEF896B}.Release|Mixed Platforms.Build.0 = Release|Any CPU
		{B0A08F4F-E1C7-40B0-9137-57A40E6FC986}.Debug|.NET.ActiveCfg = Debug|Any CPU
		{B0A08F4F-E1C7-40B0-9137-57A40E6FC986}.Debug|Any CPU.ActiveCfg = Debug|Any CPU
		{B0A08F4F-E1C7-40B0-9137-57A40E6FC986}.Debug|Any CPU.Build.0 = Debug|Any CPU
		{B0A08F4F-E1C7-40B0-9137-57A40E6FC986}.Debug|Mixed Platforms.ActiveCfg = Debug|Any CPU
		{B0A08F4F-E1C7-40B0-9137-57A40E6FC986}.DebugLocal|.NET.ActiveCfg = Debug|Any CPU
		{B0A08F4F-E1C7-40B0-9137-57A40E6FC986}.DebugLocal|Any CPU.ActiveCfg = Debug|Any CPU
		{B0A08F4F-E1C7-40B0-9137-57A40E6FC986}.DebugLocal|Any CPU.Build.0 = Debug|Any CPU
		{B0A08F4F-E1C7-40B0-9137-57A40E6FC986}.DebugLocal|Mixed Platforms.ActiveCfg = Debug|Any CPU
		{B0A08F4F-E1C7-40B0-9137-57A40E6FC986}.DebugLocal|Mixed Platforms.Build.0 = Debug|Any CPU
		{B0A08F4F-E1C7-40B0-9137-57A40E6FC986}.Production|.NET.ActiveCfg = Release|Any CPU
		{B0A08F4F-E1C7-40B0-9137-57A40E6FC986}.Production|Any CPU.ActiveCfg = Release|Any CPU
		{B0A08F4F-E1C7-40B0-9137-57A40E6FC986}.Production|Any CPU.Build.0 = Release|Any CPU
		{B0A08F4F-E1C7-40B0-9137-57A40E6FC986}.Production|Mixed Platforms.ActiveCfg = Release|Any CPU
		{B0A08F4F-E1C7-40B0-9137-57A40E6FC986}.Production|Mixed Platforms.Build.0 = Release|Any CPU
		{B0A08F4F-E1C7-40B0-9137-57A40E6FC986}.Release|.NET.ActiveCfg = Release|Any CPU
		{B0A08F4F-E1C7-40B0-9137-57A40E6FC986}.Release|Any CPU.ActiveCfg = Release|Any CPU
		{B0A08F4F-E1C7-40B0-9137-57A40E6FC986}.Release|Any CPU.Build.0 = Release|Any CPU
		{B0A08F4F-E1C7-40B0-9137-57A40E6FC986}.Release|Mixed Platforms.ActiveCfg = Release|Any CPU
		{B0A08F4F-E1C7-40B0-9137-57A40E6FC986}.Release|Mixed Platforms.Build.0 = Release|Any CPU
		{DE3CC0B4-72D6-4C4B-B0CA-6DE5F4AD1020}.Debug|.NET.ActiveCfg = Debug|Any CPU
		{DE3CC0B4-72D6-4C4B-B0CA-6DE5F4AD1020}.Debug|Any CPU.ActiveCfg = Debug|Any CPU
		{DE3CC0B4-72D6-4C4B-B0CA-6DE5F4AD1020}.Debug|Any CPU.Build.0 = Debug|Any CPU
		{DE3CC0B4-72D6-4C4B-B0CA-6DE5F4AD1020}.Debug|Mixed Platforms.ActiveCfg = Debug|Any CPU
		{DE3CC0B4-72D6-4C4B-B0CA-6DE5F4AD1020}.DebugLocal|.NET.ActiveCfg = Debug|Any CPU
		{DE3CC0B4-72D6-4C4B-B0CA-6DE5F4AD1020}.DebugLocal|Any CPU.ActiveCfg = Debug|Any CPU
		{DE3CC0B4-72D6-4C4B-B0CA-6DE5F4AD1020}.DebugLocal|Any CPU.Build.0 = Debug|Any CPU
		{DE3CC0B4-72D6-4C4B-B0CA-6DE5F4AD1020}.DebugLocal|Mixed Platforms.ActiveCfg = Debug|Any CPU
		{DE3CC0B4-72D6-4C4B-B0CA-6DE5F4AD1020}.DebugLocal|Mixed Platforms.Build.0 = Debug|Any CPU
		{DE3CC0B4-72D6-4C4B-B0CA-6DE5F4AD1020}.Production|.NET.ActiveCfg = Release|Any CPU
		{DE3CC0B4-72D6-4C4B-B0CA-6DE5F4AD1020}.Production|Any CPU.ActiveCfg = Release|Any CPU
		{DE3CC0B4-72D6-4C4B-B0CA-6DE5F4AD1020}.Production|Any CPU.Build.0 = Release|Any CPU
		{DE3CC0B4-72D6-4C4B-B0CA-6DE5F4AD1020}.Production|Mixed Platforms.ActiveCfg = Release|Any CPU
		{DE3CC0B4-72D6-4C4B-B0CA-6DE5F4AD1020}.Production|Mixed Platforms.Build.0 = Release|Any CPU
		{DE3CC0B4-72D6-4C4B-B0CA-6DE5F4AD1020}.Release|.NET.ActiveCfg = Release|Any CPU
		{DE3CC0B4-72D6-4C4B-B0CA-6DE5F4AD1020}.Release|Any CPU.ActiveCfg = Release|Any CPU
		{DE3CC0B4-72D6-4C4B-B0CA-6DE5F4AD1020}.Release|Any CPU.Build.0 = Release|Any CPU
		{DE3CC0B4-72D6-4C4B-B0CA-6DE5F4AD1020}.Release|Mixed Platforms.ActiveCfg = Release|Any CPU
		{DE3CC0B4-72D6-4C4B-B0CA-6DE5F4AD1020}.Release|Mixed Platforms.Build.0 = Release|Any CPU
		{6F42B223-15FC-4E3B-8473-318B82DA5319}.Debug|.NET.ActiveCfg = Debug|Any CPU
		{6F42B223-15FC-4E3B-8473-318B82DA5319}.Debug|Any CPU.ActiveCfg = Debug|Any CPU
		{6F42B223-15FC-4E3B-8473-318B82DA5319}.Debug|Any CPU.Build.0 = Debug|Any CPU
		{6F42B223-15FC-4E3B-8473-318B82DA5319}.Debug|Mixed Platforms.ActiveCfg = Debug|Any CPU
		{6F42B223-15FC-4E3B-8473-318B82DA5319}.DebugLocal|.NET.ActiveCfg = Debug|Any CPU
		{6F42B223-15FC-4E3B-8473-318B82DA5319}.DebugLocal|Any CPU.ActiveCfg = Debug|Any CPU
		{6F42B223-15FC-4E3B-8473-318B82DA5319}.DebugLocal|Any CPU.Build.0 = Debug|Any CPU
		{6F42B223-15FC-4E3B-8473-318B82DA5319}.DebugLocal|Mixed Platforms.ActiveCfg = Debug|Any CPU
		{6F42B223-15FC-4E3B-8473-318B82DA5319}.DebugLocal|Mixed Platforms.Build.0 = Debug|Any CPU
		{6F42B223-15FC-4E3B-8473-318B82DA5319}.Production|.NET.ActiveCfg = Release|Any CPU
		{6F42B223-15FC-4E3B-8473-318B82DA5319}.Production|Any CPU.ActiveCfg = Release|Any CPU
		{6F42B223-15FC-4E3B-8473-318B82DA5319}.Production|Any CPU.Build.0 = Release|Any CPU
		{6F42B223-15FC-4E3B-8473-318B82DA5319}.Production|Mixed Platforms.ActiveCfg = Release|Any CPU
		{6F42B223-15FC-4E3B-8473-318B82DA5319}.Production|Mixed Platforms.Build.0 = Release|Any CPU
		{6F42B223-15FC-4E3B-8473-318B82DA5319}.Release|.NET.ActiveCfg = Release|Any CPU
		{6F42B223-15FC-4E3B-8473-318B82DA5319}.Release|Any CPU.ActiveCfg = Release|Any CPU
		{6F42B223-15FC-4E3B-8473-318B82DA5319}.Release|Any CPU.Build.0 = Release|Any CPU
		{6F42B223-15FC-4E3B-8473-318B82DA5319}.Release|Mixed Platforms.ActiveCfg = Release|Any CPU
		{6F42B223-15FC-4E3B-8473-318B82DA5319}.Release|Mixed Platforms.Build.0 = Release|Any CPU
		{B8A6497E-EFA9-46F9-8C41-AF3E86E585B4}.Debug|.NET.ActiveCfg = Debug|Any CPU
		{B8A6497E-EFA9-46F9-8C41-AF3E86E585B4}.Debug|Any CPU.ActiveCfg = Debug|Any CPU
		{B8A6497E-EFA9-46F9-8C41-AF3E86E585B4}.Debug|Any CPU.Build.0 = Debug|Any CPU
		{B8A6497E-EFA9-46F9-8C41-AF3E86E585B4}.Debug|Mixed Platforms.ActiveCfg = Debug|Any CPU
		{B8A6497E-EFA9-46F9-8C41-AF3E86E585B4}.DebugLocal|.NET.ActiveCfg = Debug|Any CPU
		{B8A6497E-EFA9-46F9-8C41-AF3E86E585B4}.DebugLocal|Any CPU.ActiveCfg = Debug|Any CPU
		{B8A6497E-EFA9-46F9-8C41-AF3E86E585B4}.DebugLocal|Any CPU.Build.0 = Debug|Any CPU
		{B8A6497E-EFA9-46F9-8C41-AF3E86E585B4}.DebugLocal|Mixed Platforms.ActiveCfg = Debug|Any CPU
		{B8A6497E-EFA9-46F9-8C41-AF3E86E585B4}.DebugLocal|Mixed Platforms.Build.0 = Debug|Any CPU
		{B8A6497E-EFA9-46F9-8C41-AF3E86E585B4}.Production|.NET.ActiveCfg = Release|Any CPU
		{B8A6497E-EFA9-46F9-8C41-AF3E86E585B4}.Production|Any CPU.ActiveCfg = Release|Any CPU
		{B8A6497E-EFA9-46F9-8C41-AF3E86E585B4}.Production|Any CPU.Build.0 = Release|Any CPU
		{B8A6497E-EFA9-46F9-8C41-AF3E86E585B4}.Production|Mixed Platforms.ActiveCfg = Release|Any CPU
		{B8A6497E-EFA9-46F9-8C41-AF3E86E585B4}.Production|Mixed Platforms.Build.0 = Release|Any CPU
		{B8A6497E-EFA9-46F9-8C41-AF3E86E585B4}.Release|.NET.ActiveCfg = Release|Any CPU
		{B8A6497E-EFA9-46F9-8C41-AF3E86E585B4}.Release|Any CPU.ActiveCfg = Release|Any CPU
		{B8A6497E-EFA9-46F9-8C41-AF3E86E585B4}.Release|Any CPU.Build.0 = Release|Any CPU
		{B8A6497E-EFA9-46F9-8C41-AF3E86E585B4}.Release|Mixed Platforms.ActiveCfg = Release|Any CPU
		{B8A6497E-EFA9-46F9-8C41-AF3E86E585B4}.Release|Mixed Platforms.Build.0 = Release|Any CPU
		{18990DF0-FA91-4C68-A2F2-F36FF66BBDDE}.Debug|.NET.ActiveCfg = Debug|Any CPU
		{18990DF0-FA91-4C68-A2F2-F36FF66BBDDE}.Debug|Any CPU.ActiveCfg = Debug|Any CPU
		{18990DF0-FA91-4C68-A2F2-F36FF66BBDDE}.Debug|Any CPU.Build.0 = Debug|Any CPU
		{18990DF0-FA91-4C68-A2F2-F36FF66BBDDE}.Debug|Mixed Platforms.ActiveCfg = Debug|Any CPU
		{18990DF0-FA91-4C68-A2F2-F36FF66BBDDE}.DebugLocal|.NET.ActiveCfg = Debug|Any CPU
		{18990DF0-FA91-4C68-A2F2-F36FF66BBDDE}.DebugLocal|Any CPU.ActiveCfg = Debug|Any CPU
		{18990DF0-FA91-4C68-A2F2-F36FF66BBDDE}.DebugLocal|Any CPU.Build.0 = Debug|Any CPU
		{18990DF0-FA91-4C68-A2F2-F36FF66BBDDE}.DebugLocal|Mixed Platforms.ActiveCfg = Debug|Any CPU
		{18990DF0-FA91-4C68-A2F2-F36FF66BBDDE}.DebugLocal|Mixed Platforms.Build.0 = Debug|Any CPU
		{18990DF0-FA91-4C68-A2F2-F36FF66BBDDE}.Production|.NET.ActiveCfg = Release|Any CPU
		{18990DF0-FA91-4C68-A2F2-F36FF66BBDDE}.Production|Any CPU.ActiveCfg = Release|Any CPU
		{18990DF0-FA91-4C68-A2F2-F36FF66BBDDE}.Production|Any CPU.Build.0 = Release|Any CPU
		{18990DF0-FA91-4C68-A2F2-F36FF66BBDDE}.Production|Mixed Platforms.ActiveCfg = Release|Any CPU
		{18990DF0-FA91-4C68-A2F2-F36FF66BBDDE}.Production|Mixed Platforms.Build.0 = Release|Any CPU
		{18990DF0-FA91-4C68-A2F2-F36FF66BBDDE}.Release|.NET.ActiveCfg = Release|Any CPU
		{18990DF0-FA91-4C68-A2F2-F36FF66BBDDE}.Release|Any CPU.ActiveCfg = Release|Any CPU
		{18990DF0-FA91-4C68-A2F2-F36FF66BBDDE}.Release|Any CPU.Build.0 = Release|Any CPU
		{18990DF0-FA91-4C68-A2F2-F36FF66BBDDE}.Release|Mixed Platforms.ActiveCfg = Release|Any CPU
		{18990DF0-FA91-4C68-A2F2-F36FF66BBDDE}.Release|Mixed Platforms.Build.0 = Release|Any CPU
		{B22F36FA-6934-4030-AD97-E2733AC01F34}.Debug|.NET.ActiveCfg = Debug|Any CPU
		{B22F36FA-6934-4030-AD97-E2733AC01F34}.Debug|Any CPU.ActiveCfg = Debug|Any CPU
		{B22F36FA-6934-4030-AD97-E2733AC01F34}.Debug|Any CPU.Build.0 = Debug|Any CPU
		{B22F36FA-6934-4030-AD97-E2733AC01F34}.Debug|Mixed Platforms.ActiveCfg = Debug|Any CPU
		{B22F36FA-6934-4030-AD97-E2733AC01F34}.DebugLocal|.NET.ActiveCfg = Debug|Any CPU
		{B22F36FA-6934-4030-AD97-E2733AC01F34}.DebugLocal|Any CPU.ActiveCfg = Debug|Any CPU
		{B22F36FA-6934-4030-AD97-E2733AC01F34}.DebugLocal|Any CPU.Build.0 = Debug|Any CPU
		{B22F36FA-6934-4030-AD97-E2733AC01F34}.DebugLocal|Mixed Platforms.ActiveCfg = Debug|Any CPU
		{B22F36FA-6934-4030-AD97-E2733AC01F34}.DebugLocal|Mixed Platforms.Build.0 = Debug|Any CPU
		{B22F36FA-6934-4030-AD97-E2733AC01F34}.Production|.NET.ActiveCfg = Release|Any CPU
		{B22F36FA-6934-4030-AD97-E2733AC01F34}.Production|Any CPU.ActiveCfg = Release|Any CPU
		{B22F36FA-6934-4030-AD97-E2733AC01F34}.Production|Any CPU.Build.0 = Release|Any CPU
		{B22F36FA-6934-4030-AD97-E2733AC01F34}.Production|Mixed Platforms.ActiveCfg = Release|Any CPU
		{B22F36FA-6934-4030-AD97-E2733AC01F34}.Production|Mixed Platforms.Build.0 = Release|Any CPU
		{B22F36FA-6934-4030-AD97-E2733AC01F34}.Release|.NET.ActiveCfg = Release|Any CPU
		{B22F36FA-6934-4030-AD97-E2733AC01F34}.Release|Any CPU.ActiveCfg = Release|Any CPU
		{B22F36FA-6934-4030-AD97-E2733AC01F34}.Release|Any CPU.Build.0 = Release|Any CPU
		{B22F36FA-6934-4030-AD97-E2733AC01F34}.Release|Mixed Platforms.ActiveCfg = Release|Any CPU
		{B22F36FA-6934-4030-AD97-E2733AC01F34}.Release|Mixed Platforms.Build.0 = Release|Any CPU
		{BA1A6CF2-25FA-4940-87F5-635337469F20}.Debug|.NET.ActiveCfg = Debug|Any CPU
		{BA1A6CF2-25FA-4940-87F5-635337469F20}.Debug|Any CPU.ActiveCfg = Debug|Any CPU
		{BA1A6CF2-25FA-4940-87F5-635337469F20}.Debug|Any CPU.Build.0 = Debug|Any CPU
		{BA1A6CF2-25FA-4940-87F5-635337469F20}.Debug|Mixed Platforms.ActiveCfg = Debug|Any CPU
		{BA1A6CF2-25FA-4940-87F5-635337469F20}.DebugLocal|.NET.ActiveCfg = Debug|Any CPU
		{BA1A6CF2-25FA-4940-87F5-635337469F20}.DebugLocal|Any CPU.ActiveCfg = Debug|Any CPU
		{BA1A6CF2-25FA-4940-87F5-635337469F20}.DebugLocal|Any CPU.Build.0 = Debug|Any CPU
		{BA1A6CF2-25FA-4940-87F5-635337469F20}.DebugLocal|Mixed Platforms.ActiveCfg = Debug|Any CPU
		{BA1A6CF2-25FA-4940-87F5-635337469F20}.DebugLocal|Mixed Platforms.Build.0 = Debug|Any CPU
		{BA1A6CF2-25FA-4940-87F5-635337469F20}.Production|.NET.ActiveCfg = Release|Any CPU
		{BA1A6CF2-25FA-4940-87F5-635337469F20}.Production|Any CPU.ActiveCfg = Release|Any CPU
		{BA1A6CF2-25FA-4940-87F5-635337469F20}.Production|Any CPU.Build.0 = Release|Any CPU
		{BA1A6CF2-25FA-4940-87F5-635337469F20}.Production|Mixed Platforms.ActiveCfg = Release|Any CPU
		{BA1A6CF2-25FA-4940-87F5-635337469F20}.Production|Mixed Platforms.Build.0 = Release|Any CPU
		{BA1A6CF2-25FA-4940-87F5-635337469F20}.Release|.NET.ActiveCfg = Release|Any CPU
		{BA1A6CF2-25FA-4940-87F5-635337469F20}.Release|Any CPU.ActiveCfg = Release|Any CPU
		{BA1A6CF2-25FA-4940-87F5-635337469F20}.Release|Any CPU.Build.0 = Release|Any CPU
		{BA1A6CF2-25FA-4940-87F5-635337469F20}.Release|Mixed Platforms.ActiveCfg = Release|Any CPU
		{BA1A6CF2-25FA-4940-87F5-635337469F20}.Release|Mixed Platforms.Build.0 = Release|Any CPU
		{6A5CA899-A968-4205-8843-F9A18DA8BB5C}.Debug|.NET.ActiveCfg = Debug|Any CPU
		{6A5CA899-A968-4205-8843-F9A18DA8BB5C}.Debug|Any CPU.ActiveCfg = Debug|Any CPU
		{6A5CA899-A968-4205-8843-F9A18DA8BB5C}.Debug|Any CPU.Build.0 = Debug|Any CPU
		{6A5CA899-A968-4205-8843-F9A18DA8BB5C}.Debug|Mixed Platforms.ActiveCfg = Debug|Any CPU
		{6A5CA899-A968-4205-8843-F9A18DA8BB5C}.DebugLocal|.NET.ActiveCfg = Debug|Any CPU
		{6A5CA899-A968-4205-8843-F9A18DA8BB5C}.DebugLocal|Any CPU.ActiveCfg = Debug|Any CPU
		{6A5CA899-A968-4205-8843-F9A18DA8BB5C}.DebugLocal|Any CPU.Build.0 = Debug|Any CPU
		{6A5CA899-A968-4205-8843-F9A18DA8BB5C}.DebugLocal|Mixed Platforms.ActiveCfg = Debug|Any CPU
		{6A5CA899-A968-4205-8843-F9A18DA8BB5C}.DebugLocal|Mixed Platforms.Build.0 = Debug|Any CPU
		{6A5CA899-A968-4205-8843-F9A18DA8BB5C}.Production|.NET.ActiveCfg = Release|Any CPU
		{6A5CA899-A968-4205-8843-F9A18DA8BB5C}.Production|Any CPU.ActiveCfg = Release|Any CPU
		{6A5CA899-A968-4205-8843-F9A18DA8BB5C}.Production|Any CPU.Build.0 = Release|Any CPU
		{6A5CA899-A968-4205-8843-F9A18DA8BB5C}.Production|Mixed Platforms.ActiveCfg = Release|Any CPU
		{6A5CA899-A968-4205-8843-F9A18DA8BB5C}.Production|Mixed Platforms.Build.0 = Release|Any CPU
		{6A5CA899-A968-4205-8843-F9A18DA8BB5C}.Release|.NET.ActiveCfg = Release|Any CPU
		{6A5CA899-A968-4205-8843-F9A18DA8BB5C}.Release|Any CPU.ActiveCfg = Release|Any CPU
		{6A5CA899-A968-4205-8843-F9A18DA8BB5C}.Release|Any CPU.Build.0 = Release|Any CPU
		{6A5CA899-A968-4205-8843-F9A18DA8BB5C}.Release|Mixed Platforms.ActiveCfg = Release|Any CPU
		{6A5CA899-A968-4205-8843-F9A18DA8BB5C}.Release|Mixed Platforms.Build.0 = Release|Any CPU
		{FE78DDEA-EEF8-4E7C-86D9-68F124C650F2}.Debug|.NET.ActiveCfg = Debug|Any CPU
		{FE78DDEA-EEF8-4E7C-86D9-68F124C650F2}.Debug|Any CPU.ActiveCfg = Debug|Any CPU
		{FE78DDEA-EEF8-4E7C-86D9-68F124C650F2}.Debug|Any CPU.Build.0 = Debug|Any CPU
		{FE78DDEA-EEF8-4E7C-86D9-68F124C650F2}.Debug|Mixed Platforms.ActiveCfg = Debug|Any CPU
		{FE78DDEA-EEF8-4E7C-86D9-68F124C650F2}.DebugLocal|.NET.ActiveCfg = Debug|Any CPU
		{FE78DDEA-EEF8-4E7C-86D9-68F124C650F2}.DebugLocal|Any CPU.ActiveCfg = Debug|Any CPU
		{FE78DDEA-EEF8-4E7C-86D9-68F124C650F2}.DebugLocal|Any CPU.Build.0 = Debug|Any CPU
		{FE78DDEA-EEF8-4E7C-86D9-68F124C650F2}.DebugLocal|Mixed Platforms.ActiveCfg = Debug|Any CPU
		{FE78DDEA-EEF8-4E7C-86D9-68F124C650F2}.DebugLocal|Mixed Platforms.Build.0 = Debug|Any CPU
		{FE78DDEA-EEF8-4E7C-86D9-68F124C650F2}.Production|.NET.ActiveCfg = Release|Any CPU
		{FE78DDEA-EEF8-4E7C-86D9-68F124C650F2}.Production|Any CPU.ActiveCfg = Release|Any CPU
		{FE78DDEA-EEF8-4E7C-86D9-68F124C650F2}.Production|Any CPU.Build.0 = Release|Any CPU
		{FE78DDEA-EEF8-4E7C-86D9-68F124C650F2}.Production|Mixed Platforms.ActiveCfg = Release|Any CPU
		{FE78DDEA-EEF8-4E7C-86D9-68F124C650F2}.Production|Mixed Platforms.Build.0 = Release|Any CPU
		{FE78DDEA-EEF8-4E7C-86D9-68F124C650F2}.Release|.NET.ActiveCfg = Release|Any CPU
		{FE78DDEA-EEF8-4E7C-86D9-68F124C650F2}.Release|Any CPU.ActiveCfg = Release|Any CPU
		{FE78DDEA-EEF8-4E7C-86D9-68F124C650F2}.Release|Any CPU.Build.0 = Release|Any CPU
		{FE78DDEA-EEF8-4E7C-86D9-68F124C650F2}.Release|Mixed Platforms.ActiveCfg = Release|Any CPU
		{FE78DDEA-EEF8-4E7C-86D9-68F124C650F2}.Release|Mixed Platforms.Build.0 = Release|Any CPU
		{9602B885-B053-4D48-AD7A-311ED8FD736D}.Debug|.NET.ActiveCfg = Debug|Any CPU
		{9602B885-B053-4D48-AD7A-311ED8FD736D}.Debug|Any CPU.ActiveCfg = Debug|Any CPU
		{9602B885-B053-4D48-AD7A-311ED8FD736D}.Debug|Any CPU.Build.0 = Debug|Any CPU
		{9602B885-B053-4D48-AD7A-311ED8FD736D}.Debug|Mixed Platforms.ActiveCfg = Debug|Any CPU
		{9602B885-B053-4D48-AD7A-311ED8FD736D}.DebugLocal|.NET.ActiveCfg = Debug|Any CPU
		{9602B885-B053-4D48-AD7A-311ED8FD736D}.DebugLocal|Any CPU.ActiveCfg = Debug|Any CPU
		{9602B885-B053-4D48-AD7A-311ED8FD736D}.DebugLocal|Any CPU.Build.0 = Debug|Any CPU
		{9602B885-B053-4D48-AD7A-311ED8FD736D}.DebugLocal|Mixed Platforms.ActiveCfg = Debug|Any CPU
		{9602B885-B053-4D48-AD7A-311ED8FD736D}.DebugLocal|Mixed Platforms.Build.0 = Debug|Any CPU
		{9602B885-B053-4D48-AD7A-311ED8FD736D}.Production|.NET.ActiveCfg = Release|Any CPU
		{9602B885-B053-4D48-AD7A-311ED8FD736D}.Production|Any CPU.ActiveCfg = Release|Any CPU
		{9602B885-B053-4D48-AD7A-311ED8FD736D}.Production|Any CPU.Build.0 = Release|Any CPU
		{9602B885-B053-4D48-AD7A-311ED8FD736D}.Production|Mixed Platforms.ActiveCfg = Release|Any CPU
		{9602B885-B053-4D48-AD7A-311ED8FD736D}.Production|Mixed Platforms.Build.0 = Release|Any CPU
		{9602B885-B053-4D48-AD7A-311ED8FD736D}.Release|.NET.ActiveCfg = Release|Any CPU
		{9602B885-B053-4D48-AD7A-311ED8FD736D}.Release|Any CPU.ActiveCfg = Release|Any CPU
		{9602B885-B053-4D48-AD7A-311ED8FD736D}.Release|Any CPU.Build.0 = Release|Any CPU
		{9602B885-B053-4D48-AD7A-311ED8FD736D}.Release|Mixed Platforms.ActiveCfg = Release|Any CPU
		{9602B885-B053-4D48-AD7A-311ED8FD736D}.Release|Mixed Platforms.Build.0 = Release|Any CPU
		{23CCC929-2B4A-486B-A86D-3A031CF05089}.Debug|.NET.ActiveCfg = Debug|Any CPU
		{23CCC929-2B4A-486B-A86D-3A031CF05089}.Debug|Any CPU.ActiveCfg = Debug|Any CPU
		{23CCC929-2B4A-486B-A86D-3A031CF05089}.Debug|Any CPU.Build.0 = Debug|Any CPU
		{23CCC929-2B4A-486B-A86D-3A031CF05089}.Debug|Mixed Platforms.ActiveCfg = Debug|Any CPU
		{23CCC929-2B4A-486B-A86D-3A031CF05089}.DebugLocal|.NET.ActiveCfg = Debug|Any CPU
		{23CCC929-2B4A-486B-A86D-3A031CF05089}.DebugLocal|Any CPU.ActiveCfg = Debug|Any CPU
		{23CCC929-2B4A-486B-A86D-3A031CF05089}.DebugLocal|Any CPU.Build.0 = Debug|Any CPU
		{23CCC929-2B4A-486B-A86D-3A031CF05089}.DebugLocal|Mixed Platforms.ActiveCfg = Debug|Any CPU
		{23CCC929-2B4A-486B-A86D-3A031CF05089}.DebugLocal|Mixed Platforms.Build.0 = Debug|Any CPU
		{23CCC929-2B4A-486B-A86D-3A031CF05089}.Production|.NET.ActiveCfg = Release|Any CPU
		{23CCC929-2B4A-486B-A86D-3A031CF05089}.Production|Any CPU.ActiveCfg = Release|Any CPU
		{23CCC929-2B4A-486B-A86D-3A031CF05089}.Production|Any CPU.Build.0 = Release|Any CPU
		{23CCC929-2B4A-486B-A86D-3A031CF05089}.Production|Mixed Platforms.ActiveCfg = Release|Any CPU
		{23CCC929-2B4A-486B-A86D-3A031CF05089}.Production|Mixed Platforms.Build.0 = Release|Any CPU
		{23CCC929-2B4A-486B-A86D-3A031CF05089}.Release|.NET.ActiveCfg = Release|Any CPU
		{23CCC929-2B4A-486B-A86D-3A031CF05089}.Release|Any CPU.ActiveCfg = Release|Any CPU
		{23CCC929-2B4A-486B-A86D-3A031CF05089}.Release|Any CPU.Build.0 = Release|Any CPU
		{23CCC929-2B4A-486B-A86D-3A031CF05089}.Release|Mixed Platforms.ActiveCfg = Release|Any CPU
		{23CCC929-2B4A-486B-A86D-3A031CF05089}.Release|Mixed Platforms.Build.0 = Release|Any CPU
		{CE91AFF3-4BF2-4048-969A-DBCE64EE4F19}.Debug|.NET.ActiveCfg = Debug|Any CPU
		{CE91AFF3-4BF2-4048-969A-DBCE64EE4F19}.Debug|Any CPU.ActiveCfg = Debug|Any CPU
		{CE91AFF3-4BF2-4048-969A-DBCE64EE4F19}.Debug|Any CPU.Build.0 = Debug|Any CPU
		{CE91AFF3-4BF2-4048-969A-DBCE64EE4F19}.Debug|Mixed Platforms.ActiveCfg = Debug|Any CPU
		{CE91AFF3-4BF2-4048-969A-DBCE64EE4F19}.DebugLocal|.NET.ActiveCfg = Debug|Any CPU
		{CE91AFF3-4BF2-4048-969A-DBCE64EE4F19}.DebugLocal|Any CPU.ActiveCfg = Debug|Any CPU
		{CE91AFF3-4BF2-4048-969A-DBCE64EE4F19}.DebugLocal|Any CPU.Build.0 = Debug|Any CPU
		{CE91AFF3-4BF2-4048-969A-DBCE64EE4F19}.DebugLocal|Mixed Platforms.ActiveCfg = Debug|Any CPU
		{CE91AFF3-4BF2-4048-969A-DBCE64EE4F19}.DebugLocal|Mixed Platforms.Build.0 = Debug|Any CPU
		{CE91AFF3-4BF2-4048-969A-DBCE64EE4F19}.Production|.NET.ActiveCfg = Release|Any CPU
		{CE91AFF3-4BF2-4048-969A-DBCE64EE4F19}.Production|Any CPU.ActiveCfg = Release|Any CPU
		{CE91AFF3-4BF2-4048-969A-DBCE64EE4F19}.Production|Any CPU.Build.0 = Release|Any CPU
		{CE91AFF3-4BF2-4048-969A-DBCE64EE4F19}.Production|Mixed Platforms.ActiveCfg = Release|Any CPU
		{CE91AFF3-4BF2-4048-969A-DBCE64EE4F19}.Production|Mixed Platforms.Build.0 = Release|Any CPU
		{CE91AFF3-4BF2-4048-969A-DBCE64EE4F19}.Release|.NET.ActiveCfg = Release|Any CPU
		{CE91AFF3-4BF2-4048-969A-DBCE64EE4F19}.Release|Any CPU.ActiveCfg = Release|Any CPU
		{CE91AFF3-4BF2-4048-969A-DBCE64EE4F19}.Release|Any CPU.Build.0 = Release|Any CPU
		{CE91AFF3-4BF2-4048-969A-DBCE64EE4F19}.Release|Mixed Platforms.ActiveCfg = Release|Any CPU
		{CE91AFF3-4BF2-4048-969A-DBCE64EE4F19}.Release|Mixed Platforms.Build.0 = Release|Any CPU
		{928EBB51-0530-4E89-BF66-A7EDC3BAB83E}.Debug|.NET.ActiveCfg = Debug|Any CPU
		{928EBB51-0530-4E89-BF66-A7EDC3BAB83E}.Debug|Any CPU.ActiveCfg = Debug|Any CPU
		{928EBB51-0530-4E89-BF66-A7EDC3BAB83E}.Debug|Any CPU.Build.0 = Debug|Any CPU
		{928EBB51-0530-4E89-BF66-A7EDC3BAB83E}.Debug|Mixed Platforms.ActiveCfg = Debug|Any CPU
		{928EBB51-0530-4E89-BF66-A7EDC3BAB83E}.DebugLocal|.NET.ActiveCfg = Debug|Any CPU
		{928EBB51-0530-4E89-BF66-A7EDC3BAB83E}.DebugLocal|Any CPU.ActiveCfg = Debug|Any CPU
		{928EBB51-0530-4E89-BF66-A7EDC3BAB83E}.DebugLocal|Any CPU.Build.0 = Debug|Any CPU
		{928EBB51-0530-4E89-BF66-A7EDC3BAB83E}.DebugLocal|Mixed Platforms.ActiveCfg = Debug|Any CPU
		{928EBB51-0530-4E89-BF66-A7EDC3BAB83E}.DebugLocal|Mixed Platforms.Build.0 = Debug|Any CPU
		{928EBB51-0530-4E89-BF66-A7EDC3BAB83E}.Production|.NET.ActiveCfg = Release|Any CPU
		{928EBB51-0530-4E89-BF66-A7EDC3BAB83E}.Production|Any CPU.ActiveCfg = Release|Any CPU
		{928EBB51-0530-4E89-BF66-A7EDC3BAB83E}.Production|Any CPU.Build.0 = Release|Any CPU
		{928EBB51-0530-4E89-BF66-A7EDC3BAB83E}.Production|Mixed Platforms.ActiveCfg = Release|Any CPU
		{928EBB51-0530-4E89-BF66-A7EDC3BAB83E}.Production|Mixed Platforms.Build.0 = Release|Any CPU
		{928EBB51-0530-4E89-BF66-A7EDC3BAB83E}.Release|.NET.ActiveCfg = Release|Any CPU
		{928EBB51-0530-4E89-BF66-A7EDC3BAB83E}.Release|Any CPU.ActiveCfg = Release|Any CPU
		{928EBB51-0530-4E89-BF66-A7EDC3BAB83E}.Release|Any CPU.Build.0 = Release|Any CPU
		{928EBB51-0530-4E89-BF66-A7EDC3BAB83E}.Release|Mixed Platforms.ActiveCfg = Release|Any CPU
		{928EBB51-0530-4E89-BF66-A7EDC3BAB83E}.Release|Mixed Platforms.Build.0 = Release|Any CPU
		{3C006735-E620-418B-BD1C-4A152217061A}.Debug|.NET.ActiveCfg = Debug|Any CPU
		{3C006735-E620-418B-BD1C-4A152217061A}.Debug|Any CPU.ActiveCfg = Debug|Any CPU
		{3C006735-E620-418B-BD1C-4A152217061A}.Debug|Any CPU.Build.0 = Debug|Any CPU
		{3C006735-E620-418B-BD1C-4A152217061A}.Debug|Mixed Platforms.ActiveCfg = Debug|Any CPU
		{3C006735-E620-418B-BD1C-4A152217061A}.DebugLocal|.NET.ActiveCfg = Debug|Any CPU
		{3C006735-E620-418B-BD1C-4A152217061A}.DebugLocal|Any CPU.ActiveCfg = Debug|Any CPU
		{3C006735-E620-418B-BD1C-4A152217061A}.DebugLocal|Any CPU.Build.0 = Debug|Any CPU
		{3C006735-E620-418B-BD1C-4A152217061A}.DebugLocal|Mixed Platforms.ActiveCfg = Debug|Any CPU
		{3C006735-E620-418B-BD1C-4A152217061A}.DebugLocal|Mixed Platforms.Build.0 = Debug|Any CPU
		{3C006735-E620-418B-BD1C-4A152217061A}.Production|.NET.ActiveCfg = Release|Any CPU
		{3C006735-E620-418B-BD1C-4A152217061A}.Production|Any CPU.ActiveCfg = Release|Any CPU
		{3C006735-E620-418B-BD1C-4A152217061A}.Production|Any CPU.Build.0 = Release|Any CPU
		{3C006735-E620-418B-BD1C-4A152217061A}.Production|Mixed Platforms.ActiveCfg = Release|Any CPU
		{3C006735-E620-418B-BD1C-4A152217061A}.Production|Mixed Platforms.Build.0 = Release|Any CPU
		{3C006735-E620-418B-BD1C-4A152217061A}.Release|.NET.ActiveCfg = Release|Any CPU
		{3C006735-E620-418B-BD1C-4A152217061A}.Release|Any CPU.ActiveCfg = Release|Any CPU
		{3C006735-E620-418B-BD1C-4A152217061A}.Release|Any CPU.Build.0 = Release|Any CPU
		{3C006735-E620-418B-BD1C-4A152217061A}.Release|Mixed Platforms.ActiveCfg = Release|Any CPU
		{3C006735-E620-418B-BD1C-4A152217061A}.Release|Mixed Platforms.Build.0 = Release|Any CPU
		{C7275302-9BCA-4BFC-B14A-12EB5C3566CF}.Debug|.NET.ActiveCfg = Debug|.NET
		{C7275302-9BCA-4BFC-B14A-12EB5C3566CF}.Debug|.NET.Build.0 = Debug|.NET
		{C7275302-9BCA-4BFC-B14A-12EB5C3566CF}.Debug|Any CPU.ActiveCfg = Debug|.NET
		{C7275302-9BCA-4BFC-B14A-12EB5C3566CF}.Debug|Mixed Platforms.ActiveCfg = Debug|.NET
		{C7275302-9BCA-4BFC-B14A-12EB5C3566CF}.DebugLocal|.NET.ActiveCfg = Debug|.NET
		{C7275302-9BCA-4BFC-B14A-12EB5C3566CF}.DebugLocal|.NET.Build.0 = Debug|.NET
		{C7275302-9BCA-4BFC-B14A-12EB5C3566CF}.DebugLocal|Any CPU.ActiveCfg = Debug|.NET
		{C7275302-9BCA-4BFC-B14A-12EB5C3566CF}.DebugLocal|Mixed Platforms.ActiveCfg = Debug|.NET
		{C7275302-9BCA-4BFC-B14A-12EB5C3566CF}.DebugLocal|Mixed Platforms.Build.0 = Debug|.NET
		{C7275302-9BCA-4BFC-B14A-12EB5C3566CF}.Production|.NET.ActiveCfg = Debug|.NET
		{C7275302-9BCA-4BFC-B14A-12EB5C3566CF}.Production|.NET.Build.0 = Debug|.NET
		{C7275302-9BCA-4BFC-B14A-12EB5C3566CF}.Production|Any CPU.ActiveCfg = Debug|.NET
		{C7275302-9BCA-4BFC-B14A-12EB5C3566CF}.Production|Mixed Platforms.ActiveCfg = Debug|.NET
		{C7275302-9BCA-4BFC-B14A-12EB5C3566CF}.Production|Mixed Platforms.Build.0 = Debug|.NET
		{C7275302-9BCA-4BFC-B14A-12EB5C3566CF}.Release|.NET.ActiveCfg = Debug|.NET
		{C7275302-9BCA-4BFC-B14A-12EB5C3566CF}.Release|.NET.Build.0 = Debug|.NET
		{C7275302-9BCA-4BFC-B14A-12EB5C3566CF}.Release|Any CPU.ActiveCfg = Debug|.NET
		{C7275302-9BCA-4BFC-B14A-12EB5C3566CF}.Release|Mixed Platforms.ActiveCfg = Debug|.NET
		{C7275302-9BCA-4BFC-B14A-12EB5C3566CF}.Release|Mixed Platforms.Build.0 = Debug|.NET
		{A712F38E-70E7-40B1-94AB-DFE2906C3F84}.Debug|.NET.ActiveCfg = Debug|Any CPU
		{A712F38E-70E7-40B1-94AB-DFE2906C3F84}.Debug|Any CPU.ActiveCfg = Debug|Any CPU
		{A712F38E-70E7-40B1-94AB-DFE2906C3F84}.Debug|Any CPU.Build.0 = Debug|Any CPU
		{A712F38E-70E7-40B1-94AB-DFE2906C3F84}.Debug|Mixed Platforms.ActiveCfg = Debug|Any CPU
		{A712F38E-70E7-40B1-94AB-DFE2906C3F84}.DebugLocal|.NET.ActiveCfg = Debug|Any CPU
		{A712F38E-70E7-40B1-94AB-DFE2906C3F84}.DebugLocal|Any CPU.ActiveCfg = Debug|Any CPU
		{A712F38E-70E7-40B1-94AB-DFE2906C3F84}.DebugLocal|Any CPU.Build.0 = Debug|Any CPU
		{A712F38E-70E7-40B1-94AB-DFE2906C3F84}.DebugLocal|Mixed Platforms.ActiveCfg = Debug|Any CPU
		{A712F38E-70E7-40B1-94AB-DFE2906C3F84}.DebugLocal|Mixed Platforms.Build.0 = Debug|Any CPU
		{A712F38E-70E7-40B1-94AB-DFE2906C3F84}.Production|.NET.ActiveCfg = Release|Any CPU
		{A712F38E-70E7-40B1-94AB-DFE2906C3F84}.Production|Any CPU.ActiveCfg = Release|Any CPU
		{A712F38E-70E7-40B1-94AB-DFE2906C3F84}.Production|Any CPU.Build.0 = Release|Any CPU
		{A712F38E-70E7-40B1-94AB-DFE2906C3F84}.Production|Mixed Platforms.ActiveCfg = Release|Any CPU
		{A712F38E-70E7-40B1-94AB-DFE2906C3F84}.Production|Mixed Platforms.Build.0 = Release|Any CPU
		{A712F38E-70E7-40B1-94AB-DFE2906C3F84}.Release|.NET.ActiveCfg = Release|Any CPU
		{A712F38E-70E7-40B1-94AB-DFE2906C3F84}.Release|Any CPU.ActiveCfg = Release|Any CPU
		{A712F38E-70E7-40B1-94AB-DFE2906C3F84}.Release|Any CPU.Build.0 = Release|Any CPU
		{A712F38E-70E7-40B1-94AB-DFE2906C3F84}.Release|Mixed Platforms.ActiveCfg = Release|Any CPU
		{A712F38E-70E7-40B1-94AB-DFE2906C3F84}.Release|Mixed Platforms.Build.0 = Release|Any CPU
		{163F5563-4D41-4C34-9EF1-99A3ECF40CEF}.Debug|.NET.ActiveCfg = Debug|Any CPU
		{163F5563-4D41-4C34-9EF1-99A3ECF40CEF}.Debug|Any CPU.ActiveCfg = Debug|Any CPU
		{163F5563-4D41-4C34-9EF1-99A3ECF40CEF}.Debug|Any CPU.Build.0 = Debug|Any CPU
		{163F5563-4D41-4C34-9EF1-99A3ECF40CEF}.Debug|Mixed Platforms.ActiveCfg = Debug|Any CPU
		{163F5563-4D41-4C34-9EF1-99A3ECF40CEF}.DebugLocal|.NET.ActiveCfg = Debug|Any CPU
		{163F5563-4D41-4C34-9EF1-99A3ECF40CEF}.DebugLocal|Any CPU.ActiveCfg = Debug|Any CPU
		{163F5563-4D41-4C34-9EF1-99A3ECF40CEF}.DebugLocal|Any CPU.Build.0 = Debug|Any CPU
		{163F5563-4D41-4C34-9EF1-99A3ECF40CEF}.DebugLocal|Mixed Platforms.ActiveCfg = Debug|Any CPU
		{163F5563-4D41-4C34-9EF1-99A3ECF40CEF}.DebugLocal|Mixed Platforms.Build.0 = Debug|Any CPU
		{163F5563-4D41-4C34-9EF1-99A3ECF40CEF}.Production|.NET.ActiveCfg = Release|Any CPU
		{163F5563-4D41-4C34-9EF1-99A3ECF40CEF}.Production|Any CPU.ActiveCfg = Release|Any CPU
		{163F5563-4D41-4C34-9EF1-99A3ECF40CEF}.Production|Any CPU.Build.0 = Release|Any CPU
		{163F5563-4D41-4C34-9EF1-99A3ECF40CEF}.Production|Mixed Platforms.ActiveCfg = Release|Any CPU
		{163F5563-4D41-4C34-9EF1-99A3ECF40CEF}.Production|Mixed Platforms.Build.0 = Release|Any CPU
		{163F5563-4D41-4C34-9EF1-99A3ECF40CEF}.Release|.NET.ActiveCfg = Release|Any CPU
		{163F5563-4D41-4C34-9EF1-99A3ECF40CEF}.Release|Any CPU.ActiveCfg = Release|Any CPU
		{163F5563-4D41-4C34-9EF1-99A3ECF40CEF}.Release|Any CPU.Build.0 = Release|Any CPU
		{163F5563-4D41-4C34-9EF1-99A3ECF40CEF}.Release|Mixed Platforms.ActiveCfg = Release|Any CPU
		{163F5563-4D41-4C34-9EF1-99A3ECF40CEF}.Release|Mixed Platforms.Build.0 = Release|Any CPU
		{E4F1F1B6-9F96-43FD-977C-DDFF51051A91}.Debug|.NET.ActiveCfg = Debug|.NET
		{E4F1F1B6-9F96-43FD-977C-DDFF51051A91}.Debug|.NET.Build.0 = Debug|.NET
		{E4F1F1B6-9F96-43FD-977C-DDFF51051A91}.Debug|Any CPU.ActiveCfg = Debug|.NET
		{E4F1F1B6-9F96-43FD-977C-DDFF51051A91}.Debug|Mixed Platforms.ActiveCfg = Debug|.NET
		{E4F1F1B6-9F96-43FD-977C-DDFF51051A91}.DebugLocal|.NET.ActiveCfg = Debug|.NET
		{E4F1F1B6-9F96-43FD-977C-DDFF51051A91}.DebugLocal|.NET.Build.0 = Debug|.NET
		{E4F1F1B6-9F96-43FD-977C-DDFF51051A91}.DebugLocal|Any CPU.ActiveCfg = Debug|.NET
		{E4F1F1B6-9F96-43FD-977C-DDFF51051A91}.DebugLocal|Mixed Platforms.ActiveCfg = Debug|.NET
		{E4F1F1B6-9F96-43FD-977C-DDFF51051A91}.DebugLocal|Mixed Platforms.Build.0 = Debug|.NET
		{E4F1F1B6-9F96-43FD-977C-DDFF51051A91}.Production|.NET.ActiveCfg = Debug|.NET
		{E4F1F1B6-9F96-43FD-977C-DDFF51051A91}.Production|.NET.Build.0 = Debug|.NET
		{E4F1F1B6-9F96-43FD-977C-DDFF51051A91}.Production|Any CPU.ActiveCfg = Debug|.NET
		{E4F1F1B6-9F96-43FD-977C-DDFF51051A91}.Production|Mixed Platforms.ActiveCfg = Debug|.NET
		{E4F1F1B6-9F96-43FD-977C-DDFF51051A91}.Production|Mixed Platforms.Build.0 = Debug|.NET
		{E4F1F1B6-9F96-43FD-977C-DDFF51051A91}.Release|.NET.ActiveCfg = Debug|.NET
		{E4F1F1B6-9F96-43FD-977C-DDFF51051A91}.Release|.NET.Build.0 = Debug|.NET
		{E4F1F1B6-9F96-43FD-977C-DDFF51051A91}.Release|Any CPU.ActiveCfg = Debug|.NET
		{E4F1F1B6-9F96-43FD-977C-DDFF51051A91}.Release|Mixed Platforms.ActiveCfg = Debug|.NET
		{E4F1F1B6-9F96-43FD-977C-DDFF51051A91}.Release|Mixed Platforms.Build.0 = Debug|.NET
		{F43D94AB-3FBB-4E55-A48E-2D06E62CAE99}.Debug|.NET.ActiveCfg = Debug|Any CPU
		{F43D94AB-3FBB-4E55-A48E-2D06E62CAE99}.Debug|Any CPU.ActiveCfg = Debug|Any CPU
		{F43D94AB-3FBB-4E55-A48E-2D06E62CAE99}.Debug|Any CPU.Build.0 = Debug|Any CPU
		{F43D94AB-3FBB-4E55-A48E-2D06E62CAE99}.Debug|Mixed Platforms.ActiveCfg = Debug|Any CPU
		{F43D94AB-3FBB-4E55-A48E-2D06E62CAE99}.Debug|Mixed Platforms.Build.0 = Debug|Any CPU
		{F43D94AB-3FBB-4E55-A48E-2D06E62CAE99}.DebugLocal|.NET.ActiveCfg = Debug|Any CPU
		{F43D94AB-3FBB-4E55-A48E-2D06E62CAE99}.DebugLocal|Any CPU.ActiveCfg = Debug|Any CPU
		{F43D94AB-3FBB-4E55-A48E-2D06E62CAE99}.DebugLocal|Any CPU.Build.0 = Debug|Any CPU
		{F43D94AB-3FBB-4E55-A48E-2D06E62CAE99}.DebugLocal|Mixed Platforms.ActiveCfg = Debug|Any CPU
		{F43D94AB-3FBB-4E55-A48E-2D06E62CAE99}.DebugLocal|Mixed Platforms.Build.0 = Debug|Any CPU
		{F43D94AB-3FBB-4E55-A48E-2D06E62CAE99}.Production|.NET.ActiveCfg = Release|Any CPU
		{F43D94AB-3FBB-4E55-A48E-2D06E62CAE99}.Production|Any CPU.ActiveCfg = Release|Any CPU
		{F43D94AB-3FBB-4E55-A48E-2D06E62CAE99}.Production|Any CPU.Build.0 = Release|Any CPU
		{F43D94AB-3FBB-4E55-A48E-2D06E62CAE99}.Production|Mixed Platforms.ActiveCfg = Release|Any CPU
		{F43D94AB-3FBB-4E55-A48E-2D06E62CAE99}.Production|Mixed Platforms.Build.0 = Release|Any CPU
		{F43D94AB-3FBB-4E55-A48E-2D06E62CAE99}.Release|.NET.ActiveCfg = Release|Any CPU
		{F43D94AB-3FBB-4E55-A48E-2D06E62CAE99}.Release|Any CPU.ActiveCfg = Release|Any CPU
		{F43D94AB-3FBB-4E55-A48E-2D06E62CAE99}.Release|Any CPU.Build.0 = Release|Any CPU
		{F43D94AB-3FBB-4E55-A48E-2D06E62CAE99}.Release|Mixed Platforms.ActiveCfg = Release|Any CPU
		{F43D94AB-3FBB-4E55-A48E-2D06E62CAE99}.Release|Mixed Platforms.Build.0 = Release|Any CPU
		{920EA03B-53BE-4089-8A3D-B43C1D3A8A26}.Debug|.NET.ActiveCfg = Debug|Any CPU
		{920EA03B-53BE-4089-8A3D-B43C1D3A8A26}.Debug|Any CPU.ActiveCfg = Debug|Any CPU
		{920EA03B-53BE-4089-8A3D-B43C1D3A8A26}.Debug|Any CPU.Build.0 = Debug|Any CPU
		{920EA03B-53BE-4089-8A3D-B43C1D3A8A26}.Debug|Mixed Platforms.ActiveCfg = Debug|Any CPU
		{920EA03B-53BE-4089-8A3D-B43C1D3A8A26}.Debug|Mixed Platforms.Build.0 = Debug|Any CPU
		{920EA03B-53BE-4089-8A3D-B43C1D3A8A26}.DebugLocal|.NET.ActiveCfg = Debug|Any CPU
		{920EA03B-53BE-4089-8A3D-B43C1D3A8A26}.DebugLocal|Any CPU.ActiveCfg = Debug|Any CPU
		{920EA03B-53BE-4089-8A3D-B43C1D3A8A26}.DebugLocal|Any CPU.Build.0 = Debug|Any CPU
		{920EA03B-53BE-4089-8A3D-B43C1D3A8A26}.DebugLocal|Mixed Platforms.ActiveCfg = Debug|Any CPU
		{920EA03B-53BE-4089-8A3D-B43C1D3A8A26}.DebugLocal|Mixed Platforms.Build.0 = Debug|Any CPU
		{920EA03B-53BE-4089-8A3D-B43C1D3A8A26}.Production|.NET.ActiveCfg = Release|Any CPU
		{920EA03B-53BE-4089-8A3D-B43C1D3A8A26}.Production|Any CPU.ActiveCfg = Release|Any CPU
		{920EA03B-53BE-4089-8A3D-B43C1D3A8A26}.Production|Any CPU.Build.0 = Release|Any CPU
		{920EA03B-53BE-4089-8A3D-B43C1D3A8A26}.Production|Mixed Platforms.ActiveCfg = Release|Any CPU
		{920EA03B-53BE-4089-8A3D-B43C1D3A8A26}.Production|Mixed Platforms.Build.0 = Release|Any CPU
		{920EA03B-53BE-4089-8A3D-B43C1D3A8A26}.Release|.NET.ActiveCfg = Release|Any CPU
		{920EA03B-53BE-4089-8A3D-B43C1D3A8A26}.Release|Any CPU.ActiveCfg = Release|Any CPU
		{920EA03B-53BE-4089-8A3D-B43C1D3A8A26}.Release|Any CPU.Build.0 = Release|Any CPU
		{920EA03B-53BE-4089-8A3D-B43C1D3A8A26}.Release|Mixed Platforms.ActiveCfg = Release|Any CPU
		{920EA03B-53BE-4089-8A3D-B43C1D3A8A26}.Release|Mixed Platforms.Build.0 = Release|Any CPU
		{B8990F6E-0570-45BA-95B5-125CD972AF1C}.Debug|.NET.ActiveCfg = Debug|Any CPU
		{B8990F6E-0570-45BA-95B5-125CD972AF1C}.Debug|Any CPU.ActiveCfg = Debug|Any CPU
		{B8990F6E-0570-45BA-95B5-125CD972AF1C}.Debug|Any CPU.Build.0 = Debug|Any CPU
		{B8990F6E-0570-45BA-95B5-125CD972AF1C}.Debug|Mixed Platforms.ActiveCfg = Debug|Any CPU
		{B8990F6E-0570-45BA-95B5-125CD972AF1C}.Debug|Mixed Platforms.Build.0 = Debug|Any CPU
		{B8990F6E-0570-45BA-95B5-125CD972AF1C}.DebugLocal|.NET.ActiveCfg = Debug|Any CPU
		{B8990F6E-0570-45BA-95B5-125CD972AF1C}.DebugLocal|Any CPU.ActiveCfg = Debug|Any CPU
		{B8990F6E-0570-45BA-95B5-125CD972AF1C}.DebugLocal|Any CPU.Build.0 = Debug|Any CPU
		{B8990F6E-0570-45BA-95B5-125CD972AF1C}.DebugLocal|Mixed Platforms.ActiveCfg = Debug|Any CPU
		{B8990F6E-0570-45BA-95B5-125CD972AF1C}.DebugLocal|Mixed Platforms.Build.0 = Debug|Any CPU
		{B8990F6E-0570-45BA-95B5-125CD972AF1C}.Production|.NET.ActiveCfg = Release|Any CPU
		{B8990F6E-0570-45BA-95B5-125CD972AF1C}.Production|Any CPU.ActiveCfg = Release|Any CPU
		{B8990F6E-0570-45BA-95B5-125CD972AF1C}.Production|Any CPU.Build.0 = Release|Any CPU
		{B8990F6E-0570-45BA-95B5-125CD972AF1C}.Production|Mixed Platforms.ActiveCfg = Release|Any CPU
		{B8990F6E-0570-45BA-95B5-125CD972AF1C}.Production|Mixed Platforms.Build.0 = Release|Any CPU
		{B8990F6E-0570-45BA-95B5-125CD972AF1C}.Release|.NET.ActiveCfg = Release|Any CPU
		{B8990F6E-0570-45BA-95B5-125CD972AF1C}.Release|Any CPU.ActiveCfg = Release|Any CPU
		{B8990F6E-0570-45BA-95B5-125CD972AF1C}.Release|Any CPU.Build.0 = Release|Any CPU
		{B8990F6E-0570-45BA-95B5-125CD972AF1C}.Release|Mixed Platforms.ActiveCfg = Release|Any CPU
		{B8990F6E-0570-45BA-95B5-125CD972AF1C}.Release|Mixed Platforms.Build.0 = Release|Any CPU
		{2A1758BB-535D-454D-8A71-5157744A8361}.Debug|.NET.ActiveCfg = Debug|Any CPU
		{2A1758BB-535D-454D-8A71-5157744A8361}.Debug|Any CPU.ActiveCfg = Debug|Any CPU
		{2A1758BB-535D-454D-8A71-5157744A8361}.Debug|Any CPU.Build.0 = Debug|Any CPU
		{2A1758BB-535D-454D-8A71-5157744A8361}.Debug|Mixed Platforms.ActiveCfg = Debug|Any CPU
		{2A1758BB-535D-454D-8A71-5157744A8361}.Debug|Mixed Platforms.Build.0 = Debug|Any CPU
		{2A1758BB-535D-454D-8A71-5157744A8361}.DebugLocal|.NET.ActiveCfg = Debug|Any CPU
		{2A1758BB-535D-454D-8A71-5157744A8361}.DebugLocal|Any CPU.ActiveCfg = Debug|Any CPU
		{2A1758BB-535D-454D-8A71-5157744A8361}.DebugLocal|Any CPU.Build.0 = Debug|Any CPU
		{2A1758BB-535D-454D-8A71-5157744A8361}.DebugLocal|Mixed Platforms.ActiveCfg = Debug|Any CPU
		{2A1758BB-535D-454D-8A71-5157744A8361}.DebugLocal|Mixed Platforms.Build.0 = Debug|Any CPU
		{2A1758BB-535D-454D-8A71-5157744A8361}.Production|.NET.ActiveCfg = Release|Any CPU
		{2A1758BB-535D-454D-8A71-5157744A8361}.Production|Any CPU.ActiveCfg = Release|Any CPU
		{2A1758BB-535D-454D-8A71-5157744A8361}.Production|Any CPU.Build.0 = Release|Any CPU
		{2A1758BB-535D-454D-8A71-5157744A8361}.Production|Mixed Platforms.ActiveCfg = Release|Any CPU
		{2A1758BB-535D-454D-8A71-5157744A8361}.Production|Mixed Platforms.Build.0 = Release|Any CPU
		{2A1758BB-535D-454D-8A71-5157744A8361}.Release|.NET.ActiveCfg = Release|Any CPU
		{2A1758BB-535D-454D-8A71-5157744A8361}.Release|Any CPU.ActiveCfg = Release|Any CPU
		{2A1758BB-535D-454D-8A71-5157744A8361}.Release|Any CPU.Build.0 = Release|Any CPU
		{2A1758BB-535D-454D-8A71-5157744A8361}.Release|Mixed Platforms.ActiveCfg = Release|Any CPU
		{2A1758BB-535D-454D-8A71-5157744A8361}.Release|Mixed Platforms.Build.0 = Release|Any CPU
		{3B38826D-7C96-4A10-A174-A29A3793D6B3}.Debug|.NET.ActiveCfg = Debug|Any CPU
		{3B38826D-7C96-4A10-A174-A29A3793D6B3}.Debug|Any CPU.ActiveCfg = Debug|Any CPU
		{3B38826D-7C96-4A10-A174-A29A3793D6B3}.Debug|Any CPU.Build.0 = Debug|Any CPU
		{3B38826D-7C96-4A10-A174-A29A3793D6B3}.Debug|Mixed Platforms.ActiveCfg = Debug|Any CPU
		{3B38826D-7C96-4A10-A174-A29A3793D6B3}.Debug|Mixed Platforms.Build.0 = Debug|Any CPU
		{3B38826D-7C96-4A10-A174-A29A3793D6B3}.DebugLocal|.NET.ActiveCfg = Debug|Any CPU
		{3B38826D-7C96-4A10-A174-A29A3793D6B3}.DebugLocal|Any CPU.ActiveCfg = Debug|Any CPU
		{3B38826D-7C96-4A10-A174-A29A3793D6B3}.DebugLocal|Any CPU.Build.0 = Debug|Any CPU
		{3B38826D-7C96-4A10-A174-A29A3793D6B3}.DebugLocal|Mixed Platforms.ActiveCfg = Debug|Any CPU
		{3B38826D-7C96-4A10-A174-A29A3793D6B3}.DebugLocal|Mixed Platforms.Build.0 = Debug|Any CPU
		{3B38826D-7C96-4A10-A174-A29A3793D6B3}.Production|.NET.ActiveCfg = Release|Any CPU
		{3B38826D-7C96-4A10-A174-A29A3793D6B3}.Production|Any CPU.ActiveCfg = Release|Any CPU
		{3B38826D-7C96-4A10-A174-A29A3793D6B3}.Production|Any CPU.Build.0 = Release|Any CPU
		{3B38826D-7C96-4A10-A174-A29A3793D6B3}.Production|Mixed Platforms.ActiveCfg = Release|Any CPU
		{3B38826D-7C96-4A10-A174-A29A3793D6B3}.Production|Mixed Platforms.Build.0 = Release|Any CPU
		{3B38826D-7C96-4A10-A174-A29A3793D6B3}.Release|.NET.ActiveCfg = Release|Any CPU
		{3B38826D-7C96-4A10-A174-A29A3793D6B3}.Release|Any CPU.ActiveCfg = Release|Any CPU
		{3B38826D-7C96-4A10-A174-A29A3793D6B3}.Release|Any CPU.Build.0 = Release|Any CPU
		{3B38826D-7C96-4A10-A174-A29A3793D6B3}.Release|Mixed Platforms.ActiveCfg = Release|Any CPU
		{3B38826D-7C96-4A10-A174-A29A3793D6B3}.Release|Mixed Platforms.Build.0 = Release|Any CPU
		{756F2D93-78E6-448F-A71F-9987CBFF802C}.Debug|.NET.ActiveCfg = Debug|Any CPU
		{756F2D93-78E6-448F-A71F-9987CBFF802C}.Debug|Any CPU.ActiveCfg = Debug|Any CPU
		{756F2D93-78E6-448F-A71F-9987CBFF802C}.Debug|Any CPU.Build.0 = Debug|Any CPU
		{756F2D93-78E6-448F-A71F-9987CBFF802C}.Debug|Mixed Platforms.ActiveCfg = Debug|Any CPU
		{756F2D93-78E6-448F-A71F-9987CBFF802C}.Debug|Mixed Platforms.Build.0 = Debug|Any CPU
		{756F2D93-78E6-448F-A71F-9987CBFF802C}.DebugLocal|.NET.ActiveCfg = Debug|Any CPU
		{756F2D93-78E6-448F-A71F-9987CBFF802C}.DebugLocal|Any CPU.ActiveCfg = Debug|Any CPU
		{756F2D93-78E6-448F-A71F-9987CBFF802C}.DebugLocal|Any CPU.Build.0 = Debug|Any CPU
		{756F2D93-78E6-448F-A71F-9987CBFF802C}.DebugLocal|Mixed Platforms.ActiveCfg = Debug|Any CPU
		{756F2D93-78E6-448F-A71F-9987CBFF802C}.DebugLocal|Mixed Platforms.Build.0 = Debug|Any CPU
		{756F2D93-78E6-448F-A71F-9987CBFF802C}.Production|.NET.ActiveCfg = Release|Any CPU
		{756F2D93-78E6-448F-A71F-9987CBFF802C}.Production|Any CPU.ActiveCfg = Release|Any CPU
		{756F2D93-78E6-448F-A71F-9987CBFF802C}.Production|Any CPU.Build.0 = Release|Any CPU
		{756F2D93-78E6-448F-A71F-9987CBFF802C}.Production|Mixed Platforms.ActiveCfg = Release|Any CPU
		{756F2D93-78E6-448F-A71F-9987CBFF802C}.Production|Mixed Platforms.Build.0 = Release|Any CPU
		{756F2D93-78E6-448F-A71F-9987CBFF802C}.Release|.NET.ActiveCfg = Release|Any CPU
		{756F2D93-78E6-448F-A71F-9987CBFF802C}.Release|Any CPU.ActiveCfg = Release|Any CPU
		{756F2D93-78E6-448F-A71F-9987CBFF802C}.Release|Any CPU.Build.0 = Release|Any CPU
		{756F2D93-78E6-448F-A71F-9987CBFF802C}.Release|Mixed Platforms.ActiveCfg = Release|Any CPU
		{756F2D93-78E6-448F-A71F-9987CBFF802C}.Release|Mixed Platforms.Build.0 = Release|Any CPU
	EndGlobalSection
	GlobalSection(SolutionProperties) = preSolution
		HideSolutionNode = FALSE
	EndGlobalSection
EndGlobal
