
Microsoft Visual Studio Solution File, Format Version 12.00
# Visual Studio Version 16
VisualStudioVersion = 16.0.30611.23
MinimumVisualStudioVersion = 10.0.40219.1
Project("{FAE04EC0-301F-11D3-BF4B-00C04F79EFBC}") = "GA.BDC.Web.Custcare", "GA\BDC\Web\Custcare\GA.BDC.Web.Custcare.csproj", "{8F509D6D-BB9F-41C1-B10E-AAD73FF08B53}"
EndProject
Project("{2150E333-8FDC-42A3-9474-1A3956D46DE8}") = "GA.BDC.Data", "GA.BDC.Data", "{31A2B6D5-F74A-41F9-AA32-7B633B57CED6}"
EndProject
Project("{FAE04EC0-301F-11D3-BF4B-00C04F79EFBC}") = "GA.BDC.Data.MGP", "GA\BDC\Data\MGP\GA.BDC.Data.MGP.csproj", "{6ADB716D-B34C-4D7A-9393-E30347F06A79}"
EndProject
Project("{FAE04EC0-301F-11D3-BF4B-00C04F79EFBC}") = "GA.BDC.Shared", "GA\BDC\Shared\GA.BDC.Shared.csproj", "{E284CAB1-4979-40D7-BB94-4238F1D487A7}"
EndProject
Global
	GlobalSection(SolutionConfigurationPlatforms) = preSolution
		Debug|Any CPU = Debug|Any CPU
		DEV|Any CPU = DEV|Any CPU
		PROD|Any CPU = PROD|Any CPU
		Release|Any CPU = Release|Any CPU
		TEST|Any CPU = TEST|Any CPU
	EndGlobalSection
	GlobalSection(ProjectConfigurationPlatforms) = postSolution
		{8F509D6D-BB9F-41C1-B10E-AAD73FF08B53}.Debug|Any CPU.ActiveCfg = DEV|Any CPU
		{8F509D6D-BB9F-41C1-B10E-AAD73FF08B53}.Debug|Any CPU.Build.0 = DEV|Any CPU
		{8F509D6D-BB9F-41C1-B10E-AAD73FF08B53}.DEV|Any CPU.ActiveCfg = DEV|Any CPU
		{8F509D6D-BB9F-41C1-B10E-AAD73FF08B53}.DEV|Any CPU.Build.0 = DEV|Any CPU
		{8F509D6D-BB9F-41C1-B10E-AAD73FF08B53}.PROD|Any CPU.ActiveCfg = PROD|Any CPU
		{8F509D6D-BB9F-41C1-B10E-AAD73FF08B53}.PROD|Any CPU.Build.0 = PROD|Any CPU
		{8F509D6D-BB9F-41C1-B10E-AAD73FF08B53}.Release|Any CPU.ActiveCfg = TEST|Any CPU
		{8F509D6D-BB9F-41C1-B10E-AAD73FF08B53}.Release|Any CPU.Build.0 = TEST|Any CPU
		{8F509D6D-BB9F-41C1-B10E-AAD73FF08B53}.TEST|Any CPU.ActiveCfg = TEST|Any CPU
		{8F509D6D-BB9F-41C1-B10E-AAD73FF08B53}.TEST|Any CPU.Build.0 = TEST|Any CPU
		{6ADB716D-B34C-4D7A-9393-E30347F06A79}.Debug|Any CPU.ActiveCfg = Debug|Any CPU
		{6ADB716D-B34C-4D7A-9393-E30347F06A79}.Debug|Any CPU.Build.0 = Debug|Any CPU
		{6ADB716D-B34C-4D7A-9393-E30347F06A79}.DEV|Any CPU.ActiveCfg = Debug|Any CPU
		{6ADB716D-B34C-4D7A-9393-E30347F06A79}.DEV|Any CPU.Build.0 = Debug|Any CPU
		{6ADB716D-B34C-4D7A-9393-E30347F06A79}.PROD|Any CPU.ActiveCfg = Release|Any CPU
		{6ADB716D-B34C-4D7A-9393-E30347F06A79}.PROD|Any CPU.Build.0 = Release|Any CPU
		{6ADB716D-B34C-4D7A-9393-E30347F06A79}.Release|Any CPU.ActiveCfg = Release|Any CPU
		{6ADB716D-B34C-4D7A-9393-E30347F06A79}.Release|Any CPU.Build.0 = Release|Any CPU
		{6ADB716D-B34C-4D7A-9393-E30347F06A79}.TEST|Any CPU.ActiveCfg = Release|Any CPU
		{6ADB716D-B34C-4D7A-9393-E30347F06A79}.TEST|Any CPU.Build.0 = Release|Any CPU
		{E284CAB1-4979-40D7-BB94-4238F1D487A7}.Debug|Any CPU.ActiveCfg = Debug|Any CPU
		{E284CAB1-4979-40D7-BB94-4238F1D487A7}.Debug|Any CPU.Build.0 = Debug|Any CPU
		{E284CAB1-4979-40D7-BB94-4238F1D487A7}.DEV|Any CPU.ActiveCfg = Debug|Any CPU
		{E284CAB1-4979-40D7-BB94-4238F1D487A7}.DEV|Any CPU.Build.0 = Debug|Any CPU
		{E284CAB1-4979-40D7-BB94-4238F1D487A7}.PROD|Any CPU.ActiveCfg = Debug|Any CPU
		{E284CAB1-4979-40D7-BB94-4238F1D487A7}.PROD|Any CPU.Build.0 = Debug|Any CPU
		{E284CAB1-4979-40D7-BB94-4238F1D487A7}.Release|Any CPU.ActiveCfg = Release|Any CPU
		{E284CAB1-4979-40D7-BB94-4238F1D487A7}.Release|Any CPU.Build.0 = Release|Any CPU
		{E284CAB1-4979-40D7-BB94-4238F1D487A7}.TEST|Any CPU.ActiveCfg = Debug|Any CPU
		{E284CAB1-4979-40D7-BB94-4238F1D487A7}.TEST|Any CPU.Build.0 = Debug|Any CPU
	EndGlobalSection
	GlobalSection(SolutionProperties) = preSolution
		HideSolutionNode = FALSE
	EndGlobalSection
	GlobalSection(NestedProjects) = preSolution
		{6ADB716D-B34C-4D7A-9393-E30347F06A79} = {31A2B6D5-F74A-41F9-AA32-7B633B57CED6}
	EndGlobalSection
	GlobalSection(ExtensibilityGlobals) = postSolution
		SolutionGuid = {2729B65D-F844-4539-91C1-424805B166BE}
	EndGlobalSection
EndGlobal
