
Microsoft Visual Studio Solution File, Format Version 12.00
# Visual Studio 15
VisualStudioVersion = 15.0.27130.2010
MinimumVisualStudioVersion = 10.0.40219.1
Project("{FAE04EC0-301F-11D3-BF4B-00C04F79EFBC}") = "GA.BDC.Console.PAPFeedback.TaskExecutor", "GA\BDC\Console\PAPFeedback\TaskExecutor\GA.BDC.Console.PAPFeedback.TaskExecutor.csproj", "{E2A8E860-7E29-4534-B46E-1C2552749662}"
EndProject
Project("{FAE04EC0-301F-11D3-BF4B-00C04F79EFBC}") = "GA.BDC.Data", "GA\BDC\Data\GA.BDC.Data.csproj", "{2A489D5C-2E16-447A-B351-F6A01860435C}"
EndProject
Project("{FAE04EC0-301F-11D3-BF4B-00C04F79EFBC}") = "GA.BDC.PAP.Data", "GA\BDC\PAP\Data\GA.BDC.PAP.Data.csproj", "{3FAE3F7F-8902-425F-899D-C73E20C07972}"
EndProject
Global
	GlobalSection(SolutionConfigurationPlatforms) = preSolution
		1.DEV|Any CPU = 1.DEV|Any CPU
		2.TEST|Any CPU = 2.TEST|Any CPU
		3.PROD|Any CPU = 3.PROD|Any CPU
	EndGlobalSection
	GlobalSection(ProjectConfigurationPlatforms) = postSolution
		{E2A8E860-7E29-4534-B46E-1C2552749662}.1.DEV|Any CPU.ActiveCfg = 1.DEV|Any CPU
		{E2A8E860-7E29-4534-B46E-1C2552749662}.1.DEV|Any CPU.Build.0 = 1.DEV|Any CPU
		{E2A8E860-7E29-4534-B46E-1C2552749662}.2.TEST|Any CPU.ActiveCfg = 2.TEST|Any CPU
		{E2A8E860-7E29-4534-B46E-1C2552749662}.2.TEST|Any CPU.Build.0 = 2.TEST|Any CPU
		{E2A8E860-7E29-4534-B46E-1C2552749662}.3.PROD|Any CPU.ActiveCfg = 3.PROD|Any CPU
		{E2A8E860-7E29-4534-B46E-1C2552749662}.3.PROD|Any CPU.Build.0 = 3.PROD|Any CPU
		{2A489D5C-2E16-447A-B351-F6A01860435C}.1.DEV|Any CPU.ActiveCfg = Debug|Any CPU
		{2A489D5C-2E16-447A-B351-F6A01860435C}.1.DEV|Any CPU.Build.0 = Debug|Any CPU
		{2A489D5C-2E16-447A-B351-F6A01860435C}.2.TEST|Any CPU.ActiveCfg = Debug|Any CPU
		{2A489D5C-2E16-447A-B351-F6A01860435C}.2.TEST|Any CPU.Build.0 = Debug|Any CPU
		{2A489D5C-2E16-447A-B351-F6A01860435C}.3.PROD|Any CPU.ActiveCfg = Release|Any CPU
		{2A489D5C-2E16-447A-B351-F6A01860435C}.3.PROD|Any CPU.Build.0 = Release|Any CPU
		{3FAE3F7F-8902-425F-899D-C73E20C07972}.1.DEV|Any CPU.ActiveCfg = Debug|Any CPU
		{3FAE3F7F-8902-425F-899D-C73E20C07972}.1.DEV|Any CPU.Build.0 = Debug|Any CPU
		{3FAE3F7F-8902-425F-899D-C73E20C07972}.2.TEST|Any CPU.ActiveCfg = Debug|Any CPU
		{3FAE3F7F-8902-425F-899D-C73E20C07972}.2.TEST|Any CPU.Build.0 = Debug|Any CPU
		{3FAE3F7F-8902-425F-899D-C73E20C07972}.3.PROD|Any CPU.ActiveCfg = Release|Any CPU
		{3FAE3F7F-8902-425F-899D-C73E20C07972}.3.PROD|Any CPU.Build.0 = Release|Any CPU
	EndGlobalSection
	GlobalSection(SolutionProperties) = preSolution
		HideSolutionNode = FALSE
	EndGlobalSection
	GlobalSection(ExtensibilityGlobals) = postSolution
		SolutionGuid = {E8ABCCE3-4A2D-4CFA-8DEA-D040C37F5276}
	EndGlobalSection
	GlobalSection(TeamFoundationVersionControl) = preSolution
		SccNumberOfProjects = 4
		SccEnterpriseProvider = {4CA58AB2-18FA-4F8D-95D4-32DDF27D184C}
		SccTeamFoundationServer = http://tfs.swgao.net:8080/tfs/sourcecode
		SccLocalPath0 = .
		SccProjectUniqueName1 = GA\\BDC\\Data\\GA.BDC.Data.csproj
		SccProjectName1 = GA/BDC/Data
		SccLocalPath1 = GA\\BDC\\Data
		SccProjectUniqueName2 = GA\\BDC\\Console\\PAPFeedback\\TaskExecutor\\GA.BDC.Console.PAPFeedback.TaskExecutor.csproj
		SccProjectName2 = GA/BDC/Console/PAPFeedback/TaskExecutor
		SccLocalPath2 = GA\\BDC\\Console\\PAPFeedback\\TaskExecutor
		SccProjectUniqueName3 = GA\\BDC\\PAP\\Data\\GA.BDC.PAP.Data.csproj
		SccProjectName3 = GA/BDC/PAP/Data
		SccLocalPath3 = GA\\BDC\\PAP\\Data
	EndGlobalSection
EndGlobal
