
Microsoft Visual Studio Solution File, Format Version 12.00
# Visual Studio Version 16
VisualStudioVersion = 16.0.29728.190
MinimumVisualStudioVersion = 10.0.40219.1
Project("{FAE04EC0-301F-11D3-BF4B-00C04F79EFBC}") = "GA.BDC.Console.TaskExecutor", "GA\BDC\Console\TaskExecutor\GA.BDC.Console.TaskExecutor.csproj", "{139CF097-E748-4C42-AC84-D73E98B9B310}"
EndProject
Project("{FAE04EC0-301F-11D3-BF4B-00C04F79EFBC}") = "GA.BDC.Data", "GA\BDC\Data\GA.BDC.Data.csproj", "{2A489D5C-2E16-447A-B351-F6A01860435C}"
EndProject
Project("{FAE04EC0-301F-11D3-BF4B-00C04F79EFBC}") = "GA.BDC.Integration", "GA\BDC\Integration\GA.BDC.Integration.csproj", "{E964840C-B2FC-49FA-8824-D18DECB9058E}"
EndProject
Project("{9A19103F-16F7-4668-BE54-9A1E7A4F7556}") = "GA.Core.Shared", "GA\Core\Shared\GA.Core.Shared.csproj", "{570BF7F0-6C41-42C4-A4E6-7494957F9E08}"
EndProject
Project("{FAE04EC0-301F-11D3-BF4B-00C04F79EFBC}") = "GA.BDC.Data.MGP", "GA\BDC\Data\MGP\GA.BDC.Data.MGP.csproj", "{6ADB716D-B34C-4D7A-9393-E30347F06A79}"
EndProject
Project("{FAE04EC0-301F-11D3-BF4B-00C04F79EFBC}") = "GA.BDC.Shared", "GA\BDC\Shared\GA.BDC.Shared.csproj", "{E284CAB1-4979-40D7-BB94-4238F1D487A7}"
EndProject
Project("{FAE04EC0-301F-11D3-BF4B-00C04F79EFBC}") = "GA.BDC.Web.Fundraising.MVC", "GA\BDC\Web\FundraisingMVC\GA.BDC.Web.Fundraising.MVC.csproj", "{7FB8E670-07E7-49E7-94C6-09C579E3D8C8}"
EndProject
Project("{FAE04EC0-301F-11D3-BF4B-00C04F79EFBC}") = "GA.BDC.Web.Lisa", "GA\BDC\Web\Lisa\GA.BDC.Web.Lisa.csproj", "{BB8E62A4-46CB-40B5-A550-31E4056E2CE1}"
EndProject
Project("{FAE04EC0-301F-11D3-BF4B-00C04F79EFBC}") = "GA.BDC.Web.MGP", "GA\BDC\Web\MGP\GA.BDC.Web.MGP.csproj", "{0B75088D-F92C-4DA0-9655-44E76093BEC8}"
EndProject
Project("{FAE04EC0-301F-11D3-BF4B-00C04F79EFBC}") = "GA.BDC.WebApi.Fundraising.Core", "GA\BDC\WebApi\Core\GA.BDC.WebApi.Fundraising.Core.csproj", "{C53C8772-19B7-4FA4-9EA1-EE4FD46A8D47}"
EndProject
Project("{FAE04EC0-301F-11D3-BF4B-00C04F79EFBC}") = "GA.BDC.WebApi.Fundraising", "GA\BDC\WebApi\Fundraising\GA.BDC.WebApi.Fundraising.csproj", "{71457337-0B7A-4A6D-8BB1-D762168AF686}"
EndProject
Project("{FAE04EC0-301F-11D3-BF4B-00C04F79EFBC}") = "GA.BDC.WebApi.Reports", "GA\BDC\WebApi\Reports\GA.BDC.WebApi.Reports.csproj", "{E665A43B-C285-444C-9359-C39B5C76E547}"
EndProject
Project("{FAE04EC0-301F-11D3-BF4B-00C04F79EFBC}") = "GA.BDC.WebApi.Security", "GA\BDC\WebApi\Security\GA.BDC.WebApi.Security.csproj", "{B6AFBF93-1351-4BFF-912F-A324A3D0BDDA}"
EndProject
Project("{FAE04EC0-301F-11D3-BF4B-00C04F79EFBC}") = "GA.BDC.Data.Fundraising", "GA\BDC\Data\Fundraising\GA.BDC.Data.Fundraising.csproj", "{FFD0A441-F536-46E7-8CCE-D8B261CD2634}"
EndProject
Project("{9A19103F-16F7-4668-BE54-9A1E7A4F7556}") = "GA.Store.Shared", "GA\Store\Shared\GA.Store.Shared.csproj", "{E49E9742-B7F9-4378-879E-254E500306E5}"
EndProject
Project("{FAE04EC0-301F-11D3-BF4B-00C04F79EFBC}") = "GA.BDC.Console.PAPFeedback.TaskExecutor", "GA\BDC\Console\PAPFeedback\TaskExecutor\GA.BDC.Console.PAPFeedback.TaskExecutor.csproj", "{E2A8E860-7E29-4534-B46E-1C2552749662}"
EndProject
Project("{FAE04EC0-301F-11D3-BF4B-00C04F79EFBC}") = "GA.BDC.PAP.Data", "GA\BDC\PAP\Data\GA.BDC.PAP.Data.csproj", "{3FAE3F7F-8902-425F-899D-C73E20C07972}"
EndProject
Global
	GlobalSection(SolutionConfigurationPlatforms) = preSolution
		1.DEV|Any CPU = 1.DEV|Any CPU
		2.TEST|Any CPU = 2.TEST|Any CPU
		3.PROD|Any CPU = 3.PROD|Any CPU
	EndGlobalSection
	GlobalSection(ProjectConfigurationPlatforms) = postSolution
		{139CF097-E748-4C42-AC84-D73E98B9B310}.1.DEV|Any CPU.ActiveCfg = 1.DEV|x86
		{139CF097-E748-4C42-AC84-D73E98B9B310}.1.DEV|Any CPU.Build.0 = 1.DEV|x86
		{139CF097-E748-4C42-AC84-D73E98B9B310}.2.TEST|Any CPU.ActiveCfg = 2.TEST|x86
		{139CF097-E748-4C42-AC84-D73E98B9B310}.2.TEST|Any CPU.Build.0 = 2.TEST|x86
		{139CF097-E748-4C42-AC84-D73E98B9B310}.3.PROD|Any CPU.ActiveCfg = 3.PROD|x86
		{139CF097-E748-4C42-AC84-D73E98B9B310}.3.PROD|Any CPU.Build.0 = 3.PROD|x86
		{2A489D5C-2E16-447A-B351-F6A01860435C}.1.DEV|Any CPU.ActiveCfg = Debug|Any CPU
		{2A489D5C-2E16-447A-B351-F6A01860435C}.1.DEV|Any CPU.Build.0 = Debug|Any CPU
		{2A489D5C-2E16-447A-B351-F6A01860435C}.2.TEST|Any CPU.ActiveCfg = Debug|Any CPU
		{2A489D5C-2E16-447A-B351-F6A01860435C}.2.TEST|Any CPU.Build.0 = Debug|Any CPU
		{2A489D5C-2E16-447A-B351-F6A01860435C}.3.PROD|Any CPU.ActiveCfg = Release|Any CPU
		{2A489D5C-2E16-447A-B351-F6A01860435C}.3.PROD|Any CPU.Build.0 = Release|Any CPU
		{E964840C-B2FC-49FA-8824-D18DECB9058E}.1.DEV|Any CPU.ActiveCfg = Debug|Any CPU
		{E964840C-B2FC-49FA-8824-D18DECB9058E}.1.DEV|Any CPU.Build.0 = Debug|Any CPU
		{E964840C-B2FC-49FA-8824-D18DECB9058E}.2.TEST|Any CPU.ActiveCfg = Debug|Any CPU
		{E964840C-B2FC-49FA-8824-D18DECB9058E}.2.TEST|Any CPU.Build.0 = Debug|Any CPU
		{E964840C-B2FC-49FA-8824-D18DECB9058E}.3.PROD|Any CPU.ActiveCfg = Release|Any CPU
		{E964840C-B2FC-49FA-8824-D18DECB9058E}.3.PROD|Any CPU.Build.0 = Release|Any CPU
		{570BF7F0-6C41-42C4-A4E6-7494957F9E08}.1.DEV|Any CPU.ActiveCfg = Debug|Any CPU
		{570BF7F0-6C41-42C4-A4E6-7494957F9E08}.1.DEV|Any CPU.Build.0 = Debug|Any CPU
		{570BF7F0-6C41-42C4-A4E6-7494957F9E08}.2.TEST|Any CPU.ActiveCfg = Debug|Any CPU
		{570BF7F0-6C41-42C4-A4E6-7494957F9E08}.2.TEST|Any CPU.Build.0 = Debug|Any CPU
		{570BF7F0-6C41-42C4-A4E6-7494957F9E08}.3.PROD|Any CPU.ActiveCfg = Release|Any CPU
		{570BF7F0-6C41-42C4-A4E6-7494957F9E08}.3.PROD|Any CPU.Build.0 = Release|Any CPU
		{6ADB716D-B34C-4D7A-9393-E30347F06A79}.1.DEV|Any CPU.ActiveCfg = Debug|Any CPU
		{6ADB716D-B34C-4D7A-9393-E30347F06A79}.1.DEV|Any CPU.Build.0 = Debug|Any CPU
		{6ADB716D-B34C-4D7A-9393-E30347F06A79}.2.TEST|Any CPU.ActiveCfg = Debug|Any CPU
		{6ADB716D-B34C-4D7A-9393-E30347F06A79}.2.TEST|Any CPU.Build.0 = Debug|Any CPU
		{6ADB716D-B34C-4D7A-9393-E30347F06A79}.3.PROD|Any CPU.ActiveCfg = Release|Any CPU
		{6ADB716D-B34C-4D7A-9393-E30347F06A79}.3.PROD|Any CPU.Build.0 = Release|Any CPU
		{E284CAB1-4979-40D7-BB94-4238F1D487A7}.1.DEV|Any CPU.ActiveCfg = Debug|Any CPU
		{E284CAB1-4979-40D7-BB94-4238F1D487A7}.1.DEV|Any CPU.Build.0 = Debug|Any CPU
		{E284CAB1-4979-40D7-BB94-4238F1D487A7}.2.TEST|Any CPU.ActiveCfg = Debug|Any CPU
		{E284CAB1-4979-40D7-BB94-4238F1D487A7}.2.TEST|Any CPU.Build.0 = Debug|Any CPU
		{E284CAB1-4979-40D7-BB94-4238F1D487A7}.3.PROD|Any CPU.ActiveCfg = Release|Any CPU
		{E284CAB1-4979-40D7-BB94-4238F1D487A7}.3.PROD|Any CPU.Build.0 = Release|Any CPU
		{7FB8E670-07E7-49E7-94C6-09C579E3D8C8}.1.DEV|Any CPU.ActiveCfg = 1.DEV|Any CPU
		{7FB8E670-07E7-49E7-94C6-09C579E3D8C8}.1.DEV|Any CPU.Build.0 = 1.DEV|Any CPU
		{7FB8E670-07E7-49E7-94C6-09C579E3D8C8}.2.TEST|Any CPU.ActiveCfg = 2.TEST|Any CPU
		{7FB8E670-07E7-49E7-94C6-09C579E3D8C8}.2.TEST|Any CPU.Build.0 = 2.TEST|Any CPU
		{7FB8E670-07E7-49E7-94C6-09C579E3D8C8}.3.PROD|Any CPU.ActiveCfg = 3.PROD|Any CPU
		{7FB8E670-07E7-49E7-94C6-09C579E3D8C8}.3.PROD|Any CPU.Build.0 = 3.PROD|Any CPU
		{BB8E62A4-46CB-40B5-A550-31E4056E2CE1}.1.DEV|Any CPU.ActiveCfg = 1.DEV|Any CPU
		{BB8E62A4-46CB-40B5-A550-31E4056E2CE1}.1.DEV|Any CPU.Build.0 = 1.DEV|Any CPU
		{BB8E62A4-46CB-40B5-A550-31E4056E2CE1}.2.TEST|Any CPU.ActiveCfg = 2.TEST|Any CPU
		{BB8E62A4-46CB-40B5-A550-31E4056E2CE1}.2.TEST|Any CPU.Build.0 = 2.TEST|Any CPU
		{BB8E62A4-46CB-40B5-A550-31E4056E2CE1}.3.PROD|Any CPU.ActiveCfg = 3.PROD|Any CPU
		{BB8E62A4-46CB-40B5-A550-31E4056E2CE1}.3.PROD|Any CPU.Build.0 = 3.PROD|Any CPU
		{0B75088D-F92C-4DA0-9655-44E76093BEC8}.1.DEV|Any CPU.ActiveCfg = 1.DEV|Any CPU
		{0B75088D-F92C-4DA0-9655-44E76093BEC8}.1.DEV|Any CPU.Build.0 = 1.DEV|Any CPU
		{0B75088D-F92C-4DA0-9655-44E76093BEC8}.2.TEST|Any CPU.ActiveCfg = 2.TEST|Any CPU
		{0B75088D-F92C-4DA0-9655-44E76093BEC8}.2.TEST|Any CPU.Build.0 = 2.TEST|Any CPU
		{0B75088D-F92C-4DA0-9655-44E76093BEC8}.3.PROD|Any CPU.ActiveCfg = 3.PROD|Any CPU
		{0B75088D-F92C-4DA0-9655-44E76093BEC8}.3.PROD|Any CPU.Build.0 = 3.PROD|Any CPU
		{C53C8772-19B7-4FA4-9EA1-EE4FD46A8D47}.1.DEV|Any CPU.ActiveCfg = 1.DEV|Any CPU
		{C53C8772-19B7-4FA4-9EA1-EE4FD46A8D47}.1.DEV|Any CPU.Build.0 = 1.DEV|Any CPU
		{C53C8772-19B7-4FA4-9EA1-EE4FD46A8D47}.2.TEST|Any CPU.ActiveCfg = 2.TEST|Any CPU
		{C53C8772-19B7-4FA4-9EA1-EE4FD46A8D47}.2.TEST|Any CPU.Build.0 = 2.TEST|Any CPU
		{C53C8772-19B7-4FA4-9EA1-EE4FD46A8D47}.3.PROD|Any CPU.ActiveCfg = 3.PROD|Any CPU
		{C53C8772-19B7-4FA4-9EA1-EE4FD46A8D47}.3.PROD|Any CPU.Build.0 = 3.PROD|Any CPU
		{71457337-0B7A-4A6D-8BB1-D762168AF686}.1.DEV|Any CPU.ActiveCfg = 1.DEV|Any CPU
		{71457337-0B7A-4A6D-8BB1-D762168AF686}.1.DEV|Any CPU.Build.0 = 1.DEV|Any CPU
		{71457337-0B7A-4A6D-8BB1-D762168AF686}.2.TEST|Any CPU.ActiveCfg = 2.TEST|Any CPU
		{71457337-0B7A-4A6D-8BB1-D762168AF686}.2.TEST|Any CPU.Build.0 = 2.TEST|Any CPU
		{71457337-0B7A-4A6D-8BB1-D762168AF686}.3.PROD|Any CPU.ActiveCfg = 3.PROD|Any CPU
		{71457337-0B7A-4A6D-8BB1-D762168AF686}.3.PROD|Any CPU.Build.0 = 3.PROD|Any CPU
		{E665A43B-C285-444C-9359-C39B5C76E547}.1.DEV|Any CPU.ActiveCfg = 1.DEV|Any CPU
		{E665A43B-C285-444C-9359-C39B5C76E547}.1.DEV|Any CPU.Build.0 = 1.DEV|Any CPU
		{E665A43B-C285-444C-9359-C39B5C76E547}.2.TEST|Any CPU.ActiveCfg = 2.TEST|Any CPU
		{E665A43B-C285-444C-9359-C39B5C76E547}.2.TEST|Any CPU.Build.0 = 2.TEST|Any CPU
		{E665A43B-C285-444C-9359-C39B5C76E547}.3.PROD|Any CPU.ActiveCfg = 3.PROD|Any CPU
		{E665A43B-C285-444C-9359-C39B5C76E547}.3.PROD|Any CPU.Build.0 = 3.PROD|Any CPU
		{B6AFBF93-1351-4BFF-912F-A324A3D0BDDA}.1.DEV|Any CPU.ActiveCfg = 1.DEV|Any CPU
		{B6AFBF93-1351-4BFF-912F-A324A3D0BDDA}.1.DEV|Any CPU.Build.0 = 1.DEV|Any CPU
		{B6AFBF93-1351-4BFF-912F-A324A3D0BDDA}.2.TEST|Any CPU.ActiveCfg = 2.TEST|Any CPU
		{B6AFBF93-1351-4BFF-912F-A324A3D0BDDA}.2.TEST|Any CPU.Build.0 = 2.TEST|Any CPU
		{B6AFBF93-1351-4BFF-912F-A324A3D0BDDA}.3.PROD|Any CPU.ActiveCfg = 3.PROD|Any CPU
		{B6AFBF93-1351-4BFF-912F-A324A3D0BDDA}.3.PROD|Any CPU.Build.0 = 3.PROD|Any CPU
		{FFD0A441-F536-46E7-8CCE-D8B261CD2634}.1.DEV|Any CPU.ActiveCfg = Debug|Any CPU
		{FFD0A441-F536-46E7-8CCE-D8B261CD2634}.1.DEV|Any CPU.Build.0 = Debug|Any CPU
		{FFD0A441-F536-46E7-8CCE-D8B261CD2634}.2.TEST|Any CPU.ActiveCfg = Debug|Any CPU
		{FFD0A441-F536-46E7-8CCE-D8B261CD2634}.2.TEST|Any CPU.Build.0 = Debug|Any CPU
		{FFD0A441-F536-46E7-8CCE-D8B261CD2634}.3.PROD|Any CPU.ActiveCfg = Release|Any CPU
		{FFD0A441-F536-46E7-8CCE-D8B261CD2634}.3.PROD|Any CPU.Build.0 = Release|Any CPU
		{E49E9742-B7F9-4378-879E-254E500306E5}.1.DEV|Any CPU.ActiveCfg = Debug|Any CPU
		{E49E9742-B7F9-4378-879E-254E500306E5}.1.DEV|Any CPU.Build.0 = Debug|Any CPU
		{E49E9742-B7F9-4378-879E-254E500306E5}.2.TEST|Any CPU.ActiveCfg = Debug|Any CPU
		{E49E9742-B7F9-4378-879E-254E500306E5}.2.TEST|Any CPU.Build.0 = Debug|Any CPU
		{E49E9742-B7F9-4378-879E-254E500306E5}.3.PROD|Any CPU.ActiveCfg = Release|Any CPU
		{E49E9742-B7F9-4378-879E-254E500306E5}.3.PROD|Any CPU.Build.0 = Release|Any CPU
		{E2A8E860-7E29-4534-B46E-1C2552749662}.1.DEV|Any CPU.ActiveCfg = 1.DEV|Any CPU
		{E2A8E860-7E29-4534-B46E-1C2552749662}.1.DEV|Any CPU.Build.0 = 1.DEV|Any CPU
		{E2A8E860-7E29-4534-B46E-1C2552749662}.2.TEST|Any CPU.ActiveCfg = 2.TEST|Any CPU
		{E2A8E860-7E29-4534-B46E-1C2552749662}.2.TEST|Any CPU.Build.0 = 2.TEST|Any CPU
		{E2A8E860-7E29-4534-B46E-1C2552749662}.3.PROD|Any CPU.ActiveCfg = 3.PROD|Any CPU
		{E2A8E860-7E29-4534-B46E-1C2552749662}.3.PROD|Any CPU.Build.0 = 3.PROD|Any CPU
		{3FAE3F7F-8902-425F-899D-C73E20C07972}.1.DEV|Any CPU.ActiveCfg = Debug|Any CPU
		{3FAE3F7F-8902-425F-899D-C73E20C07972}.1.DEV|Any CPU.Build.0 = Debug|Any CPU
		{3FAE3F7F-8902-425F-899D-C73E20C07972}.2.TEST|Any CPU.ActiveCfg = Debug|Any CPU
		{3FAE3F7F-8902-425F-899D-C73E20C07972}.2.TEST|Any CPU.Build.0 = Debug|Any CPU
		{3FAE3F7F-8902-425F-899D-C73E20C07972}.3.PROD|Any CPU.ActiveCfg = Release|Any CPU
		{3FAE3F7F-8902-425F-899D-C73E20C07972}.3.PROD|Any CPU.Build.0 = Release|Any CPU
	EndGlobalSection
	GlobalSection(SolutionProperties) = preSolution
		HideSolutionNode = FALSE
	EndGlobalSection
	GlobalSection(ExtensibilityGlobals) = postSolution
		SolutionGuid = {AF81147F-6985-4FAC-923F-9022B6BB6815}
	EndGlobalSection
	GlobalSection(TeamFoundationVersionControl) = preSolution
		SccNumberOfProjects = 18
		SccEnterpriseProvider = {4CA58AB2-18FA-4F8D-95D4-32DDF27D184C}
		SccTeamFoundationServer = http://tfs.swgao.net:8080/tfs/sourcecode
		SccLocalPath0 = .
		SccProjectUniqueName1 = GA\\BDC\\Console\\TaskExecutor\\GA.BDC.Console.TaskExecutor.csproj
		SccProjectName1 = GA/BDC/Console/TaskExecutor
		SccLocalPath1 = GA\\BDC\\Console\\TaskExecutor
		SccProjectUniqueName2 = GA\\BDC\\Data\\GA.BDC.Data.csproj
		SccProjectName2 = GA/BDC/Data
		SccLocalPath2 = GA\\BDC\\Data
		SccProjectUniqueName3 = GA\\BDC\\Integration\\GA.BDC.Integration.csproj
		SccProjectName3 = GA/BDC/Integration
		SccLocalPath3 = GA\\BDC\\Integration
		SccProjectUniqueName4 = GA\\Core\\Shared\\GA.Core.Shared.csproj
		SccProjectName4 = GA/Core/Shared
		SccLocalPath4 = GA\\Core\\Shared
		SccProjectUniqueName5 = GA\\BDC\\Data\\MGP\\GA.BDC.Data.MGP.csproj
		SccProjectName5 = GA/BDC/Data/MGP
		SccLocalPath5 = GA\\BDC\\Data\\MGP
		SccProjectUniqueName6 = GA\\BDC\\Shared\\GA.BDC.Shared.csproj
		SccProjectName6 = GA/BDC/Shared
		SccLocalPath6 = GA\\BDC\\Shared
		SccProjectUniqueName7 = GA\\BDC\\Web\\FundraisingMVC\\GA.BDC.Web.Fundraising.MVC.csproj
		SccProjectName7 = GA/BDC/Web/FundraisingMVC
		SccLocalPath7 = GA\\BDC\\Web\\FundraisingMVC
		SccProjectUniqueName8 = GA\\BDC\\Web\\Lisa\\GA.BDC.Web.Lisa.csproj
		SccProjectName8 = GA/BDC/Web/Lisa
		SccLocalPath8 = GA\\BDC\\Web\\Lisa
		SccProjectUniqueName9 = GA\\BDC\\Web\\MGP\\GA.BDC.Web.MGP.csproj
		SccProjectName9 = GA/BDC/Web/MGP
		SccLocalPath9 = GA\\BDC\\Web\\MGP
		SccProjectUniqueName10 = GA\\BDC\\WebApi\\Core\\GA.BDC.WebApi.Fundraising.Core.csproj
		SccProjectName10 = GA/BDC/WebApi/Core
		SccLocalPath10 = GA\\BDC\\WebApi\\Core
		SccProjectUniqueName11 = GA\\BDC\\WebApi\\Fundraising\\GA.BDC.WebApi.Fundraising.csproj
		SccProjectName11 = GA/BDC/WebApi/Fundraising
		SccLocalPath11 = GA\\BDC\\WebApi\\Fundraising
		SccProjectUniqueName12 = GA\\BDC\\WebApi\\Reports\\GA.BDC.WebApi.Reports.csproj
		SccProjectName12 = GA/BDC/WebApi/Reports
		SccLocalPath12 = GA\\BDC\\WebApi\\Reports
		SccProjectUniqueName13 = GA\\BDC\\WebApi\\Security\\GA.BDC.WebApi.Security.csproj
		SccProjectName13 = GA/BDC/WebApi/Security
		SccLocalPath13 = GA\\BDC\\WebApi\\Security
		SccProjectUniqueName14 = GA\\BDC\\Data\\Fundraising\\GA.BDC.Data.Fundraising.csproj
		SccProjectName14 = GA/BDC/Data/Fundraising
		SccLocalPath14 = GA\\BDC\\Data\\Fundraising
		SccProjectUniqueName15 = GA\\Store\\Shared\\GA.Store.Shared.csproj
		SccProjectName15 = GA/Store/Shared
		SccLocalPath15 = GA\\Store\\Shared
		SccProjectUniqueName16 = GA\\BDC\\Console\\PAPFeedback\\TaskExecutor\\GA.BDC.Console.PAPFeedback.TaskExecutor.csproj
		SccProjectName16 = GA/BDC/Console/PAPFeedback/TaskExecutor
		SccLocalPath16 = GA\\BDC\\Console\\PAPFeedback\\TaskExecutor
		SccProjectUniqueName17 = GA\\BDC\\PAP\\Data\\GA.BDC.PAP.Data.csproj
		SccProjectName17 = GA/BDC/PAP/Data
		SccLocalPath17 = GA\\BDC\\PAP\\Data
	EndGlobalSection
EndGlobal
