
Microsoft Visual Studio Solution File, Format Version 12.00
# Visual Studio Version 16
VisualStudioVersion = 16.0.29728.190
MinimumVisualStudioVersion = 10.0.40219.1
Project("{FAE04EC0-301F-11D3-BF4B-00C04F79EFBC}") = "GA.BDC.Integration", "GA\BDC\Integration\GA.BDC.Integration.csproj", "{E964840C-B2FC-49FA-8824-D18DECB9058E}"
EndProject
Project("{FAE04EC0-301F-11D3-BF4B-00C04F79EFBC}") = "GA.BDC.Data", "GA\BDC\Data\GA.BDC.Data.csproj", "{2A489D5C-2E16-447A-B351-F6A01860435C}"
EndProject
Project("{2150E333-8FDC-42A3-9474-1A3956D46DE8}") = "GA.Core", "GA.Core", "{A0B79873-4C21-4CD1-A1A0-813625A4CCEC}"
EndProject
Project("{9A19103F-16F7-4668-BE54-9A1E7A4F7556}") = "GA.Core.Shared", "GA\Core\Shared\GA.Core.Shared.csproj", "{570BF7F0-6C41-42C4-A4E6-7494957F9E08}"
EndProject
Global
	GlobalSection(SolutionConfigurationPlatforms) = preSolution
		0.UNIT|Any CPU = 0.UNIT|Any CPU
		1.DEV|Any CPU = 1.DEV|Any CPU
		2.TEST|Any CPU = 2.TEST|Any CPU
		3.PROD|Any CPU = 3.PROD|Any CPU
	EndGlobalSection
	GlobalSection(ProjectConfigurationPlatforms) = postSolution
		{E964840C-B2FC-49FA-8824-D18DECB9058E}.0.UNIT|Any CPU.ActiveCfg = Debug|Any CPU
		{E964840C-B2FC-49FA-8824-D18DECB9058E}.0.UNIT|Any CPU.Build.0 = Debug|Any CPU
		{E964840C-B2FC-49FA-8824-D18DECB9058E}.1.DEV|Any CPU.ActiveCfg = Debug|Any CPU
		{E964840C-B2FC-49FA-8824-D18DECB9058E}.1.DEV|Any CPU.Build.0 = Debug|Any CPU
		{E964840C-B2FC-49FA-8824-D18DECB9058E}.2.TEST|Any CPU.ActiveCfg = Debug|Any CPU
		{E964840C-B2FC-49FA-8824-D18DECB9058E}.2.TEST|Any CPU.Build.0 = Debug|Any CPU
		{E964840C-B2FC-49FA-8824-D18DECB9058E}.3.PROD|Any CPU.ActiveCfg = Release|Any CPU
		{E964840C-B2FC-49FA-8824-D18DECB9058E}.3.PROD|Any CPU.Build.0 = Release|Any CPU
		{2A489D5C-2E16-447A-B351-F6A01860435C}.0.UNIT|Any CPU.ActiveCfg = Debug|Any CPU
		{2A489D5C-2E16-447A-B351-F6A01860435C}.0.UNIT|Any CPU.Build.0 = Debug|Any CPU
		{2A489D5C-2E16-447A-B351-F6A01860435C}.1.DEV|Any CPU.ActiveCfg = Debug|Any CPU
		{2A489D5C-2E16-447A-B351-F6A01860435C}.1.DEV|Any CPU.Build.0 = Debug|Any CPU
		{2A489D5C-2E16-447A-B351-F6A01860435C}.2.TEST|Any CPU.ActiveCfg = Debug|Any CPU
		{2A489D5C-2E16-447A-B351-F6A01860435C}.2.TEST|Any CPU.Build.0 = Debug|Any CPU
		{2A489D5C-2E16-447A-B351-F6A01860435C}.3.PROD|Any CPU.ActiveCfg = Release|Any CPU
		{2A489D5C-2E16-447A-B351-F6A01860435C}.3.PROD|Any CPU.Build.0 = Release|Any CPU
		{570BF7F0-6C41-42C4-A4E6-7494957F9E08}.0.UNIT|Any CPU.ActiveCfg = Debug|Any CPU
		{570BF7F0-6C41-42C4-A4E6-7494957F9E08}.0.UNIT|Any CPU.Build.0 = Debug|Any CPU
		{570BF7F0-6C41-42C4-A4E6-7494957F9E08}.1.DEV|Any CPU.ActiveCfg = Debug|Any CPU
		{570BF7F0-6C41-42C4-A4E6-7494957F9E08}.1.DEV|Any CPU.Build.0 = Debug|Any CPU
		{570BF7F0-6C41-42C4-A4E6-7494957F9E08}.2.TEST|Any CPU.ActiveCfg = Debug|Any CPU
		{570BF7F0-6C41-42C4-A4E6-7494957F9E08}.2.TEST|Any CPU.Build.0 = Debug|Any CPU
		{570BF7F0-6C41-42C4-A4E6-7494957F9E08}.3.PROD|Any CPU.ActiveCfg = Release|Any CPU
		{570BF7F0-6C41-42C4-A4E6-7494957F9E08}.3.PROD|Any CPU.Build.0 = Release|Any CPU
	EndGlobalSection
	GlobalSection(SolutionProperties) = preSolution
		HideSolutionNode = FALSE
	EndGlobalSection
	GlobalSection(NestedProjects) = preSolution
		{570BF7F0-6C41-42C4-A4E6-7494957F9E08} = {A0B79873-4C21-4CD1-A1A0-813625A4CCEC}
	EndGlobalSection
	GlobalSection(ExtensibilityGlobals) = postSolution
		SolutionGuid = {5ED8CD39-C665-4C8E-A790-18BE12E2EB45}
	EndGlobalSection
	GlobalSection(TeamFoundationVersionControl) = preSolution
		SccNumberOfProjects = 4
		SccEnterpriseProvider = {4CA58AB2-18FA-4F8D-95D4-32DDF27D184C}
		SccTeamFoundationServer = http://tfs.swgao.net:8080/tfs/sourcecode
		SccLocalPath0 = .
		SccProjectUniqueName1 = GA\\BDC\\Integration\\GA.BDC.Integration.csproj
		SccProjectName1 = GA/BDC/Integration
		SccLocalPath1 = GA\\BDC\\Integration
		SccProjectUniqueName2 = GA\\BDC\\Data\\GA.BDC.Data.csproj
		SccProjectName2 = GA/BDC/Data
		SccLocalPath2 = GA\\BDC\\Data
		SccProjectUniqueName3 = GA\\Core\\Shared\\GA.Core.Shared.csproj
		SccProjectTopLevelParentUniqueName3 = GA.BDC.Integration.sln
		SccProjectName3 = GA/Core/Shared
		SccLocalPath3 = GA\\Core\\Shared
	EndGlobalSection
EndGlobal
