
Microsoft Visual Studio Solution File, Format Version 12.00
# Visual Studio Version 16
VisualStudioVersion = 16.0.29728.190
MinimumVisualStudioVersion = 10.0.40219.1
Project("{FAE04EC0-301F-11D3-BF4B-00C04F79EFBC}") = "GA.BDC.Shared", "GA\BDC\Shared\GA.BDC.Shared.csproj", "{E284CAB1-4979-40D7-BB94-4238F1D487A7}"
EndProject
Project("{FAE04EC0-301F-11D3-BF4B-00C04F79EFBC}") = "GA.BDC.Web.Lisa", "GA\BDC\Web\Lisa\GA.BDC.Web.Lisa.csproj", "{BB8E62A4-46CB-40B5-A550-31E4056E2CE1}"
EndProject
Global
	GlobalSection(SolutionConfigurationPlatforms) = preSolution
		1.DEV|Any CPU = 1.DEV|Any CPU
		2.TEST|Any CPU = 2.TEST|Any CPU
		3.PROD|Any CPU = 3.PROD|Any CPU
	EndGlobalSection
	GlobalSection(ProjectConfigurationPlatforms) = postSolution
		{E284CAB1-4979-40D7-BB94-4238F1D487A7}.1.DEV|Any CPU.ActiveCfg = Debug|Any CPU
		{E284CAB1-4979-40D7-BB94-4238F1D487A7}.1.DEV|Any CPU.Build.0 = Debug|Any CPU
		{E284CAB1-4979-40D7-BB94-4238F1D487A7}.2.TEST|Any CPU.ActiveCfg = Debug|Any CPU
		{E284CAB1-4979-40D7-BB94-4238F1D487A7}.2.TEST|Any CPU.Build.0 = Debug|Any CPU
		{E284CAB1-4979-40D7-BB94-4238F1D487A7}.3.PROD|Any CPU.ActiveCfg = Release|Any CPU
		{E284CAB1-4979-40D7-BB94-4238F1D487A7}.3.PROD|Any CPU.Build.0 = Release|Any CPU
		{BB8E62A4-46CB-40B5-A550-31E4056E2CE1}.1.DEV|Any CPU.ActiveCfg = 1.DEV|Any CPU
		{BB8E62A4-46CB-40B5-A550-31E4056E2CE1}.1.DEV|Any CPU.Build.0 = 1.DEV|Any CPU
		{BB8E62A4-46CB-40B5-A550-31E4056E2CE1}.2.TEST|Any CPU.ActiveCfg = 2.TEST|Any CPU
		{BB8E62A4-46CB-40B5-A550-31E4056E2CE1}.2.TEST|Any CPU.Build.0 = 2.TEST|Any CPU
		{BB8E62A4-46CB-40B5-A550-31E4056E2CE1}.3.PROD|Any CPU.ActiveCfg = 3.PROD|Any CPU
		{BB8E62A4-46CB-40B5-A550-31E4056E2CE1}.3.PROD|Any CPU.Build.0 = 3.PROD|Any CPU
	EndGlobalSection
	GlobalSection(SolutionProperties) = preSolution
		HideSolutionNode = FALSE
	EndGlobalSection
	GlobalSection(ExtensibilityGlobals) = postSolution
		SolutionGuid = {A1A97F39-967D-442A-8F1B-96A3A8D1CE92}
	EndGlobalSection
	GlobalSection(TeamFoundationVersionControl) = preSolution
		SccNumberOfProjects = 3
		SccEnterpriseProvider = {4CA58AB2-18FA-4F8D-95D4-32DDF27D184C}
		SccTeamFoundationServer = http://tfs.swgao.net:8080/tfs/sourcecode
		SccLocalPath0 = .
		SccProjectUniqueName1 = GA\\BDC\\Shared\\GA.BDC.Shared.csproj
		SccProjectName1 = GA/BDC/Shared
		SccLocalPath1 = GA\\BDC\\Shared
		SccProjectUniqueName2 = GA\\BDC\\Web\\Lisa\\GA.BDC.Web.Lisa.csproj
		SccProjectName2 = GA/BDC/Web/Lisa
		SccLocalPath2 = GA\\BDC\\Web\\Lisa
	EndGlobalSection
EndGlobal
