
Microsoft Visual Studio Solution File, Format Version 12.00
# Visual Studio Version 16
VisualStudioVersion = 16.0.29009.5
MinimumVisualStudioVersion = 10.0.40219.1
Project("{FAE04EC0-301F-11D3-BF4B-00C04F79EFBC}") = "GA.BDC.Data.Fundraising", "GA\BDC\Data\Fundraising\GA.BDC.Data.Fundraising.csproj", "{FFD0A441-F536-46E7-8CCE-D8B261CD2634}"
EndProject
Project("{FAE04EC0-301F-11D3-BF4B-00C04F79EFBC}") = "GA.BDC.WebApi.Fundraising.Core", "GA\BDC\WebApi\Core\GA.BDC.WebApi.Fundraising.Core.csproj", "{C53C8772-19B7-4FA4-9EA1-EE4FD46A8D47}"
EndProject
Project("{FAE04EC0-301F-11D3-BF4B-00C04F79EFBC}") = "GA.BDC.Shared", "GA\BDC\Shared\GA.BDC.Shared.csproj", "{E284CAB1-4979-40D7-BB94-4238F1D487A7}"
EndProject
Global
	GlobalSection(SolutionConfigurationPlatforms) = preSolution
		1.DEV|Any CPU = 1.DEV|Any CPU
		2.TEST|Any CPU = 2.TEST|Any CPU
		3.PROD|Any CPU = 3.PROD|Any CPU
	EndGlobalSection
	GlobalSection(ProjectConfigurationPlatforms) = postSolution
		{FFD0A441-F536-46E7-8CCE-D8B261CD2634}.1.DEV|Any CPU.ActiveCfg = Debug|Any CPU
		{FFD0A441-F536-46E7-8CCE-D8B261CD2634}.1.DEV|Any CPU.Build.0 = Debug|Any CPU
		{FFD0A441-F536-46E7-8CCE-D8B261CD2634}.2.TEST|Any CPU.ActiveCfg = Debug|Any CPU
		{FFD0A441-F536-46E7-8CCE-D8B261CD2634}.2.TEST|Any CPU.Build.0 = Debug|Any CPU
		{FFD0A441-F536-46E7-8CCE-D8B261CD2634}.3.PROD|Any CPU.ActiveCfg = Release|Any CPU
		{FFD0A441-F536-46E7-8CCE-D8B261CD2634}.3.PROD|Any CPU.Build.0 = Release|Any CPU
		{C53C8772-19B7-4FA4-9EA1-EE4FD46A8D47}.1.DEV|Any CPU.ActiveCfg = 1.DEV|Any CPU
		{C53C8772-19B7-4FA4-9EA1-EE4FD46A8D47}.1.DEV|Any CPU.Build.0 = 1.DEV|Any CPU
		{C53C8772-19B7-4FA4-9EA1-EE4FD46A8D47}.2.TEST|Any CPU.ActiveCfg = 2.TEST|Any CPU
		{C53C8772-19B7-4FA4-9EA1-EE4FD46A8D47}.2.TEST|Any CPU.Build.0 = 2.TEST|Any CPU
		{C53C8772-19B7-4FA4-9EA1-EE4FD46A8D47}.3.PROD|Any CPU.ActiveCfg = 3.PROD|Any CPU
		{C53C8772-19B7-4FA4-9EA1-EE4FD46A8D47}.3.PROD|Any CPU.Build.0 = 3.PROD|Any CPU
		{E284CAB1-4979-40D7-BB94-4238F1D487A7}.1.DEV|Any CPU.ActiveCfg = Debug|Any CPU
		{E284CAB1-4979-40D7-BB94-4238F1D487A7}.1.DEV|Any CPU.Build.0 = Debug|Any CPU
		{E284CAB1-4979-40D7-BB94-4238F1D487A7}.2.TEST|Any CPU.ActiveCfg = Debug|Any CPU
		{E284CAB1-4979-40D7-BB94-4238F1D487A7}.2.TEST|Any CPU.Build.0 = Debug|Any CPU
		{E284CAB1-4979-40D7-BB94-4238F1D487A7}.3.PROD|Any CPU.ActiveCfg = Release|Any CPU
		{E284CAB1-4979-40D7-BB94-4238F1D487A7}.3.PROD|Any CPU.Build.0 = Release|Any CPU
	EndGlobalSection
	GlobalSection(SolutionProperties) = preSolution
		HideSolutionNode = FALSE
	EndGlobalSection
	GlobalSection(ExtensibilityGlobals) = postSolution
		SolutionGuid = {24EAE9B5-D0FE-4E82-B46B-310087EA6759}
	EndGlobalSection
	GlobalSection(TeamFoundationVersionControl) = preSolution
		SccNumberOfProjects = 4
		SccEnterpriseProvider = {4CA58AB2-18FA-4F8D-95D4-32DDF27D184C}
		SccTeamFoundationServer = http://tfs.swgao.net:8080/tfs/sourcecode
		SccLocalPath0 = .
		SccProjectUniqueName1 = GA\\BDC\\Data\\Fundraising\\GA.BDC.Data.Fundraising.csproj
		SccProjectName1 = GA/BDC/Data/Fundraising
		SccLocalPath1 = GA\\BDC\\Data\\Fundraising
		SccProjectUniqueName2 = GA\\BDC\\WebApi\\Core\\GA.BDC.WebApi.Fundraising.Core.csproj
		SccProjectName2 = GA/BDC/WebApi/Core
		SccLocalPath2 = GA\\BDC\\WebApi\\Core
		SccProjectUniqueName3 = GA\\BDC\\Shared\\GA.BDC.Shared.csproj
		SccProjectName3 = GA/BDC/Shared
		SccLocalPath3 = GA\\BDC\\Shared
	EndGlobalSection
EndGlobal
