
Microsoft Visual Studio Solution File, Format Version 12.00
# Visual Studio Version 16
VisualStudioVersion = 16.0.30330.147
MinimumVisualStudioVersion = 10.0.40219.1
Project("{2150E333-8FDC-42A3-9474-1A3956D46DE8}") = "Data", "Data", "{24598A33-DF7E-478D-ABB3-65AB6B9A0EFC}"
EndProject
Project("{2150E333-8FDC-42A3-9474-1A3956D46DE8}") = "Shared", "Shared", "{EBDDA5E1-EFAE-4795-9561-14B5F0119A75}"
EndProject
Project("{2150E333-8FDC-42A3-9474-1A3956D46DE8}") = "Web", "Web", "{59E60656-D596-4611-A777-BE7A09BED4B4}"
EndProject
Project("{2150E333-8FDC-42A3-9474-1A3956D46DE8}") = "WebApi", "WebApi", "{5195E9C3-E04A-49D0-8046-22909F43D860}"
EndProject
Project("{FAE04EC0-301F-11D3-BF4B-00C04F79EFBC}") = "GA.BDC.Shared", "GA\BDC\Shared\GA.BDC.Shared.csproj", "{E284CAB1-4979-40D7-BB94-4238F1D487A7}"
EndProject
Project("{FAE04EC0-301F-11D3-BF4B-00C04F79EFBC}") = "GA.BDC.Data.Fundraising", "GA\BDC\Data\Fundraising\GA.BDC.Data.Fundraising.csproj", "{FFD0A441-F536-46E7-8CCE-D8B261CD2634}"
EndProject
Project("{FAE04EC0-301F-11D3-BF4B-00C04F79EFBC}") = "GA.BDC.Web.EzFundMVC", "GA\BDC\Web\EzFundMVC\GA.BDC.Web.EzFundMVC.csproj", "{DAD0EFE7-EEC0-4764-AE67-7D9914486AF4}"
EndProject
Project("{FAE04EC0-301F-11D3-BF4B-00C04F79EFBC}") = "GA.BDC.WebApi.EzFund", "GA\BDC\WebApi\EzFund\GA.BDC.WebApi.EzFund.csproj", "{356FD1A7-B3FF-49B2-948A-F4DF1C4F1E7F}"
EndProject
Project("{FAE04EC0-301F-11D3-BF4B-00C04F79EFBC}") = "GA.BDC.WebApi.Fundraising.Core", "GA\BDC\WebApi\Core\GA.BDC.WebApi.Fundraising.Core.csproj", "{C53C8772-19B7-4FA4-9EA1-EE4FD46A8D47}"
EndProject
Project("{FAE04EC0-301F-11D3-BF4B-00C04F79EFBC}") = "GA.BDC.Data.EzFund", "GA\BDC\Data\EzFund\GA.BDC.Data.EzFund.csproj", "{AAF5DE19-C021-4C40-BD37-25B73C92BFF8}"
EndProject
Global
	GlobalSection(SolutionConfigurationPlatforms) = preSolution
		DEV|Any CPU = DEV|Any CPU
		PROD|Any CPU = PROD|Any CPU
		TEST|Any CPU = TEST|Any CPU
	EndGlobalSection
	GlobalSection(ProjectConfigurationPlatforms) = postSolution
		{E284CAB1-4979-40D7-BB94-4238F1D487A7}.DEV|Any CPU.ActiveCfg = Debug|Any CPU
		{E284CAB1-4979-40D7-BB94-4238F1D487A7}.DEV|Any CPU.Build.0 = Debug|Any CPU
		{E284CAB1-4979-40D7-BB94-4238F1D487A7}.PROD|Any CPU.ActiveCfg = Release|Any CPU
		{E284CAB1-4979-40D7-BB94-4238F1D487A7}.PROD|Any CPU.Build.0 = Release|Any CPU
		{E284CAB1-4979-40D7-BB94-4238F1D487A7}.TEST|Any CPU.ActiveCfg = Debug|Any CPU
		{E284CAB1-4979-40D7-BB94-4238F1D487A7}.TEST|Any CPU.Build.0 = Debug|Any CPU
		{FFD0A441-F536-46E7-8CCE-D8B261CD2634}.DEV|Any CPU.ActiveCfg = Debug|Any CPU
		{FFD0A441-F536-46E7-8CCE-D8B261CD2634}.DEV|Any CPU.Build.0 = Debug|Any CPU
		{FFD0A441-F536-46E7-8CCE-D8B261CD2634}.PROD|Any CPU.ActiveCfg = Release|Any CPU
		{FFD0A441-F536-46E7-8CCE-D8B261CD2634}.PROD|Any CPU.Build.0 = Release|Any CPU
		{FFD0A441-F536-46E7-8CCE-D8B261CD2634}.TEST|Any CPU.ActiveCfg = Debug|Any CPU
		{FFD0A441-F536-46E7-8CCE-D8B261CD2634}.TEST|Any CPU.Build.0 = Debug|Any CPU
		{DAD0EFE7-EEC0-4764-AE67-7D9914486AF4}.DEV|Any CPU.ActiveCfg = DEV|Any CPU
		{DAD0EFE7-EEC0-4764-AE67-7D9914486AF4}.DEV|Any CPU.Build.0 = DEV|Any CPU
		{DAD0EFE7-EEC0-4764-AE67-7D9914486AF4}.PROD|Any CPU.ActiveCfg = PROD|Any CPU
		{DAD0EFE7-EEC0-4764-AE67-7D9914486AF4}.PROD|Any CPU.Build.0 = PROD|Any CPU
		{DAD0EFE7-EEC0-4764-AE67-7D9914486AF4}.TEST|Any CPU.ActiveCfg = TEST|Any CPU
		{DAD0EFE7-EEC0-4764-AE67-7D9914486AF4}.TEST|Any CPU.Build.0 = TEST|Any CPU
		{356FD1A7-B3FF-49B2-948A-F4DF1C4F1E7F}.DEV|Any CPU.ActiveCfg = DEV|Any CPU
		{356FD1A7-B3FF-49B2-948A-F4DF1C4F1E7F}.DEV|Any CPU.Build.0 = DEV|Any CPU
		{356FD1A7-B3FF-49B2-948A-F4DF1C4F1E7F}.PROD|Any CPU.ActiveCfg = PROD|Any CPU
		{356FD1A7-B3FF-49B2-948A-F4DF1C4F1E7F}.PROD|Any CPU.Build.0 = PROD|Any CPU
		{356FD1A7-B3FF-49B2-948A-F4DF1C4F1E7F}.TEST|Any CPU.ActiveCfg = TEST|Any CPU
		{356FD1A7-B3FF-49B2-948A-F4DF1C4F1E7F}.TEST|Any CPU.Build.0 = TEST|Any CPU
		{C53C8772-19B7-4FA4-9EA1-EE4FD46A8D47}.DEV|Any CPU.ActiveCfg = 1.DEV|Any CPU
		{C53C8772-19B7-4FA4-9EA1-EE4FD46A8D47}.DEV|Any CPU.Build.0 = 1.DEV|Any CPU
		{C53C8772-19B7-4FA4-9EA1-EE4FD46A8D47}.PROD|Any CPU.ActiveCfg = 3.PROD|Any CPU
		{C53C8772-19B7-4FA4-9EA1-EE4FD46A8D47}.PROD|Any CPU.Build.0 = 3.PROD|Any CPU
		{C53C8772-19B7-4FA4-9EA1-EE4FD46A8D47}.TEST|Any CPU.ActiveCfg = 2.TEST|Any CPU
		{C53C8772-19B7-4FA4-9EA1-EE4FD46A8D47}.TEST|Any CPU.Build.0 = 2.TEST|Any CPU
		{AAF5DE19-C021-4C40-BD37-25B73C92BFF8}.DEV|Any CPU.ActiveCfg = Debug|Any CPU
		{AAF5DE19-C021-4C40-BD37-25B73C92BFF8}.DEV|Any CPU.Build.0 = Debug|Any CPU
		{AAF5DE19-C021-4C40-BD37-25B73C92BFF8}.PROD|Any CPU.ActiveCfg = Release|Any CPU
		{AAF5DE19-C021-4C40-BD37-25B73C92BFF8}.PROD|Any CPU.Build.0 = Release|Any CPU
		{AAF5DE19-C021-4C40-BD37-25B73C92BFF8}.TEST|Any CPU.ActiveCfg = Debug|Any CPU
		{AAF5DE19-C021-4C40-BD37-25B73C92BFF8}.TEST|Any CPU.Build.0 = Debug|Any CPU
	EndGlobalSection
	GlobalSection(SolutionProperties) = preSolution
		HideSolutionNode = FALSE
	EndGlobalSection
	GlobalSection(NestedProjects) = preSolution
		{E284CAB1-4979-40D7-BB94-4238F1D487A7} = {EBDDA5E1-EFAE-4795-9561-14B5F0119A75}
		{FFD0A441-F536-46E7-8CCE-D8B261CD2634} = {24598A33-DF7E-478D-ABB3-65AB6B9A0EFC}
		{DAD0EFE7-EEC0-4764-AE67-7D9914486AF4} = {59E60656-D596-4611-A777-BE7A09BED4B4}
		{356FD1A7-B3FF-49B2-948A-F4DF1C4F1E7F} = {5195E9C3-E04A-49D0-8046-22909F43D860}
		{C53C8772-19B7-4FA4-9EA1-EE4FD46A8D47} = {5195E9C3-E04A-49D0-8046-22909F43D860}
		{AAF5DE19-C021-4C40-BD37-25B73C92BFF8} = {24598A33-DF7E-478D-ABB3-65AB6B9A0EFC}
	EndGlobalSection
	GlobalSection(ExtensibilityGlobals) = postSolution
		SolutionGuid = {556BDB27-9593-4EBB-8E37-A83D22A0CEAA}
	EndGlobalSection
	GlobalSection(TeamFoundationVersionControl) = preSolution
		SccNumberOfProjects = 7
		SccEnterpriseProvider = {4CA58AB2-18FA-4F8D-95D4-32DDF27D184C}
		SccTeamFoundationServer = http://tfs.swgao.net:8080/tfs/sourcecode
		SccLocalPath0 = .
		SccProjectUniqueName1 = GA\\BDC\\Shared\\GA.BDC.Shared.csproj
		SccProjectTopLevelParentUniqueName1 = GA.BDC.Web.EzFund.sln
		SccProjectName1 = GA/BDC/Shared
		SccLocalPath1 = GA\\BDC\\Shared
		SccProjectUniqueName2 = GA\\BDC\\Data\\Fundraising\\GA.BDC.Data.Fundraising.csproj
		SccProjectTopLevelParentUniqueName2 = GA.BDC.Web.EzFund.sln
		SccProjectName2 = GA/BDC/Data/Fundraising
		SccLocalPath2 = GA\\BDC\\Data\\Fundraising
		SccProjectUniqueName3 = GA\\BDC\\Web\\EzFundMVC\\GA.BDC.Web.EzFundMVC.csproj
		SccProjectTopLevelParentUniqueName3 = GA.BDC.Web.EzFund.sln
		SccProjectName3 = GA/BDC/Web/EzFundMVC
		SccLocalPath3 = GA\\BDC\\Web\\EzFundMVC
		SccProjectUniqueName4 = GA\\BDC\\WebApi\\EzFund\\GA.BDC.WebApi.EzFund.csproj
		SccProjectTopLevelParentUniqueName4 = GA.BDC.Web.EzFund.sln
		SccProjectName4 = GA/BDC/WebApi/EzFund
		SccLocalPath4 = GA\\BDC\\WebApi\\EzFund
		SccProjectUniqueName5 = GA\\BDC\\WebApi\\Core\\GA.BDC.WebApi.Fundraising.Core.csproj
		SccProjectTopLevelParentUniqueName5 = GA.BDC.Web.EzFund.sln
		SccProjectName5 = GA/BDC/WebApi/Core
		SccLocalPath5 = GA\\BDC\\WebApi\\Core
		SccProjectUniqueName6 = GA\\BDC\\Data\\EzFund\\GA.BDC.Data.EzFund.csproj
		SccProjectTopLevelParentUniqueName6 = GA.BDC.Web.EzFund.sln
		SccProjectName6 = GA/BDC/Data/EzFund
		SccLocalPath6 = GA\\BDC\\Data\\EzFund
	EndGlobalSection
EndGlobal
