
Microsoft Visual Studio Solution File, Format Version 12.00
# Visual Studio 15
VisualStudioVersion = 15.0.27130.2010
MinimumVisualStudioVersion = 10.0.40219.1
Project("{FAE04EC0-301F-11D3-BF4B-00C04F79EFBC}") = "RecaudarFondosWeb", "GA\BDC\Web\RecaudarFondosWeb\RecaudarFondosWeb.csproj", "{E31F93AA-4EED-4A2D-8292-C6D53F1866CD}"
EndProject
Project("{2150E333-8FDC-42A3-9474-1A3956D46DE8}") = "GA.BDC.Core", "GA.BDC.Core", "{46F2D742-4A4B-4A84-A4D7-B731BF7FFF6B}"
EndProject
Project("{FAE04EC0-301F-11D3-BF4B-00C04F79EFBC}") = "GA.BDC.Core.Collections", "GA\BDC\Core\Collections\GA.BDC.Core.Collections.csproj", "{3D20F27E-C4CA-423F-9AF7-0434CB169927}"
EndProject
Project("{FAE04EC0-301F-11D3-BF4B-00C04F79EFBC}") = "GA.BDC.Core.efundraisingCore", "GA\BDC\Core\efundraisingCore\GA.BDC.Core.efundraisingCore.csproj", "{93841639-D58E-417A-8C41-BFD615BC0A96}"
EndProject
Project("{FAE04EC0-301F-11D3-BF4B-00C04F79EFBC}") = "GA.BDC.Core.Configuration", "GA\BDC\Core\Configuration\GA.BDC.Core.Configuration.csproj", "{6965B4F7-9DA8-4E80-9421-0481D939A0AA}"
EndProject
Project("{FAE04EC0-301F-11D3-BF4B-00C04F79EFBC}") = "GA.BDC.Core.EFundraisingCRM", "GA\BDC\Core\EFundraisingCRM\GA.BDC.Core.EFundraisingCRM.csproj", "{920EA03B-53BE-4089-8A3D-B43C1D3A8A26}"
EndProject
Project("{FAE04EC0-301F-11D3-BF4B-00C04F79EFBC}") = "GA.BDC.Core.Diagnostics", "GA\BDC\Core\Diagnostics\GA.BDC.Core.Diagnostics.csproj", "{626D15D6-C03F-4054-85C3-86B331CCF087}"
EndProject
Project("{FAE04EC0-301F-11D3-BF4B-00C04F79EFBC}") = "GA.BDC.Core.Email", "GA\BDC\Core\Email\GA.BDC.Core.Email.csproj", "{FA7F2BDE-A04C-45D7-86A4-1CF446C534B6}"
EndProject
Project("{FAE04EC0-301F-11D3-BF4B-00C04F79EFBC}") = "GA.BDC.Core.EnterpriseComponents", "GA\BDC\Core\EnterpriseComponents\GA.BDC.Core.EnterpriseComponents.csproj", "{1060FDBE-9C62-4F62-AE5D-0018C5A9026F}"
EndProject
Project("{FAE04EC0-301F-11D3-BF4B-00C04F79EFBC}") = "GA.BDC.Core.Reporting.Artefact", "GA\BDC\Core\Reporting\Artefact\GA.BDC.Core.Reporting.Artefact.csproj", "{29C68FC6-07DE-40C1-A580-D30C66A97C4F}"
EndProject
Project("{FAE04EC0-301F-11D3-BF4B-00C04F79EFBC}") = "GA.BDC.Core.BusinessBase", "GA\BDC\Core\BusinessBase\GA.BDC.Core.BusinessBase.csproj", "{0ADBED77-F9FC-4C21-AAB4-3237E9FBA59F}"
EndProject
Project("{FAE04EC0-301F-11D3-BF4B-00C04F79EFBC}") = "GA.BDC.Core.Data.Sql", "GA\BDC\Core\Data\Sql\GA.BDC.Core.Data.Sql.csproj", "{AE2242A6-A643-4A6C-A4E0-7D30B23EAB65}"
EndProject
Project("{FAE04EC0-301F-11D3-BF4B-00C04F79EFBC}") = "GA.BDC.Core.Tracking", "GA\BDC\Core\Tracking\GA.BDC.Core.Tracking.csproj", "{6663D5FB-C681-4452-B887-EE1C210D78C8}"
EndProject
Project("{FAE04EC0-301F-11D3-BF4B-00C04F79EFBC}") = "GA.BDC.Core.AddressHygiene", "GA\BDC\Core\AddressHygiene\GA.BDC.Core.AddressHygiene.csproj", "{D2992B85-6727-43C3-B246-AAA078766555}"
EndProject
Project("{FAE04EC0-301F-11D3-BF4B-00C04F79EFBC}") = "GA.BDC.Core.EnterpriseStandards", "GA\BDC\Core\EnterpriseStandards\GA.BDC.Core.EnterpriseStandards.csproj", "{13317F7D-2513-4C2A-A282-AEABC77390DE}"
EndProject
Project("{FAE04EC0-301F-11D3-BF4B-00C04F79EFBC}") = "GA.BDC.Core.Web.UI.Tracking.Omniture", "GA\BDC\Core\Web\UI\Tracking\Omniture\GA.BDC.Core.Web.UI.Tracking.Omniture.csproj", "{0CE52CC6-B002-4563-ABA6-56EF093ADB5B}"
EndProject
Global
	GlobalSection(SolutionConfigurationPlatforms) = preSolution
		Debug|Any CPU = Debug|Any CPU
		Debug|x64 = Debug|x64
		Debug|x86 = Debug|x86
		Release|Any CPU = Release|Any CPU
		Release|x64 = Release|x64
		Release|x86 = Release|x86
	EndGlobalSection
	GlobalSection(ProjectConfigurationPlatforms) = postSolution
		{E31F93AA-4EED-4A2D-8292-C6D53F1866CD}.Debug|Any CPU.ActiveCfg = Debug|Any CPU
		{E31F93AA-4EED-4A2D-8292-C6D53F1866CD}.Debug|Any CPU.Build.0 = Debug|Any CPU
		{E31F93AA-4EED-4A2D-8292-C6D53F1866CD}.Debug|x64.ActiveCfg = Debug|Any CPU
		{E31F93AA-4EED-4A2D-8292-C6D53F1866CD}.Debug|x86.ActiveCfg = Debug|Any CPU
		{E31F93AA-4EED-4A2D-8292-C6D53F1866CD}.Release|Any CPU.ActiveCfg = Release|Any CPU
		{E31F93AA-4EED-4A2D-8292-C6D53F1866CD}.Release|Any CPU.Build.0 = Release|Any CPU
		{E31F93AA-4EED-4A2D-8292-C6D53F1866CD}.Release|x64.ActiveCfg = Release|Any CPU
		{E31F93AA-4EED-4A2D-8292-C6D53F1866CD}.Release|x86.ActiveCfg = Release|Any CPU
		{3D20F27E-C4CA-423F-9AF7-0434CB169927}.Debug|Any CPU.ActiveCfg = Debug|Any CPU
		{3D20F27E-C4CA-423F-9AF7-0434CB169927}.Debug|Any CPU.Build.0 = Debug|Any CPU
		{3D20F27E-C4CA-423F-9AF7-0434CB169927}.Debug|x64.ActiveCfg = Debug|x64
		{3D20F27E-C4CA-423F-9AF7-0434CB169927}.Debug|x64.Build.0 = Debug|x64
		{3D20F27E-C4CA-423F-9AF7-0434CB169927}.Debug|x86.ActiveCfg = Debug|x86
		{3D20F27E-C4CA-423F-9AF7-0434CB169927}.Debug|x86.Build.0 = Debug|x86
		{3D20F27E-C4CA-423F-9AF7-0434CB169927}.Release|Any CPU.ActiveCfg = Release|Any CPU
		{3D20F27E-C4CA-423F-9AF7-0434CB169927}.Release|Any CPU.Build.0 = Release|Any CPU
		{3D20F27E-C4CA-423F-9AF7-0434CB169927}.Release|x64.ActiveCfg = Release|x64
		{3D20F27E-C4CA-423F-9AF7-0434CB169927}.Release|x64.Build.0 = Release|x64
		{3D20F27E-C4CA-423F-9AF7-0434CB169927}.Release|x86.ActiveCfg = Release|x86
		{3D20F27E-C4CA-423F-9AF7-0434CB169927}.Release|x86.Build.0 = Release|x86
		{93841639-D58E-417A-8C41-BFD615BC0A96}.Debug|Any CPU.ActiveCfg = Debug|Any CPU
		{93841639-D58E-417A-8C41-BFD615BC0A96}.Debug|Any CPU.Build.0 = Debug|Any CPU
		{93841639-D58E-417A-8C41-BFD615BC0A96}.Debug|x64.ActiveCfg = Debug|Any CPU
		{93841639-D58E-417A-8C41-BFD615BC0A96}.Debug|x86.ActiveCfg = Debug|Any CPU
		{93841639-D58E-417A-8C41-BFD615BC0A96}.Release|Any CPU.ActiveCfg = Release|Any CPU
		{93841639-D58E-417A-8C41-BFD615BC0A96}.Release|Any CPU.Build.0 = Release|Any CPU
		{93841639-D58E-417A-8C41-BFD615BC0A96}.Release|x64.ActiveCfg = Release|Any CPU
		{93841639-D58E-417A-8C41-BFD615BC0A96}.Release|x86.ActiveCfg = Release|Any CPU
		{6965B4F7-9DA8-4E80-9421-0481D939A0AA}.Debug|Any CPU.ActiveCfg = Debug|Any CPU
		{6965B4F7-9DA8-4E80-9421-0481D939A0AA}.Debug|Any CPU.Build.0 = Debug|Any CPU
		{6965B4F7-9DA8-4E80-9421-0481D939A0AA}.Debug|x64.ActiveCfg = Debug|x64
		{6965B4F7-9DA8-4E80-9421-0481D939A0AA}.Debug|x64.Build.0 = Debug|x64
		{6965B4F7-9DA8-4E80-9421-0481D939A0AA}.Debug|x86.ActiveCfg = Debug|x86
		{6965B4F7-9DA8-4E80-9421-0481D939A0AA}.Debug|x86.Build.0 = Debug|x86
		{6965B4F7-9DA8-4E80-9421-0481D939A0AA}.Release|Any CPU.ActiveCfg = Release|Any CPU
		{6965B4F7-9DA8-4E80-9421-0481D939A0AA}.Release|Any CPU.Build.0 = Release|Any CPU
		{6965B4F7-9DA8-4E80-9421-0481D939A0AA}.Release|x64.ActiveCfg = Release|x64
		{6965B4F7-9DA8-4E80-9421-0481D939A0AA}.Release|x64.Build.0 = Release|x64
		{6965B4F7-9DA8-4E80-9421-0481D939A0AA}.Release|x86.ActiveCfg = Release|x86
		{6965B4F7-9DA8-4E80-9421-0481D939A0AA}.Release|x86.Build.0 = Release|x86
		{920EA03B-53BE-4089-8A3D-B43C1D3A8A26}.Debug|Any CPU.ActiveCfg = Debug|Any CPU
		{920EA03B-53BE-4089-8A3D-B43C1D3A8A26}.Debug|Any CPU.Build.0 = Debug|Any CPU
		{920EA03B-53BE-4089-8A3D-B43C1D3A8A26}.Debug|x64.ActiveCfg = Debug|x64
		{920EA03B-53BE-4089-8A3D-B43C1D3A8A26}.Debug|x64.Build.0 = Debug|x64
		{920EA03B-53BE-4089-8A3D-B43C1D3A8A26}.Debug|x86.ActiveCfg = Debug|x86
		{920EA03B-53BE-4089-8A3D-B43C1D3A8A26}.Debug|x86.Build.0 = Debug|x86
		{920EA03B-53BE-4089-8A3D-B43C1D3A8A26}.Release|Any CPU.ActiveCfg = Release|Any CPU
		{920EA03B-53BE-4089-8A3D-B43C1D3A8A26}.Release|Any CPU.Build.0 = Release|Any CPU
		{920EA03B-53BE-4089-8A3D-B43C1D3A8A26}.Release|x64.ActiveCfg = Release|x64
		{920EA03B-53BE-4089-8A3D-B43C1D3A8A26}.Release|x64.Build.0 = Release|x64
		{920EA03B-53BE-4089-8A3D-B43C1D3A8A26}.Release|x86.ActiveCfg = Release|x86
		{920EA03B-53BE-4089-8A3D-B43C1D3A8A26}.Release|x86.Build.0 = Release|x86
		{626D15D6-C03F-4054-85C3-86B331CCF087}.Debug|Any CPU.ActiveCfg = Debug|Any CPU
		{626D15D6-C03F-4054-85C3-86B331CCF087}.Debug|Any CPU.Build.0 = Debug|Any CPU
		{626D15D6-C03F-4054-85C3-86B331CCF087}.Debug|x64.ActiveCfg = Debug|x64
		{626D15D6-C03F-4054-85C3-86B331CCF087}.Debug|x64.Build.0 = Debug|x64
		{626D15D6-C03F-4054-85C3-86B331CCF087}.Debug|x86.ActiveCfg = Debug|x86
		{626D15D6-C03F-4054-85C3-86B331CCF087}.Debug|x86.Build.0 = Debug|x86
		{626D15D6-C03F-4054-85C3-86B331CCF087}.Release|Any CPU.ActiveCfg = Release|Any CPU
		{626D15D6-C03F-4054-85C3-86B331CCF087}.Release|Any CPU.Build.0 = Release|Any CPU
		{626D15D6-C03F-4054-85C3-86B331CCF087}.Release|x64.ActiveCfg = Release|x64
		{626D15D6-C03F-4054-85C3-86B331CCF087}.Release|x64.Build.0 = Release|x64
		{626D15D6-C03F-4054-85C3-86B331CCF087}.Release|x86.ActiveCfg = Release|x86
		{626D15D6-C03F-4054-85C3-86B331CCF087}.Release|x86.Build.0 = Release|x86
		{FA7F2BDE-A04C-45D7-86A4-1CF446C534B6}.Debug|Any CPU.ActiveCfg = Debug|Any CPU
		{FA7F2BDE-A04C-45D7-86A4-1CF446C534B6}.Debug|Any CPU.Build.0 = Debug|Any CPU
		{FA7F2BDE-A04C-45D7-86A4-1CF446C534B6}.Debug|x64.ActiveCfg = Debug|x64
		{FA7F2BDE-A04C-45D7-86A4-1CF446C534B6}.Debug|x64.Build.0 = Debug|x64
		{FA7F2BDE-A04C-45D7-86A4-1CF446C534B6}.Debug|x86.ActiveCfg = Debug|x86
		{FA7F2BDE-A04C-45D7-86A4-1CF446C534B6}.Debug|x86.Build.0 = Debug|x86
		{FA7F2BDE-A04C-45D7-86A4-1CF446C534B6}.Release|Any CPU.ActiveCfg = Release|Any CPU
		{FA7F2BDE-A04C-45D7-86A4-1CF446C534B6}.Release|Any CPU.Build.0 = Release|Any CPU
		{FA7F2BDE-A04C-45D7-86A4-1CF446C534B6}.Release|x64.ActiveCfg = Release|x64
		{FA7F2BDE-A04C-45D7-86A4-1CF446C534B6}.Release|x64.Build.0 = Release|x64
		{FA7F2BDE-A04C-45D7-86A4-1CF446C534B6}.Release|x86.ActiveCfg = Release|x86
		{FA7F2BDE-A04C-45D7-86A4-1CF446C534B6}.Release|x86.Build.0 = Release|x86
		{1060FDBE-9C62-4F62-AE5D-0018C5A9026F}.Debug|Any CPU.ActiveCfg = Debug|Any CPU
		{1060FDBE-9C62-4F62-AE5D-0018C5A9026F}.Debug|Any CPU.Build.0 = Debug|Any CPU
		{1060FDBE-9C62-4F62-AE5D-0018C5A9026F}.Debug|x64.ActiveCfg = Debug|x64
		{1060FDBE-9C62-4F62-AE5D-0018C5A9026F}.Debug|x64.Build.0 = Debug|x64
		{1060FDBE-9C62-4F62-AE5D-0018C5A9026F}.Debug|x86.ActiveCfg = Debug|x86
		{1060FDBE-9C62-4F62-AE5D-0018C5A9026F}.Debug|x86.Build.0 = Debug|x86
		{1060FDBE-9C62-4F62-AE5D-0018C5A9026F}.Release|Any CPU.ActiveCfg = Release|Any CPU
		{1060FDBE-9C62-4F62-AE5D-0018C5A9026F}.Release|Any CPU.Build.0 = Release|Any CPU
		{1060FDBE-9C62-4F62-AE5D-0018C5A9026F}.Release|x64.ActiveCfg = Release|x64
		{1060FDBE-9C62-4F62-AE5D-0018C5A9026F}.Release|x64.Build.0 = Release|x64
		{1060FDBE-9C62-4F62-AE5D-0018C5A9026F}.Release|x86.ActiveCfg = Release|x86
		{1060FDBE-9C62-4F62-AE5D-0018C5A9026F}.Release|x86.Build.0 = Release|x86
		{29C68FC6-07DE-40C1-A580-D30C66A97C4F}.Debug|Any CPU.ActiveCfg = Debug|Any CPU
		{29C68FC6-07DE-40C1-A580-D30C66A97C4F}.Debug|Any CPU.Build.0 = Debug|Any CPU
		{29C68FC6-07DE-40C1-A580-D30C66A97C4F}.Debug|x64.ActiveCfg = Debug|x64
		{29C68FC6-07DE-40C1-A580-D30C66A97C4F}.Debug|x64.Build.0 = Debug|x64
		{29C68FC6-07DE-40C1-A580-D30C66A97C4F}.Debug|x86.ActiveCfg = Debug|x86
		{29C68FC6-07DE-40C1-A580-D30C66A97C4F}.Debug|x86.Build.0 = Debug|x86
		{29C68FC6-07DE-40C1-A580-D30C66A97C4F}.Release|Any CPU.ActiveCfg = Release|Any CPU
		{29C68FC6-07DE-40C1-A580-D30C66A97C4F}.Release|Any CPU.Build.0 = Release|Any CPU
		{29C68FC6-07DE-40C1-A580-D30C66A97C4F}.Release|x64.ActiveCfg = Release|x64
		{29C68FC6-07DE-40C1-A580-D30C66A97C4F}.Release|x64.Build.0 = Release|x64
		{29C68FC6-07DE-40C1-A580-D30C66A97C4F}.Release|x86.ActiveCfg = Release|x86
		{29C68FC6-07DE-40C1-A580-D30C66A97C4F}.Release|x86.Build.0 = Release|x86
		{0ADBED77-F9FC-4C21-AAB4-3237E9FBA59F}.Debug|Any CPU.ActiveCfg = Debug|Any CPU
		{0ADBED77-F9FC-4C21-AAB4-3237E9FBA59F}.Debug|Any CPU.Build.0 = Debug|Any CPU
		{0ADBED77-F9FC-4C21-AAB4-3237E9FBA59F}.Debug|x64.ActiveCfg = Debug|x64
		{0ADBED77-F9FC-4C21-AAB4-3237E9FBA59F}.Debug|x64.Build.0 = Debug|x64
		{0ADBED77-F9FC-4C21-AAB4-3237E9FBA59F}.Debug|x86.ActiveCfg = Debug|x86
		{0ADBED77-F9FC-4C21-AAB4-3237E9FBA59F}.Debug|x86.Build.0 = Debug|x86
		{0ADBED77-F9FC-4C21-AAB4-3237E9FBA59F}.Release|Any CPU.ActiveCfg = Release|Any CPU
		{0ADBED77-F9FC-4C21-AAB4-3237E9FBA59F}.Release|Any CPU.Build.0 = Release|Any CPU
		{0ADBED77-F9FC-4C21-AAB4-3237E9FBA59F}.Release|x64.ActiveCfg = Release|x64
		{0ADBED77-F9FC-4C21-AAB4-3237E9FBA59F}.Release|x64.Build.0 = Release|x64
		{0ADBED77-F9FC-4C21-AAB4-3237E9FBA59F}.Release|x86.ActiveCfg = Release|x86
		{0ADBED77-F9FC-4C21-AAB4-3237E9FBA59F}.Release|x86.Build.0 = Release|x86
		{AE2242A6-A643-4A6C-A4E0-7D30B23EAB65}.Debug|Any CPU.ActiveCfg = Debug|Any CPU
		{AE2242A6-A643-4A6C-A4E0-7D30B23EAB65}.Debug|Any CPU.Build.0 = Debug|Any CPU
		{AE2242A6-A643-4A6C-A4E0-7D30B23EAB65}.Debug|x64.ActiveCfg = Debug|x64
		{AE2242A6-A643-4A6C-A4E0-7D30B23EAB65}.Debug|x64.Build.0 = Debug|x64
		{AE2242A6-A643-4A6C-A4E0-7D30B23EAB65}.Debug|x86.ActiveCfg = Debug|x86
		{AE2242A6-A643-4A6C-A4E0-7D30B23EAB65}.Debug|x86.Build.0 = Debug|x86
		{AE2242A6-A643-4A6C-A4E0-7D30B23EAB65}.Release|Any CPU.ActiveCfg = Release|Any CPU
		{AE2242A6-A643-4A6C-A4E0-7D30B23EAB65}.Release|Any CPU.Build.0 = Release|Any CPU
		{AE2242A6-A643-4A6C-A4E0-7D30B23EAB65}.Release|x64.ActiveCfg = Release|x64
		{AE2242A6-A643-4A6C-A4E0-7D30B23EAB65}.Release|x64.Build.0 = Release|x64
		{AE2242A6-A643-4A6C-A4E0-7D30B23EAB65}.Release|x86.ActiveCfg = Release|x86
		{AE2242A6-A643-4A6C-A4E0-7D30B23EAB65}.Release|x86.Build.0 = Release|x86
		{6663D5FB-C681-4452-B887-EE1C210D78C8}.Debug|Any CPU.ActiveCfg = Debug|Any CPU
		{6663D5FB-C681-4452-B887-EE1C210D78C8}.Debug|Any CPU.Build.0 = Debug|Any CPU
		{6663D5FB-C681-4452-B887-EE1C210D78C8}.Debug|x64.ActiveCfg = Debug|x64
		{6663D5FB-C681-4452-B887-EE1C210D78C8}.Debug|x64.Build.0 = Debug|x64
		{6663D5FB-C681-4452-B887-EE1C210D78C8}.Debug|x86.ActiveCfg = Debug|x86
		{6663D5FB-C681-4452-B887-EE1C210D78C8}.Debug|x86.Build.0 = Debug|x86
		{6663D5FB-C681-4452-B887-EE1C210D78C8}.Release|Any CPU.ActiveCfg = Release|Any CPU
		{6663D5FB-C681-4452-B887-EE1C210D78C8}.Release|Any CPU.Build.0 = Release|Any CPU
		{6663D5FB-C681-4452-B887-EE1C210D78C8}.Release|x64.ActiveCfg = Release|x64
		{6663D5FB-C681-4452-B887-EE1C210D78C8}.Release|x64.Build.0 = Release|x64
		{6663D5FB-C681-4452-B887-EE1C210D78C8}.Release|x86.ActiveCfg = Release|x86
		{6663D5FB-C681-4452-B887-EE1C210D78C8}.Release|x86.Build.0 = Release|x86
		{D2992B85-6727-43C3-B246-AAA078766555}.Debug|Any CPU.ActiveCfg = Debug|Any CPU
		{D2992B85-6727-43C3-B246-AAA078766555}.Debug|Any CPU.Build.0 = Debug|Any CPU
		{D2992B85-6727-43C3-B246-AAA078766555}.Debug|x64.ActiveCfg = Debug|x64
		{D2992B85-6727-43C3-B246-AAA078766555}.Debug|x64.Build.0 = Debug|x64
		{D2992B85-6727-43C3-B246-AAA078766555}.Debug|x86.ActiveCfg = Debug|x86
		{D2992B85-6727-43C3-B246-AAA078766555}.Debug|x86.Build.0 = Debug|x86
		{D2992B85-6727-43C3-B246-AAA078766555}.Release|Any CPU.ActiveCfg = Release|Any CPU
		{D2992B85-6727-43C3-B246-AAA078766555}.Release|Any CPU.Build.0 = Release|Any CPU
		{D2992B85-6727-43C3-B246-AAA078766555}.Release|x64.ActiveCfg = Release|x64
		{D2992B85-6727-43C3-B246-AAA078766555}.Release|x64.Build.0 = Release|x64
		{D2992B85-6727-43C3-B246-AAA078766555}.Release|x86.ActiveCfg = Release|x86
		{D2992B85-6727-43C3-B246-AAA078766555}.Release|x86.Build.0 = Release|x86
		{13317F7D-2513-4C2A-A282-AEABC77390DE}.Debug|Any CPU.ActiveCfg = Debug|Any CPU
		{13317F7D-2513-4C2A-A282-AEABC77390DE}.Debug|Any CPU.Build.0 = Debug|Any CPU
		{13317F7D-2513-4C2A-A282-AEABC77390DE}.Debug|x64.ActiveCfg = Debug|x64
		{13317F7D-2513-4C2A-A282-AEABC77390DE}.Debug|x64.Build.0 = Debug|x64
		{13317F7D-2513-4C2A-A282-AEABC77390DE}.Debug|x86.ActiveCfg = Debug|x86
		{13317F7D-2513-4C2A-A282-AEABC77390DE}.Debug|x86.Build.0 = Debug|x86
		{13317F7D-2513-4C2A-A282-AEABC77390DE}.Release|Any CPU.ActiveCfg = Release|Any CPU
		{13317F7D-2513-4C2A-A282-AEABC77390DE}.Release|Any CPU.Build.0 = Release|Any CPU
		{13317F7D-2513-4C2A-A282-AEABC77390DE}.Release|x64.ActiveCfg = Release|x64
		{13317F7D-2513-4C2A-A282-AEABC77390DE}.Release|x64.Build.0 = Release|x64
		{13317F7D-2513-4C2A-A282-AEABC77390DE}.Release|x86.ActiveCfg = Release|x86
		{13317F7D-2513-4C2A-A282-AEABC77390DE}.Release|x86.Build.0 = Release|x86
		{0CE52CC6-B002-4563-ABA6-56EF093ADB5B}.Debug|Any CPU.ActiveCfg = Debug|Any CPU
		{0CE52CC6-B002-4563-ABA6-56EF093ADB5B}.Debug|Any CPU.Build.0 = Debug|Any CPU
		{0CE52CC6-B002-4563-ABA6-56EF093ADB5B}.Debug|x64.ActiveCfg = Debug|x64
		{0CE52CC6-B002-4563-ABA6-56EF093ADB5B}.Debug|x64.Build.0 = Debug|x64
		{0CE52CC6-B002-4563-ABA6-56EF093ADB5B}.Debug|x86.ActiveCfg = Debug|x86
		{0CE52CC6-B002-4563-ABA6-56EF093ADB5B}.Debug|x86.Build.0 = Debug|x86
		{0CE52CC6-B002-4563-ABA6-56EF093ADB5B}.Release|Any CPU.ActiveCfg = Release|Any CPU
		{0CE52CC6-B002-4563-ABA6-56EF093ADB5B}.Release|Any CPU.Build.0 = Release|Any CPU
		{0CE52CC6-B002-4563-ABA6-56EF093ADB5B}.Release|x64.ActiveCfg = Release|x64
		{0CE52CC6-B002-4563-ABA6-56EF093ADB5B}.Release|x64.Build.0 = Release|x64
		{0CE52CC6-B002-4563-ABA6-56EF093ADB5B}.Release|x86.ActiveCfg = Release|x86
		{0CE52CC6-B002-4563-ABA6-56EF093ADB5B}.Release|x86.Build.0 = Release|x86
	EndGlobalSection
	GlobalSection(SolutionProperties) = preSolution
		HideSolutionNode = FALSE
	EndGlobalSection
	GlobalSection(NestedProjects) = preSolution
		{3D20F27E-C4CA-423F-9AF7-0434CB169927} = {46F2D742-4A4B-4A84-A4D7-B731BF7FFF6B}
		{93841639-D58E-417A-8C41-BFD615BC0A96} = {46F2D742-4A4B-4A84-A4D7-B731BF7FFF6B}
		{6965B4F7-9DA8-4E80-9421-0481D939A0AA} = {46F2D742-4A4B-4A84-A4D7-B731BF7FFF6B}
		{920EA03B-53BE-4089-8A3D-B43C1D3A8A26} = {46F2D742-4A4B-4A84-A4D7-B731BF7FFF6B}
		{626D15D6-C03F-4054-85C3-86B331CCF087} = {46F2D742-4A4B-4A84-A4D7-B731BF7FFF6B}
		{FA7F2BDE-A04C-45D7-86A4-1CF446C534B6} = {46F2D742-4A4B-4A84-A4D7-B731BF7FFF6B}
		{1060FDBE-9C62-4F62-AE5D-0018C5A9026F} = {46F2D742-4A4B-4A84-A4D7-B731BF7FFF6B}
		{29C68FC6-07DE-40C1-A580-D30C66A97C4F} = {46F2D742-4A4B-4A84-A4D7-B731BF7FFF6B}
		{0ADBED77-F9FC-4C21-AAB4-3237E9FBA59F} = {46F2D742-4A4B-4A84-A4D7-B731BF7FFF6B}
		{AE2242A6-A643-4A6C-A4E0-7D30B23EAB65} = {46F2D742-4A4B-4A84-A4D7-B731BF7FFF6B}
		{6663D5FB-C681-4452-B887-EE1C210D78C8} = {46F2D742-4A4B-4A84-A4D7-B731BF7FFF6B}
		{D2992B85-6727-43C3-B246-AAA078766555} = {46F2D742-4A4B-4A84-A4D7-B731BF7FFF6B}
		{13317F7D-2513-4C2A-A282-AEABC77390DE} = {46F2D742-4A4B-4A84-A4D7-B731BF7FFF6B}
	EndGlobalSection
	GlobalSection(ExtensibilityGlobals) = postSolution
		SolutionGuid = {2F553C34-1618-414E-BC5B-CD0AE2ED3946}
	EndGlobalSection
	GlobalSection(TeamFoundationVersionControl) = preSolution
		SccNumberOfProjects = 16
		SccEnterpriseProvider = {4CA58AB2-18FA-4F8D-95D4-32DDF27D184C}
		SccTeamFoundationServer = http://tfs.swgao.net:8080/tfs/sourcecode
		SccProjectUniqueName0 = GA\\BDC\\Web\\RecaudarFondosWeb\\RecaudarFondosWeb.csproj
		SccProjectName0 = GA/BDC/Web/RecaudarFondosWeb
		SccLocalPath0 = GA\\BDC\\Web\\RecaudarFondosWeb
		SccProjectUniqueName1 = GA\\BDC\\Core\\Collections\\GA.BDC.Core.Collections.csproj
		SccProjectTopLevelParentUniqueName1 = GA.BDC.Web.RecaudarFondos.sln
		SccProjectName1 = GA/BDC/Core/Collections
		SccLocalPath1 = GA\\BDC\\Core\\Collections
		SccProjectUniqueName2 = GA\\BDC\\Core\\efundraisingCore\\GA.BDC.Core.efundraisingCore.csproj
		SccProjectTopLevelParentUniqueName2 = GA.BDC.Web.RecaudarFondos.sln
		SccProjectName2 = GA/BDC/Core/efundraisingCore
		SccLocalPath2 = GA\\BDC\\Core\\efundraisingCore
		SccProjectUniqueName3 = GA\\BDC\\Core\\Configuration\\GA.BDC.Core.Configuration.csproj
		SccProjectTopLevelParentUniqueName3 = GA.BDC.Web.RecaudarFondos.sln
		SccProjectName3 = GA/BDC/Core/Configuration
		SccLocalPath3 = GA\\BDC\\Core\\Configuration
		SccProjectUniqueName4 = GA\\BDC\\Core\\EFundraisingCRM\\GA.BDC.Core.EFundraisingCRM.csproj
		SccProjectTopLevelParentUniqueName4 = GA.BDC.Web.RecaudarFondos.sln
		SccProjectName4 = GA/BDC/Core/EFundraisingCRM
		SccLocalPath4 = GA\\BDC\\Core\\EFundraisingCRM
		SccProjectUniqueName5 = GA\\BDC\\Core\\Diagnostics\\GA.BDC.Core.Diagnostics.csproj
		SccProjectTopLevelParentUniqueName5 = GA.BDC.Web.RecaudarFondos.sln
		SccProjectName5 = GA/BDC/Core/Diagnostics
		SccLocalPath5 = GA\\BDC\\Core\\Diagnostics
		SccProjectUniqueName6 = GA\\BDC\\Core\\Email\\GA.BDC.Core.Email.csproj
		SccProjectTopLevelParentUniqueName6 = GA.BDC.Web.RecaudarFondos.sln
		SccProjectName6 = GA/BDC/Core/Email
		SccLocalPath6 = GA\\BDC\\Core\\Email
		SccProjectUniqueName7 = GA\\BDC\\Core\\EnterpriseComponents\\GA.BDC.Core.EnterpriseComponents.csproj
		SccProjectTopLevelParentUniqueName7 = GA.BDC.Web.RecaudarFondos.sln
		SccProjectName7 = GA/BDC/Core/EnterpriseComponents
		SccLocalPath7 = GA\\BDC\\Core\\EnterpriseComponents
		SccProjectUniqueName8 = GA\\BDC\\Core\\Reporting\\Artefact\\GA.BDC.Core.Reporting.Artefact.csproj
		SccProjectTopLevelParentUniqueName8 = GA.BDC.Web.RecaudarFondos.sln
		SccProjectName8 = GA/BDC/Core/Reporting/Artefact
		SccLocalPath8 = GA\\BDC\\Core\\Reporting\\Artefact
		SccProjectUniqueName9 = GA\\BDC\\Core\\BusinessBase\\GA.BDC.Core.BusinessBase.csproj
		SccProjectTopLevelParentUniqueName9 = GA.BDC.Web.RecaudarFondos.sln
		SccProjectName9 = GA/BDC/Core/BusinessBase
		SccLocalPath9 = GA\\BDC\\Core\\BusinessBase
		SccProjectUniqueName10 = GA\\BDC\\Core\\Data\\Sql\\GA.BDC.Core.Data.Sql.csproj
		SccProjectTopLevelParentUniqueName10 = GA.BDC.Web.RecaudarFondos.sln
		SccProjectName10 = GA/BDC/Core/Data/Sql
		SccLocalPath10 = GA\\BDC\\Core\\Data\\Sql
		SccProjectUniqueName11 = GA\\BDC\\Core\\Tracking\\GA.BDC.Core.Tracking.csproj
		SccProjectTopLevelParentUniqueName11 = GA.BDC.Web.RecaudarFondos.sln
		SccProjectName11 = GA/BDC/Core/Tracking
		SccLocalPath11 = GA\\BDC\\Core\\Tracking
		SccProjectUniqueName12 = GA\\BDC\\Core\\AddressHygiene\\GA.BDC.Core.AddressHygiene.csproj
		SccProjectTopLevelParentUniqueName12 = GA.BDC.Web.RecaudarFondos.sln
		SccProjectName12 = GA/BDC/Core/AddressHygiene
		SccLocalPath12 = GA\\BDC\\Core\\AddressHygiene
		SccProjectUniqueName13 = GA\\BDC\\Core\\EnterpriseStandards\\GA.BDC.Core.EnterpriseStandards.csproj
		SccProjectTopLevelParentUniqueName13 = GA.BDC.Web.RecaudarFondos.sln
		SccProjectName13 = GA/BDC/Core/EnterpriseStandards
		SccLocalPath13 = GA\\BDC\\Core\\EnterpriseStandards
		SccProjectUniqueName14 = GA\\BDC\\Core\\Web\\UI\\Tracking\\Omniture\\GA.BDC.Core.Web.UI.Tracking.Omniture.csproj
		SccProjectName14 = GA/BDC/Core/Web/UI/Tracking/Omniture
		SccLocalPath14 = GA\\BDC\\Core\\Web\\UI\\Tracking\\Omniture
		SccLocalPath15 = .
	EndGlobalSection
EndGlobal
