Microsoft Visual Studio Solution File, Format Version 12.00
# Visual Studio 15
VisualStudioVersion = 15.0.27130.2010
MinimumVisualStudioVersion = 10.0.40219.1
Project("{FAE04EC0-301F-11D3-BF4B-00C04F79EFBC}") = "CRMWeb", "GA\BDC\Web\LeadDispatcher\CRMWeb.csproj", "{94AB29B5-D661-4FC4-A5DF-6D57BA86C51B}"
EndProject
Project("{FAE04EC0-301F-11D3-BF4B-00C04F79EFBC}") = "GA.BDC.Core.EnterpriseComponents", "GA\BDC\Core\EnterpriseComponents\GA.BDC.Core.EnterpriseComponents.csproj", "{1060FDBE-9C62-4F62-AE5D-0018C5A9026F}"
EndProject
Global
	GlobalSection(SolutionConfigurationPlatforms) = preSolution
		Debug|Any CPU = Debug|Any CPU
		Debug|x64 = Debug|x64
		Debug|x86 = Debug|x86
		Release|Any CPU = Release|Any CPU
		Release|x64 = Release|x64
		Release|x86 = Release|x86
		Testing|Any CPU = Testing|Any CPU
		Testing|x64 = Testing|x64
		Testing|x86 = Testing|x86
	EndGlobalSection
	GlobalSection(ProjectConfigurationPlatforms) = postSolution
		{94AB29B5-D661-4FC4-A5DF-6D57BA86C51B}.Debug|Any CPU.ActiveCfg = Debug|Any CPU
		{94AB29B5-D661-4FC4-A5DF-6D57BA86C51B}.Debug|Any CPU.Build.0 = Debug|Any CPU
		{94AB29B5-D661-4FC4-A5DF-6D57BA86C51B}.Debug|x64.ActiveCfg = Debug|Any CPU
		{94AB29B5-D661-4FC4-A5DF-6D57BA86C51B}.Debug|x64.Build.0 = Debug|Any CPU
		{94AB29B5-D661-4FC4-A5DF-6D57BA86C51B}.Debug|x86.ActiveCfg = Debug|Any CPU
		{94AB29B5-D661-4FC4-A5DF-6D57BA86C51B}.Debug|x86.Build.0 = Debug|Any CPU
		{94AB29B5-D661-4FC4-A5DF-6D57BA86C51B}.Release|Any CPU.ActiveCfg = Release|Any CPU
		{94AB29B5-D661-4FC4-A5DF-6D57BA86C51B}.Release|Any CPU.Build.0 = Release|Any CPU
		{94AB29B5-D661-4FC4-A5DF-6D57BA86C51B}.Release|x64.ActiveCfg = Release|Any CPU
		{94AB29B5-D661-4FC4-A5DF-6D57BA86C51B}.Release|x64.Build.0 = Release|Any CPU
		{94AB29B5-D661-4FC4-A5DF-6D57BA86C51B}.Release|x86.ActiveCfg = Release|Any CPU
		{94AB29B5-D661-4FC4-A5DF-6D57BA86C51B}.Release|x86.Build.0 = Release|Any CPU
		{94AB29B5-D661-4FC4-A5DF-6D57BA86C51B}.Testing|Any CPU.ActiveCfg = Release|Any CPU
		{94AB29B5-D661-4FC4-A5DF-6D57BA86C51B}.Testing|Any CPU.Build.0 = Release|Any CPU
		{94AB29B5-D661-4FC4-A5DF-6D57BA86C51B}.Testing|x64.ActiveCfg = Release|Any CPU
		{94AB29B5-D661-4FC4-A5DF-6D57BA86C51B}.Testing|x64.Build.0 = Release|Any CPU
		{94AB29B5-D661-4FC4-A5DF-6D57BA86C51B}.Testing|x86.ActiveCfg = Release|Any CPU
		{94AB29B5-D661-4FC4-A5DF-6D57BA86C51B}.Testing|x86.Build.0 = Release|Any CPU
		{1060FDBE-9C62-4F62-AE5D-0018C5A9026F}.Debug|Any CPU.ActiveCfg = Debug|Any CPU
		{1060FDBE-9C62-4F62-AE5D-0018C5A9026F}.Debug|Any CPU.Build.0 = Debug|Any CPU
		{1060FDBE-9C62-4F62-AE5D-0018C5A9026F}.Debug|x64.ActiveCfg = Debug|x64
		{1060FDBE-9C62-4F62-AE5D-0018C5A9026F}.Debug|x64.Build.0 = Debug|x64
		{1060FDBE-9C62-4F62-AE5D-0018C5A9026F}.Debug|x86.ActiveCfg = Debug|x86
		{1060FDBE-9C62-4F62-AE5D-0018C5A9026F}.Debug|x86.Build.0 = Debug|x86
		{1060FDBE-9C62-4F62-AE5D-0018C5A9026F}.Release|Any CPU.ActiveCfg = Release|Any CPU
		{1060FDBE-9C62-4F62-AE5D-0018C5A9026F}.Release|Any CPU.Build.0 = Release|Any CPU
		{1060FDBE-9C62-4F62-AE5D-0018C5A9026F}.Release|x64.ActiveCfg = Release|x64
		{1060FDBE-9C62-4F62-AE5D-0018C5A9026F}.Release|x64.Build.0 = Release|x64
		{1060FDBE-9C62-4F62-AE5D-0018C5A9026F}.Release|x86.ActiveCfg = Release|x86
		{1060FDBE-9C62-4F62-AE5D-0018C5A9026F}.Release|x86.Build.0 = Release|x86
		{1060FDBE-9C62-4F62-AE5D-0018C5A9026F}.Testing|Any CPU.ActiveCfg = Release|Any CPU
		{1060FDBE-9C62-4F62-AE5D-0018C5A9026F}.Testing|Any CPU.Build.0 = Release|Any CPU
		{1060FDBE-9C62-4F62-AE5D-0018C5A9026F}.Testing|x64.ActiveCfg = Release|x64
		{1060FDBE-9C62-4F62-AE5D-0018C5A9026F}.Testing|x64.Build.0 = Release|x64
		{1060FDBE-9C62-4F62-AE5D-0018C5A9026F}.Testing|x86.ActiveCfg = Release|x86
		{1060FDBE-9C62-4F62-AE5D-0018C5A9026F}.Testing|x86.Build.0 = Release|x86
	EndGlobalSection
	GlobalSection(SolutionProperties) = preSolution
		HideSolutionNode = FALSE
	EndGlobalSection
	GlobalSection(ExtensibilityGlobals) = postSolution
		SolutionGuid = {03EEEE85-607F-4EB4-9819-5A6F636D16E9}
	EndGlobalSection
	GlobalSection(TeamFoundationVersionControl) = preSolution
		SccNumberOfProjects = 3
		SccEnterpriseProvider = {4CA58AB2-18FA-4F8D-95D4-32DDF27D184C}
		SccTeamFoundationServer = http://tfs.swgao.net:8080/tfs/sourcecode
		SccProjectUniqueName0 = GA\\BDC\\Web\\LeadDispatcher\\CRMWeb.csproj
		SccProjectName0 = GA/BDC/Web/LeadDispatcher
		SccLocalPath0 = GA\\BDC\\Web\\LeadDispatcher
		SccProjectUniqueName1 = GA\\BDC\\Core\\EnterpriseComponents\\GA.BDC.Core.EnterpriseComponents.csproj
		SccProjectName1 = GA/BDC/Core/EnterpriseComponents
		SccLocalPath1 = GA\\BDC\\Core\\EnterpriseComponents
		SccLocalPath2 = .
	EndGlobalSection
EndGlobal
