
Microsoft Visual Studio Solution File, Format Version 12.00
# Visual Studio 15
VisualStudioVersion = 15.0.27130.2010
MinimumVisualStudioVersion = 10.0.40219.1
Project("{FAE04EC0-301F-11D3-BF4B-00C04F79EFBC}") = "GA.BDC.Core.BusinessBase", "GA\BDC\Core\BusinessBase\GA.BDC.Core.BusinessBase.csproj", "{0ADBED77-F9FC-4C21-AAB4-3237E9FBA59F}"
EndProject
Project("{FAE04EC0-301F-11D3-BF4B-00C04F79EFBC}") = "GA.BDC.Core.Xml", "GA\BDC\Core\Xml\GA.BDC.Core.Xml.csproj", "{C1134FBD-322C-41F1-B1EC-177E872E60D3}"
EndProject
Project("{FAE04EC0-301F-11D3-BF4B-00C04F79EFBC}") = "GA.BDC.Core.Collections", "GA\BDC\Core\Collections\GA.BDC.Core.Collections.csproj", "{3D20F27E-C4CA-423F-9AF7-0434CB169927}"
EndProject
Project("{FAE04EC0-301F-11D3-BF4B-00C04F79EFBC}") = "GA.BDC.Core.Configuration", "GA\BDC\Core\Configuration\GA.BDC.Core.Configuration.csproj", "{6965B4F7-9DA8-4E80-9421-0481D939A0AA}"
EndProject
Project("{FAE04EC0-301F-11D3-BF4B-00C04F79EFBC}") = "GA.BDC.Core.Diagnostics", "GA\BDC\Core\Diagnostics\GA.BDC.Core.Diagnostics.csproj", "{626D15D6-C03F-4054-85C3-86B331CCF087}"
EndProject
Project("{FAE04EC0-301F-11D3-BF4B-00C04F79EFBC}") = "GA.BDC.Core.Email", "GA\BDC\Core\Email\GA.BDC.Core.Email.csproj", "{FA7F2BDE-A04C-45D7-86A4-1CF446C534B6}"
EndProject
Project("{FAE04EC0-301F-11D3-BF4B-00C04F79EFBC}") = "GA.BDC.Core.Data.Sql", "GA\BDC\Core\Data\Sql\GA.BDC.Core.Data.Sql.csproj", "{AE2242A6-A643-4A6C-A4E0-7D30B23EAB65}"
EndProject
Project("{FAE04EC0-301F-11D3-BF4B-00C04F79EFBC}") = "GA.BDC.Core.Reporting.Artefact", "GA\BDC\Core\Reporting\Artefact\GA.BDC.Core.Reporting.Artefact.csproj", "{29C68FC6-07DE-40C1-A580-D30C66A97C4F}"
EndProject
Project("{FAE04EC0-301F-11D3-BF4B-00C04F79EFBC}") = "GA.BDC.Core.AddressBooks", "GA\BDC\Core\AddressBooks\GA.BDC.Core.AddressBooks.csproj", "{5559A75B-AD10-4EC1-892A-E099FF48BAB9}"
EndProject
Project("{FAE04EC0-301F-11D3-BF4B-00C04F79EFBC}") = "GA.BDC.Core.EnterpriseComponents", "GA\BDC\Core\EnterpriseComponents\GA.BDC.Core.EnterpriseComponents.csproj", "{1060FDBE-9C62-4F62-AE5D-0018C5A9026F}"
EndProject
Project("{FAE04EC0-301F-11D3-BF4B-00C04F79EFBC}") = "GA.BDC.Core.Database", "GA\BDC\Core\Database\GA.BDC.Core.Database.csproj", "{6E62222B-4FD3-43A1-9FB1-680F6F0CC078}"
EndProject
Project("{FAE04EC0-301F-11D3-BF4B-00C04F79EFBC}") = "GA.BDC.Core.Database.efundraising", "GA\BDC\Core\Database\efundraising\GA.BDC.Core.Database.efundraising.csproj", "{5461DAEC-58E1-4E0E-B094-458ABB96BC49}"
EndProject
Project("{FAE04EC0-301F-11D3-BF4B-00C04F79EFBC}") = "GA.BDC.Core.EnterpriseStandards", "GA\BDC\Core\EnterpriseStandards\GA.BDC.Core.EnterpriseStandards.csproj", "{13317F7D-2513-4C2A-A282-AEABC77390DE}"
EndProject
Project("{FAE04EC0-301F-11D3-BF4B-00C04F79EFBC}") = "GA.BDC.Core.Validation", "GA\BDC\Core\Validation\GA.BDC.Core.Validation.csproj", "{89F3422D-E427-4073-825B-93FC81DEECC4}"
EndProject
Project("{FAE04EC0-301F-11D3-BF4B-00C04F79EFBC}") = "GA.BDC.Core.Utilities.Encryption.DES", "GA\BDC\Core\Utilities\Encryption\DES\GA.BDC.Core.Utilities.Encryption.DES.csproj", "{8EF40078-BB5E-4826-A99E-304C8FC04E71}"
EndProject
Project("{FAE04EC0-301F-11D3-BF4B-00C04F79EFBC}") = "GA.BDC.Core.EFundraisingCRM", "GA\BDC\Core\EFundraisingCRM\GA.BDC.Core.EFundraisingCRM.csproj", "{920EA03B-53BE-4089-8A3D-B43C1D3A8A26}"
EndProject
Project("{FAE04EC0-301F-11D3-BF4B-00C04F79EFBC}") = "GA.BDC.Core.efundraisingCore", "GA\BDC\Core\efundraisingCore\GA.BDC.Core.efundraisingCore.csproj", "{93841639-D58E-417A-8C41-BFD615BC0A96}"
EndProject
Project("{FAE04EC0-301F-11D3-BF4B-00C04F79EFBC}") = "GA.BDC.Core.eFundraisingCommon", "GA\BDC\Core\eFundraisingCommon\GA.BDC.Core.eFundraisingCommon.csproj", "{85294FD1-B23C-43F5-B6B4-ADF89DF2E1CE}"
EndProject
Project("{FAE04EC0-301F-11D3-BF4B-00C04F79EFBC}") = "GA.BDC.Core.Email.MassMail", "GA\BDC\Core\Email\MassMail\GA.BDC.Core.Email.MassMail.csproj", "{624DD32E-1673-4FB3-9981-2B4D52AF0CB7}"
EndProject
Project("{FAE04EC0-301F-11D3-BF4B-00C04F79EFBC}") = "GA.BDC.Core.Utilities.Validation", "GA\BDC\Core\Utilities\Validation\GA.BDC.Core.Utilities.Validation.csproj", "{E3077802-5606-4690-953D-69AD9C9A95F7}"
EndProject
Project("{FAE04EC0-301F-11D3-BF4B-00C04F79EFBC}") = "GA.BDC.Core.Parsers", "GA\BDC\Core\Parsers\GA.BDC.Core.Parsers.csproj", "{83421DA2-B385-4572-97E5-0E5D50174B79}"
EndProject
Project("{FAE04EC0-301F-11D3-BF4B-00C04F79EFBC}") = "GA.BDC.Core.ESubsGlobal", "GA\BDC\Core\ESubsGlobal\GA.BDC.Core.ESubsGlobal.csproj", "{DC33DAD2-4E9A-4264-A40F-3003F6B3A423}"
EndProject
Project("{FAE04EC0-301F-11D3-BF4B-00C04F79EFBC}") = "GA.BDC.Core.Utilities", "GA\BDC\Core\Utilities\GA.BDC.Core.Utilities.csproj", "{5A25AD8F-29A5-4488-AE09-C0AE13D7F674}"
EndProject
Project("{FAE04EC0-301F-11D3-BF4B-00C04F79EFBC}") = "GA.BDC.Core.Utilities.IO", "GA\BDC\Core\Utilities\IO\GA.BDC.Core.Utilities.IO.csproj", "{439B506F-592A-4B5C-B04B-50D02F0BAB45}"
EndProject
Project("{FAE04EC0-301F-11D3-BF4B-00C04F79EFBC}") = "GA.BDC.Core.Utilities.NET", "GA\BDC\Core\Utilities\NET\GA.BDC.Core.Utilities.NET.csproj", "{672184FB-4BA1-45BB-A409-BB49FEE3F05E}"
EndProject
Project("{FAE04EC0-301F-11D3-BF4B-00C04F79EFBC}") = "GA.BDC.Core.Web.UI.UIControls", "GA\BDC\Core\Web\UI\UIControls\GA.BDC.Core.Web.UI.UIControls.csproj", "{67BEB2EE-308B-45C5-AF22-ED0C1B6EFD90}"
EndProject
Project("{FAE04EC0-301F-11D3-BF4B-00C04F79EFBC}") = "GA.BDC.Core.WebTracking", "GA\BDC\Core\WebTracking\GA.BDC.Core.WebTracking.csproj", "{A574911A-4C98-422C-8BC4-476234513838}"
EndProject
Global
	GlobalSection(SolutionConfigurationPlatforms) = preSolution
		Debug|Any CPU = Debug|Any CPU
		Debug|x64 = Debug|x64
		Debug|x86 = Debug|x86
		Release|Any CPU = Release|Any CPU
		Release|x64 = Release|x64
		Release|x86 = Release|x86
	EndGlobalSection
	GlobalSection(ProjectConfigurationPlatforms) = postSolution
		{0ADBED77-F9FC-4C21-AAB4-3237E9FBA59F}.Debug|Any CPU.ActiveCfg = Debug|Any CPU
		{0ADBED77-F9FC-4C21-AAB4-3237E9FBA59F}.Debug|Any CPU.Build.0 = Debug|Any CPU
		{0ADBED77-F9FC-4C21-AAB4-3237E9FBA59F}.Debug|x64.ActiveCfg = Debug|x64
		{0ADBED77-F9FC-4C21-AAB4-3237E9FBA59F}.Debug|x64.Build.0 = Debug|x64
		{0ADBED77-F9FC-4C21-AAB4-3237E9FBA59F}.Debug|x86.ActiveCfg = Debug|x86
		{0ADBED77-F9FC-4C21-AAB4-3237E9FBA59F}.Debug|x86.Build.0 = Debug|x86
		{0ADBED77-F9FC-4C21-AAB4-3237E9FBA59F}.Release|Any CPU.ActiveCfg = Release|Any CPU
		{0ADBED77-F9FC-4C21-AAB4-3237E9FBA59F}.Release|Any CPU.Build.0 = Release|Any CPU
		{0ADBED77-F9FC-4C21-AAB4-3237E9FBA59F}.Release|x64.ActiveCfg = Release|x64
		{0ADBED77-F9FC-4C21-AAB4-3237E9FBA59F}.Release|x64.Build.0 = Release|x64
		{0ADBED77-F9FC-4C21-AAB4-3237E9FBA59F}.Release|x86.ActiveCfg = Release|x86
		{0ADBED77-F9FC-4C21-AAB4-3237E9FBA59F}.Release|x86.Build.0 = Release|x86
		{C1134FBD-322C-41F1-B1EC-177E872E60D3}.Debug|Any CPU.ActiveCfg = Debug|Any CPU
		{C1134FBD-322C-41F1-B1EC-177E872E60D3}.Debug|Any CPU.Build.0 = Debug|Any CPU
		{C1134FBD-322C-41F1-B1EC-177E872E60D3}.Debug|x64.ActiveCfg = Debug|x64
		{C1134FBD-322C-41F1-B1EC-177E872E60D3}.Debug|x64.Build.0 = Debug|x64
		{C1134FBD-322C-41F1-B1EC-177E872E60D3}.Debug|x86.ActiveCfg = Debug|x86
		{C1134FBD-322C-41F1-B1EC-177E872E60D3}.Debug|x86.Build.0 = Debug|x86
		{C1134FBD-322C-41F1-B1EC-177E872E60D3}.Release|Any CPU.ActiveCfg = Release|Any CPU
		{C1134FBD-322C-41F1-B1EC-177E872E60D3}.Release|Any CPU.Build.0 = Release|Any CPU
		{C1134FBD-322C-41F1-B1EC-177E872E60D3}.Release|x64.ActiveCfg = Release|x64
		{C1134FBD-322C-41F1-B1EC-177E872E60D3}.Release|x64.Build.0 = Release|x64
		{C1134FBD-322C-41F1-B1EC-177E872E60D3}.Release|x86.ActiveCfg = Release|x86
		{C1134FBD-322C-41F1-B1EC-177E872E60D3}.Release|x86.Build.0 = Release|x86
		{3D20F27E-C4CA-423F-9AF7-0434CB169927}.Debug|Any CPU.ActiveCfg = Debug|Any CPU
		{3D20F27E-C4CA-423F-9AF7-0434CB169927}.Debug|Any CPU.Build.0 = Debug|Any CPU
		{3D20F27E-C4CA-423F-9AF7-0434CB169927}.Debug|x64.ActiveCfg = Debug|x64
		{3D20F27E-C4CA-423F-9AF7-0434CB169927}.Debug|x64.Build.0 = Debug|x64
		{3D20F27E-C4CA-423F-9AF7-0434CB169927}.Debug|x86.ActiveCfg = Debug|x86
		{3D20F27E-C4CA-423F-9AF7-0434CB169927}.Debug|x86.Build.0 = Debug|x86
		{3D20F27E-C4CA-423F-9AF7-0434CB169927}.Release|Any CPU.ActiveCfg = Release|Any CPU
		{3D20F27E-C4CA-423F-9AF7-0434CB169927}.Release|Any CPU.Build.0 = Release|Any CPU
		{3D20F27E-C4CA-423F-9AF7-0434CB169927}.Release|x64.ActiveCfg = Release|x64
		{3D20F27E-C4CA-423F-9AF7-0434CB169927}.Release|x64.Build.0 = Release|x64
		{3D20F27E-C4CA-423F-9AF7-0434CB169927}.Release|x86.ActiveCfg = Release|x86
		{3D20F27E-C4CA-423F-9AF7-0434CB169927}.Release|x86.Build.0 = Release|x86
		{6965B4F7-9DA8-4E80-9421-0481D939A0AA}.Debug|Any CPU.ActiveCfg = Debug|Any CPU
		{6965B4F7-9DA8-4E80-9421-0481D939A0AA}.Debug|Any CPU.Build.0 = Debug|Any CPU
		{6965B4F7-9DA8-4E80-9421-0481D939A0AA}.Debug|x64.ActiveCfg = Debug|x64
		{6965B4F7-9DA8-4E80-9421-0481D939A0AA}.Debug|x64.Build.0 = Debug|x64
		{6965B4F7-9DA8-4E80-9421-0481D939A0AA}.Debug|x86.ActiveCfg = Debug|x86
		{6965B4F7-9DA8-4E80-9421-0481D939A0AA}.Debug|x86.Build.0 = Debug|x86
		{6965B4F7-9DA8-4E80-9421-0481D939A0AA}.Release|Any CPU.ActiveCfg = Release|Any CPU
		{6965B4F7-9DA8-4E80-9421-0481D939A0AA}.Release|Any CPU.Build.0 = Release|Any CPU
		{6965B4F7-9DA8-4E80-9421-0481D939A0AA}.Release|x64.ActiveCfg = Release|x64
		{6965B4F7-9DA8-4E80-9421-0481D939A0AA}.Release|x64.Build.0 = Release|x64
		{6965B4F7-9DA8-4E80-9421-0481D939A0AA}.Release|x86.ActiveCfg = Release|x86
		{6965B4F7-9DA8-4E80-9421-0481D939A0AA}.Release|x86.Build.0 = Release|x86
		{626D15D6-C03F-4054-85C3-86B331CCF087}.Debug|Any CPU.ActiveCfg = Debug|Any CPU
		{626D15D6-C03F-4054-85C3-86B331CCF087}.Debug|Any CPU.Build.0 = Debug|Any CPU
		{626D15D6-C03F-4054-85C3-86B331CCF087}.Debug|x64.ActiveCfg = Debug|x64
		{626D15D6-C03F-4054-85C3-86B331CCF087}.Debug|x64.Build.0 = Debug|x64
		{626D15D6-C03F-4054-85C3-86B331CCF087}.Debug|x86.ActiveCfg = Debug|x86
		{626D15D6-C03F-4054-85C3-86B331CCF087}.Debug|x86.Build.0 = Debug|x86
		{626D15D6-C03F-4054-85C3-86B331CCF087}.Release|Any CPU.ActiveCfg = Release|Any CPU
		{626D15D6-C03F-4054-85C3-86B331CCF087}.Release|Any CPU.Build.0 = Release|Any CPU
		{626D15D6-C03F-4054-85C3-86B331CCF087}.Release|x64.ActiveCfg = Release|x64
		{626D15D6-C03F-4054-85C3-86B331CCF087}.Release|x64.Build.0 = Release|x64
		{626D15D6-C03F-4054-85C3-86B331CCF087}.Release|x86.ActiveCfg = Release|x86
		{626D15D6-C03F-4054-85C3-86B331CCF087}.Release|x86.Build.0 = Release|x86
		{FA7F2BDE-A04C-45D7-86A4-1CF446C534B6}.Debug|Any CPU.ActiveCfg = Debug|Any CPU
		{FA7F2BDE-A04C-45D7-86A4-1CF446C534B6}.Debug|Any CPU.Build.0 = Debug|Any CPU
		{FA7F2BDE-A04C-45D7-86A4-1CF446C534B6}.Debug|x64.ActiveCfg = Debug|x64
		{FA7F2BDE-A04C-45D7-86A4-1CF446C534B6}.Debug|x64.Build.0 = Debug|x64
		{FA7F2BDE-A04C-45D7-86A4-1CF446C534B6}.Debug|x86.ActiveCfg = Debug|x86
		{FA7F2BDE-A04C-45D7-86A4-1CF446C534B6}.Debug|x86.Build.0 = Debug|x86
		{FA7F2BDE-A04C-45D7-86A4-1CF446C534B6}.Release|Any CPU.ActiveCfg = Release|Any CPU
		{FA7F2BDE-A04C-45D7-86A4-1CF446C534B6}.Release|Any CPU.Build.0 = Release|Any CPU
		{FA7F2BDE-A04C-45D7-86A4-1CF446C534B6}.Release|x64.ActiveCfg = Release|x64
		{FA7F2BDE-A04C-45D7-86A4-1CF446C534B6}.Release|x64.Build.0 = Release|x64
		{FA7F2BDE-A04C-45D7-86A4-1CF446C534B6}.Release|x86.ActiveCfg = Release|x86
		{FA7F2BDE-A04C-45D7-86A4-1CF446C534B6}.Release|x86.Build.0 = Release|x86
		{AE2242A6-A643-4A6C-A4E0-7D30B23EAB65}.Debug|Any CPU.ActiveCfg = Debug|Any CPU
		{AE2242A6-A643-4A6C-A4E0-7D30B23EAB65}.Debug|Any CPU.Build.0 = Debug|Any CPU
		{AE2242A6-A643-4A6C-A4E0-7D30B23EAB65}.Debug|x64.ActiveCfg = Debug|x64
		{AE2242A6-A643-4A6C-A4E0-7D30B23EAB65}.Debug|x64.Build.0 = Debug|x64
		{AE2242A6-A643-4A6C-A4E0-7D30B23EAB65}.Debug|x86.ActiveCfg = Debug|x86
		{AE2242A6-A643-4A6C-A4E0-7D30B23EAB65}.Debug|x86.Build.0 = Debug|x86
		{AE2242A6-A643-4A6C-A4E0-7D30B23EAB65}.Release|Any CPU.ActiveCfg = Release|Any CPU
		{AE2242A6-A643-4A6C-A4E0-7D30B23EAB65}.Release|Any CPU.Build.0 = Release|Any CPU
		{AE2242A6-A643-4A6C-A4E0-7D30B23EAB65}.Release|x64.ActiveCfg = Release|x64
		{AE2242A6-A643-4A6C-A4E0-7D30B23EAB65}.Release|x64.Build.0 = Release|x64
		{AE2242A6-A643-4A6C-A4E0-7D30B23EAB65}.Release|x86.ActiveCfg = Release|x86
		{AE2242A6-A643-4A6C-A4E0-7D30B23EAB65}.Release|x86.Build.0 = Release|x86
		{29C68FC6-07DE-40C1-A580-D30C66A97C4F}.Debug|Any CPU.ActiveCfg = Debug|Any CPU
		{29C68FC6-07DE-40C1-A580-D30C66A97C4F}.Debug|Any CPU.Build.0 = Debug|Any CPU
		{29C68FC6-07DE-40C1-A580-D30C66A97C4F}.Debug|x64.ActiveCfg = Debug|x64
		{29C68FC6-07DE-40C1-A580-D30C66A97C4F}.Debug|x64.Build.0 = Debug|x64
		{29C68FC6-07DE-40C1-A580-D30C66A97C4F}.Debug|x86.ActiveCfg = Debug|x86
		{29C68FC6-07DE-40C1-A580-D30C66A97C4F}.Debug|x86.Build.0 = Debug|x86
		{29C68FC6-07DE-40C1-A580-D30C66A97C4F}.Release|Any CPU.ActiveCfg = Release|Any CPU
		{29C68FC6-07DE-40C1-A580-D30C66A97C4F}.Release|Any CPU.Build.0 = Release|Any CPU
		{29C68FC6-07DE-40C1-A580-D30C66A97C4F}.Release|x64.ActiveCfg = Release|x64
		{29C68FC6-07DE-40C1-A580-D30C66A97C4F}.Release|x64.Build.0 = Release|x64
		{29C68FC6-07DE-40C1-A580-D30C66A97C4F}.Release|x86.ActiveCfg = Release|x86
		{29C68FC6-07DE-40C1-A580-D30C66A97C4F}.Release|x86.Build.0 = Release|x86
		{5559A75B-AD10-4EC1-892A-E099FF48BAB9}.Debug|Any CPU.ActiveCfg = Debug|Any CPU
		{5559A75B-AD10-4EC1-892A-E099FF48BAB9}.Debug|Any CPU.Build.0 = Debug|Any CPU
		{5559A75B-AD10-4EC1-892A-E099FF48BAB9}.Debug|x64.ActiveCfg = Debug|x64
		{5559A75B-AD10-4EC1-892A-E099FF48BAB9}.Debug|x64.Build.0 = Debug|x64
		{5559A75B-AD10-4EC1-892A-E099FF48BAB9}.Debug|x86.ActiveCfg = Debug|x86
		{5559A75B-AD10-4EC1-892A-E099FF48BAB9}.Debug|x86.Build.0 = Debug|x86
		{5559A75B-AD10-4EC1-892A-E099FF48BAB9}.Release|Any CPU.ActiveCfg = Release|Any CPU
		{5559A75B-AD10-4EC1-892A-E099FF48BAB9}.Release|Any CPU.Build.0 = Release|Any CPU
		{5559A75B-AD10-4EC1-892A-E099FF48BAB9}.Release|x64.ActiveCfg = Release|x64
		{5559A75B-AD10-4EC1-892A-E099FF48BAB9}.Release|x64.Build.0 = Release|x64
		{5559A75B-AD10-4EC1-892A-E099FF48BAB9}.Release|x86.ActiveCfg = Release|x86
		{5559A75B-AD10-4EC1-892A-E099FF48BAB9}.Release|x86.Build.0 = Release|x86
		{1060FDBE-9C62-4F62-AE5D-0018C5A9026F}.Debug|Any CPU.ActiveCfg = Debug|Any CPU
		{1060FDBE-9C62-4F62-AE5D-0018C5A9026F}.Debug|Any CPU.Build.0 = Debug|Any CPU
		{1060FDBE-9C62-4F62-AE5D-0018C5A9026F}.Debug|x64.ActiveCfg = Debug|x64
		{1060FDBE-9C62-4F62-AE5D-0018C5A9026F}.Debug|x64.Build.0 = Debug|x64
		{1060FDBE-9C62-4F62-AE5D-0018C5A9026F}.Debug|x86.ActiveCfg = Debug|x86
		{1060FDBE-9C62-4F62-AE5D-0018C5A9026F}.Debug|x86.Build.0 = Debug|x86
		{1060FDBE-9C62-4F62-AE5D-0018C5A9026F}.Release|Any CPU.ActiveCfg = Release|Any CPU
		{1060FDBE-9C62-4F62-AE5D-0018C5A9026F}.Release|Any CPU.Build.0 = Release|Any CPU
		{1060FDBE-9C62-4F62-AE5D-0018C5A9026F}.Release|x64.ActiveCfg = Release|x64
		{1060FDBE-9C62-4F62-AE5D-0018C5A9026F}.Release|x64.Build.0 = Release|x64
		{1060FDBE-9C62-4F62-AE5D-0018C5A9026F}.Release|x86.ActiveCfg = Release|x86
		{1060FDBE-9C62-4F62-AE5D-0018C5A9026F}.Release|x86.Build.0 = Release|x86
		{6E62222B-4FD3-43A1-9FB1-680F6F0CC078}.Debug|Any CPU.ActiveCfg = Debug|Any CPU
		{6E62222B-4FD3-43A1-9FB1-680F6F0CC078}.Debug|Any CPU.Build.0 = Debug|Any CPU
		{6E62222B-4FD3-43A1-9FB1-680F6F0CC078}.Debug|x64.ActiveCfg = Debug|x64
		{6E62222B-4FD3-43A1-9FB1-680F6F0CC078}.Debug|x64.Build.0 = Debug|x64
		{6E62222B-4FD3-43A1-9FB1-680F6F0CC078}.Debug|x86.ActiveCfg = Debug|x86
		{6E62222B-4FD3-43A1-9FB1-680F6F0CC078}.Debug|x86.Build.0 = Debug|x86
		{6E62222B-4FD3-43A1-9FB1-680F6F0CC078}.Release|Any CPU.ActiveCfg = Release|Any CPU
		{6E62222B-4FD3-43A1-9FB1-680F6F0CC078}.Release|Any CPU.Build.0 = Release|Any CPU
		{6E62222B-4FD3-43A1-9FB1-680F6F0CC078}.Release|x64.ActiveCfg = Release|x64
		{6E62222B-4FD3-43A1-9FB1-680F6F0CC078}.Release|x64.Build.0 = Release|x64
		{6E62222B-4FD3-43A1-9FB1-680F6F0CC078}.Release|x86.ActiveCfg = Release|x86
		{6E62222B-4FD3-43A1-9FB1-680F6F0CC078}.Release|x86.Build.0 = Release|x86
		{5461DAEC-58E1-4E0E-B094-458ABB96BC49}.Debug|Any CPU.ActiveCfg = Debug|Any CPU
		{5461DAEC-58E1-4E0E-B094-458ABB96BC49}.Debug|Any CPU.Build.0 = Debug|Any CPU
		{5461DAEC-58E1-4E0E-B094-458ABB96BC49}.Debug|x64.ActiveCfg = Debug|x64
		{5461DAEC-58E1-4E0E-B094-458ABB96BC49}.Debug|x64.Build.0 = Debug|x64
		{5461DAEC-58E1-4E0E-B094-458ABB96BC49}.Debug|x86.ActiveCfg = Debug|x86
		{5461DAEC-58E1-4E0E-B094-458ABB96BC49}.Debug|x86.Build.0 = Debug|x86
		{5461DAEC-58E1-4E0E-B094-458ABB96BC49}.Release|Any CPU.ActiveCfg = Release|Any CPU
		{5461DAEC-58E1-4E0E-B094-458ABB96BC49}.Release|Any CPU.Build.0 = Release|Any CPU
		{5461DAEC-58E1-4E0E-B094-458ABB96BC49}.Release|x64.ActiveCfg = Release|x64
		{5461DAEC-58E1-4E0E-B094-458ABB96BC49}.Release|x64.Build.0 = Release|x64
		{5461DAEC-58E1-4E0E-B094-458ABB96BC49}.Release|x86.ActiveCfg = Release|x86
		{5461DAEC-58E1-4E0E-B094-458ABB96BC49}.Release|x86.Build.0 = Release|x86
		{13317F7D-2513-4C2A-A282-AEABC77390DE}.Debug|Any CPU.ActiveCfg = Debug|Any CPU
		{13317F7D-2513-4C2A-A282-AEABC77390DE}.Debug|Any CPU.Build.0 = Debug|Any CPU
		{13317F7D-2513-4C2A-A282-AEABC77390DE}.Debug|x64.ActiveCfg = Debug|x64
		{13317F7D-2513-4C2A-A282-AEABC77390DE}.Debug|x64.Build.0 = Debug|x64
		{13317F7D-2513-4C2A-A282-AEABC77390DE}.Debug|x86.ActiveCfg = Debug|x86
		{13317F7D-2513-4C2A-A282-AEABC77390DE}.Debug|x86.Build.0 = Debug|x86
		{13317F7D-2513-4C2A-A282-AEABC77390DE}.Release|Any CPU.ActiveCfg = Release|Any CPU
		{13317F7D-2513-4C2A-A282-AEABC77390DE}.Release|Any CPU.Build.0 = Release|Any CPU
		{13317F7D-2513-4C2A-A282-AEABC77390DE}.Release|x64.ActiveCfg = Release|x64
		{13317F7D-2513-4C2A-A282-AEABC77390DE}.Release|x64.Build.0 = Release|x64
		{13317F7D-2513-4C2A-A282-AEABC77390DE}.Release|x86.ActiveCfg = Release|x86
		{13317F7D-2513-4C2A-A282-AEABC77390DE}.Release|x86.Build.0 = Release|x86
		{89F3422D-E427-4073-825B-93FC81DEECC4}.Debug|Any CPU.ActiveCfg = Debug|Any CPU
		{89F3422D-E427-4073-825B-93FC81DEECC4}.Debug|Any CPU.Build.0 = Debug|Any CPU
		{89F3422D-E427-4073-825B-93FC81DEECC4}.Debug|x64.ActiveCfg = Debug|x64
		{89F3422D-E427-4073-825B-93FC81DEECC4}.Debug|x64.Build.0 = Debug|x64
		{89F3422D-E427-4073-825B-93FC81DEECC4}.Debug|x86.ActiveCfg = Debug|x86
		{89F3422D-E427-4073-825B-93FC81DEECC4}.Debug|x86.Build.0 = Debug|x86
		{89F3422D-E427-4073-825B-93FC81DEECC4}.Release|Any CPU.ActiveCfg = Release|Any CPU
		{89F3422D-E427-4073-825B-93FC81DEECC4}.Release|Any CPU.Build.0 = Release|Any CPU
		{89F3422D-E427-4073-825B-93FC81DEECC4}.Release|x64.ActiveCfg = Release|x64
		{89F3422D-E427-4073-825B-93FC81DEECC4}.Release|x64.Build.0 = Release|x64
		{89F3422D-E427-4073-825B-93FC81DEECC4}.Release|x86.ActiveCfg = Release|x86
		{89F3422D-E427-4073-825B-93FC81DEECC4}.Release|x86.Build.0 = Release|x86
		{8EF40078-BB5E-4826-A99E-304C8FC04E71}.Debug|Any CPU.ActiveCfg = Debug|Any CPU
		{8EF40078-BB5E-4826-A99E-304C8FC04E71}.Debug|Any CPU.Build.0 = Debug|Any CPU
		{8EF40078-BB5E-4826-A99E-304C8FC04E71}.Debug|x64.ActiveCfg = Debug|x64
		{8EF40078-BB5E-4826-A99E-304C8FC04E71}.Debug|x64.Build.0 = Debug|x64
		{8EF40078-BB5E-4826-A99E-304C8FC04E71}.Debug|x86.ActiveCfg = Debug|x86
		{8EF40078-BB5E-4826-A99E-304C8FC04E71}.Debug|x86.Build.0 = Debug|x86
		{8EF40078-BB5E-4826-A99E-304C8FC04E71}.Release|Any CPU.ActiveCfg = Release|Any CPU
		{8EF40078-BB5E-4826-A99E-304C8FC04E71}.Release|Any CPU.Build.0 = Release|Any CPU
		{8EF40078-BB5E-4826-A99E-304C8FC04E71}.Release|x64.ActiveCfg = Release|x64
		{8EF40078-BB5E-4826-A99E-304C8FC04E71}.Release|x64.Build.0 = Release|x64
		{8EF40078-BB5E-4826-A99E-304C8FC04E71}.Release|x86.ActiveCfg = Release|x86
		{8EF40078-BB5E-4826-A99E-304C8FC04E71}.Release|x86.Build.0 = Release|x86
		{920EA03B-53BE-4089-8A3D-B43C1D3A8A26}.Debug|Any CPU.ActiveCfg = Debug|Any CPU
		{920EA03B-53BE-4089-8A3D-B43C1D3A8A26}.Debug|Any CPU.Build.0 = Debug|Any CPU
		{920EA03B-53BE-4089-8A3D-B43C1D3A8A26}.Debug|x64.ActiveCfg = Debug|x64
		{920EA03B-53BE-4089-8A3D-B43C1D3A8A26}.Debug|x64.Build.0 = Debug|x64
		{920EA03B-53BE-4089-8A3D-B43C1D3A8A26}.Debug|x86.ActiveCfg = Debug|x86
		{920EA03B-53BE-4089-8A3D-B43C1D3A8A26}.Debug|x86.Build.0 = Debug|x86
		{920EA03B-53BE-4089-8A3D-B43C1D3A8A26}.Release|Any CPU.ActiveCfg = Release|Any CPU
		{920EA03B-53BE-4089-8A3D-B43C1D3A8A26}.Release|Any CPU.Build.0 = Release|Any CPU
		{920EA03B-53BE-4089-8A3D-B43C1D3A8A26}.Release|x64.ActiveCfg = Release|x64
		{920EA03B-53BE-4089-8A3D-B43C1D3A8A26}.Release|x64.Build.0 = Release|x64
		{920EA03B-53BE-4089-8A3D-B43C1D3A8A26}.Release|x86.ActiveCfg = Release|x86
		{920EA03B-53BE-4089-8A3D-B43C1D3A8A26}.Release|x86.Build.0 = Release|x86
		{93841639-D58E-417A-8C41-BFD615BC0A96}.Debug|Any CPU.ActiveCfg = Debug|Any CPU
		{93841639-D58E-417A-8C41-BFD615BC0A96}.Debug|Any CPU.Build.0 = Debug|Any CPU
		{93841639-D58E-417A-8C41-BFD615BC0A96}.Debug|x64.ActiveCfg = Debug|Any CPU
		{93841639-D58E-417A-8C41-BFD615BC0A96}.Debug|x86.ActiveCfg = Debug|Any CPU
		{93841639-D58E-417A-8C41-BFD615BC0A96}.Release|Any CPU.ActiveCfg = Release|Any CPU
		{93841639-D58E-417A-8C41-BFD615BC0A96}.Release|Any CPU.Build.0 = Release|Any CPU
		{93841639-D58E-417A-8C41-BFD615BC0A96}.Release|x64.ActiveCfg = Release|Any CPU
		{93841639-D58E-417A-8C41-BFD615BC0A96}.Release|x86.ActiveCfg = Release|Any CPU
		{85294FD1-B23C-43F5-B6B4-ADF89DF2E1CE}.Debug|Any CPU.ActiveCfg = Debug|Any CPU
		{85294FD1-B23C-43F5-B6B4-ADF89DF2E1CE}.Debug|Any CPU.Build.0 = Debug|Any CPU
		{85294FD1-B23C-43F5-B6B4-ADF89DF2E1CE}.Debug|x64.ActiveCfg = Debug|Any CPU
		{85294FD1-B23C-43F5-B6B4-ADF89DF2E1CE}.Debug|x86.ActiveCfg = Debug|Any CPU
		{85294FD1-B23C-43F5-B6B4-ADF89DF2E1CE}.Release|Any CPU.ActiveCfg = Release|Any CPU
		{85294FD1-B23C-43F5-B6B4-ADF89DF2E1CE}.Release|Any CPU.Build.0 = Release|Any CPU
		{85294FD1-B23C-43F5-B6B4-ADF89DF2E1CE}.Release|x64.ActiveCfg = Release|Any CPU
		{85294FD1-B23C-43F5-B6B4-ADF89DF2E1CE}.Release|x86.ActiveCfg = Release|Any CPU
		{624DD32E-1673-4FB3-9981-2B4D52AF0CB7}.Debug|Any CPU.ActiveCfg = Debug|Any CPU
		{624DD32E-1673-4FB3-9981-2B4D52AF0CB7}.Debug|Any CPU.Build.0 = Debug|Any CPU
		{624DD32E-1673-4FB3-9981-2B4D52AF0CB7}.Debug|x64.ActiveCfg = Debug|x64
		{624DD32E-1673-4FB3-9981-2B4D52AF0CB7}.Debug|x64.Build.0 = Debug|x64
		{624DD32E-1673-4FB3-9981-2B4D52AF0CB7}.Debug|x86.ActiveCfg = Debug|x86
		{624DD32E-1673-4FB3-9981-2B4D52AF0CB7}.Debug|x86.Build.0 = Debug|x86
		{624DD32E-1673-4FB3-9981-2B4D52AF0CB7}.Release|Any CPU.ActiveCfg = Release|Any CPU
		{624DD32E-1673-4FB3-9981-2B4D52AF0CB7}.Release|Any CPU.Build.0 = Release|Any CPU
		{624DD32E-1673-4FB3-9981-2B4D52AF0CB7}.Release|x64.ActiveCfg = Release|x64
		{624DD32E-1673-4FB3-9981-2B4D52AF0CB7}.Release|x64.Build.0 = Release|x64
		{624DD32E-1673-4FB3-9981-2B4D52AF0CB7}.Release|x86.ActiveCfg = Release|x86
		{624DD32E-1673-4FB3-9981-2B4D52AF0CB7}.Release|x86.Build.0 = Release|x86
		{E3077802-5606-4690-953D-69AD9C9A95F7}.Debug|Any CPU.ActiveCfg = Debug|Any CPU
		{E3077802-5606-4690-953D-69AD9C9A95F7}.Debug|Any CPU.Build.0 = Debug|Any CPU
		{E3077802-5606-4690-953D-69AD9C9A95F7}.Debug|x64.ActiveCfg = Debug|x64
		{E3077802-5606-4690-953D-69AD9C9A95F7}.Debug|x64.Build.0 = Debug|x64
		{E3077802-5606-4690-953D-69AD9C9A95F7}.Debug|x86.ActiveCfg = Debug|x86
		{E3077802-5606-4690-953D-69AD9C9A95F7}.Debug|x86.Build.0 = Debug|x86
		{E3077802-5606-4690-953D-69AD9C9A95F7}.Release|Any CPU.ActiveCfg = Release|Any CPU
		{E3077802-5606-4690-953D-69AD9C9A95F7}.Release|Any CPU.Build.0 = Release|Any CPU
		{E3077802-5606-4690-953D-69AD9C9A95F7}.Release|x64.ActiveCfg = Release|x64
		{E3077802-5606-4690-953D-69AD9C9A95F7}.Release|x64.Build.0 = Release|x64
		{E3077802-5606-4690-953D-69AD9C9A95F7}.Release|x86.ActiveCfg = Release|x86
		{E3077802-5606-4690-953D-69AD9C9A95F7}.Release|x86.Build.0 = Release|x86
		{83421DA2-B385-4572-97E5-0E5D50174B79}.Debug|Any CPU.ActiveCfg = Debug|Any CPU
		{83421DA2-B385-4572-97E5-0E5D50174B79}.Debug|Any CPU.Build.0 = Debug|Any CPU
		{83421DA2-B385-4572-97E5-0E5D50174B79}.Debug|x64.ActiveCfg = Debug|x64
		{83421DA2-B385-4572-97E5-0E5D50174B79}.Debug|x64.Build.0 = Debug|x64
		{83421DA2-B385-4572-97E5-0E5D50174B79}.Debug|x86.ActiveCfg = Debug|x86
		{83421DA2-B385-4572-97E5-0E5D50174B79}.Debug|x86.Build.0 = Debug|x86
		{83421DA2-B385-4572-97E5-0E5D50174B79}.Release|Any CPU.ActiveCfg = Release|Any CPU
		{83421DA2-B385-4572-97E5-0E5D50174B79}.Release|Any CPU.Build.0 = Release|Any CPU
		{83421DA2-B385-4572-97E5-0E5D50174B79}.Release|x64.ActiveCfg = Release|x64
		{83421DA2-B385-4572-97E5-0E5D50174B79}.Release|x64.Build.0 = Release|x64
		{83421DA2-B385-4572-97E5-0E5D50174B79}.Release|x86.ActiveCfg = Release|x86
		{83421DA2-B385-4572-97E5-0E5D50174B79}.Release|x86.Build.0 = Release|x86
		{DC33DAD2-4E9A-4264-A40F-3003F6B3A423}.Debug|Any CPU.ActiveCfg = Debug|Any CPU
		{DC33DAD2-4E9A-4264-A40F-3003F6B3A423}.Debug|Any CPU.Build.0 = Debug|Any CPU
		{DC33DAD2-4E9A-4264-A40F-3003F6B3A423}.Debug|x64.ActiveCfg = Debug|x64
		{DC33DAD2-4E9A-4264-A40F-3003F6B3A423}.Debug|x64.Build.0 = Debug|x64
		{DC33DAD2-4E9A-4264-A40F-3003F6B3A423}.Debug|x86.ActiveCfg = Debug|x86
		{DC33DAD2-4E9A-4264-A40F-3003F6B3A423}.Debug|x86.Build.0 = Debug|x86
		{DC33DAD2-4E9A-4264-A40F-3003F6B3A423}.Release|Any CPU.ActiveCfg = Release|Any CPU
		{DC33DAD2-4E9A-4264-A40F-3003F6B3A423}.Release|Any CPU.Build.0 = Release|Any CPU
		{DC33DAD2-4E9A-4264-A40F-3003F6B3A423}.Release|x64.ActiveCfg = Release|x64
		{DC33DAD2-4E9A-4264-A40F-3003F6B3A423}.Release|x64.Build.0 = Release|x64
		{DC33DAD2-4E9A-4264-A40F-3003F6B3A423}.Release|x86.ActiveCfg = Release|x86
		{DC33DAD2-4E9A-4264-A40F-3003F6B3A423}.Release|x86.Build.0 = Release|x86
		{5A25AD8F-29A5-4488-AE09-C0AE13D7F674}.Debug|Any CPU.ActiveCfg = Debug|Any CPU
		{5A25AD8F-29A5-4488-AE09-C0AE13D7F674}.Debug|Any CPU.Build.0 = Debug|Any CPU
		{5A25AD8F-29A5-4488-AE09-C0AE13D7F674}.Debug|x64.ActiveCfg = Debug|x64
		{5A25AD8F-29A5-4488-AE09-C0AE13D7F674}.Debug|x64.Build.0 = Debug|x64
		{5A25AD8F-29A5-4488-AE09-C0AE13D7F674}.Debug|x86.ActiveCfg = Debug|x86
		{5A25AD8F-29A5-4488-AE09-C0AE13D7F674}.Debug|x86.Build.0 = Debug|x86
		{5A25AD8F-29A5-4488-AE09-C0AE13D7F674}.Release|Any CPU.ActiveCfg = Release|Any CPU
		{5A25AD8F-29A5-4488-AE09-C0AE13D7F674}.Release|Any CPU.Build.0 = Release|Any CPU
		{5A25AD8F-29A5-4488-AE09-C0AE13D7F674}.Release|x64.ActiveCfg = Release|x64
		{5A25AD8F-29A5-4488-AE09-C0AE13D7F674}.Release|x64.Build.0 = Release|x64
		{5A25AD8F-29A5-4488-AE09-C0AE13D7F674}.Release|x86.ActiveCfg = Release|x86
		{5A25AD8F-29A5-4488-AE09-C0AE13D7F674}.Release|x86.Build.0 = Release|x86
		{439B506F-592A-4B5C-B04B-50D02F0BAB45}.Debug|Any CPU.ActiveCfg = Debug|Any CPU
		{439B506F-592A-4B5C-B04B-50D02F0BAB45}.Debug|Any CPU.Build.0 = Debug|Any CPU
		{439B506F-592A-4B5C-B04B-50D02F0BAB45}.Debug|x64.ActiveCfg = Debug|x64
		{439B506F-592A-4B5C-B04B-50D02F0BAB45}.Debug|x64.Build.0 = Debug|x64
		{439B506F-592A-4B5C-B04B-50D02F0BAB45}.Debug|x86.ActiveCfg = Debug|x86
		{439B506F-592A-4B5C-B04B-50D02F0BAB45}.Debug|x86.Build.0 = Debug|x86
		{439B506F-592A-4B5C-B04B-50D02F0BAB45}.Release|Any CPU.ActiveCfg = Release|Any CPU
		{439B506F-592A-4B5C-B04B-50D02F0BAB45}.Release|Any CPU.Build.0 = Release|Any CPU
		{439B506F-592A-4B5C-B04B-50D02F0BAB45}.Release|x64.ActiveCfg = Release|x64
		{439B506F-592A-4B5C-B04B-50D02F0BAB45}.Release|x64.Build.0 = Release|x64
		{439B506F-592A-4B5C-B04B-50D02F0BAB45}.Release|x86.ActiveCfg = Release|x86
		{439B506F-592A-4B5C-B04B-50D02F0BAB45}.Release|x86.Build.0 = Release|x86
		{672184FB-4BA1-45BB-A409-BB49FEE3F05E}.Debug|Any CPU.ActiveCfg = Debug|Any CPU
		{672184FB-4BA1-45BB-A409-BB49FEE3F05E}.Debug|Any CPU.Build.0 = Debug|Any CPU
		{672184FB-4BA1-45BB-A409-BB49FEE3F05E}.Debug|x64.ActiveCfg = Debug|x64
		{672184FB-4BA1-45BB-A409-BB49FEE3F05E}.Debug|x64.Build.0 = Debug|x64
		{672184FB-4BA1-45BB-A409-BB49FEE3F05E}.Debug|x86.ActiveCfg = Debug|x86
		{672184FB-4BA1-45BB-A409-BB49FEE3F05E}.Debug|x86.Build.0 = Debug|x86
		{672184FB-4BA1-45BB-A409-BB49FEE3F05E}.Release|Any CPU.ActiveCfg = Release|Any CPU
		{672184FB-4BA1-45BB-A409-BB49FEE3F05E}.Release|Any CPU.Build.0 = Release|Any CPU
		{672184FB-4BA1-45BB-A409-BB49FEE3F05E}.Release|x64.ActiveCfg = Release|x64
		{672184FB-4BA1-45BB-A409-BB49FEE3F05E}.Release|x64.Build.0 = Release|x64
		{672184FB-4BA1-45BB-A409-BB49FEE3F05E}.Release|x86.ActiveCfg = Release|x86
		{672184FB-4BA1-45BB-A409-BB49FEE3F05E}.Release|x86.Build.0 = Release|x86
		{67BEB2EE-308B-45C5-AF22-ED0C1B6EFD90}.Debug|Any CPU.ActiveCfg = Debug|Any CPU
		{67BEB2EE-308B-45C5-AF22-ED0C1B6EFD90}.Debug|Any CPU.Build.0 = Debug|Any CPU
		{67BEB2EE-308B-45C5-AF22-ED0C1B6EFD90}.Debug|x64.ActiveCfg = Debug|x64
		{67BEB2EE-308B-45C5-AF22-ED0C1B6EFD90}.Debug|x64.Build.0 = Debug|x64
		{67BEB2EE-308B-45C5-AF22-ED0C1B6EFD90}.Debug|x86.ActiveCfg = Debug|x86
		{67BEB2EE-308B-45C5-AF22-ED0C1B6EFD90}.Debug|x86.Build.0 = Debug|x86
		{67BEB2EE-308B-45C5-AF22-ED0C1B6EFD90}.Release|Any CPU.ActiveCfg = Release|Any CPU
		{67BEB2EE-308B-45C5-AF22-ED0C1B6EFD90}.Release|Any CPU.Build.0 = Release|Any CPU
		{67BEB2EE-308B-45C5-AF22-ED0C1B6EFD90}.Release|x64.ActiveCfg = Release|x64
		{67BEB2EE-308B-45C5-AF22-ED0C1B6EFD90}.Release|x64.Build.0 = Release|x64
		{67BEB2EE-308B-45C5-AF22-ED0C1B6EFD90}.Release|x86.ActiveCfg = Release|x86
		{67BEB2EE-308B-45C5-AF22-ED0C1B6EFD90}.Release|x86.Build.0 = Release|x86
		{A574911A-4C98-422C-8BC4-476234513838}.Debug|Any CPU.ActiveCfg = Debug|Any CPU
		{A574911A-4C98-422C-8BC4-476234513838}.Debug|Any CPU.Build.0 = Debug|Any CPU
		{A574911A-4C98-422C-8BC4-476234513838}.Debug|x64.ActiveCfg = Debug|x64
		{A574911A-4C98-422C-8BC4-476234513838}.Debug|x64.Build.0 = Debug|x64
		{A574911A-4C98-422C-8BC4-476234513838}.Debug|x86.ActiveCfg = Debug|x86
		{A574911A-4C98-422C-8BC4-476234513838}.Debug|x86.Build.0 = Debug|x86
		{A574911A-4C98-422C-8BC4-476234513838}.Release|Any CPU.ActiveCfg = Release|Any CPU
		{A574911A-4C98-422C-8BC4-476234513838}.Release|Any CPU.Build.0 = Release|Any CPU
		{A574911A-4C98-422C-8BC4-476234513838}.Release|x64.ActiveCfg = Release|x64
		{A574911A-4C98-422C-8BC4-476234513838}.Release|x64.Build.0 = Release|x64
		{A574911A-4C98-422C-8BC4-476234513838}.Release|x86.ActiveCfg = Release|x86
		{A574911A-4C98-422C-8BC4-476234513838}.Release|x86.Build.0 = Release|x86
	EndGlobalSection
	GlobalSection(SolutionProperties) = preSolution
		HideSolutionNode = FALSE
	EndGlobalSection
	GlobalSection(ExtensibilityGlobals) = postSolution
		SolutionGuid = {FC03C7DB-51AB-4E81-9BAE-407AF9E606FF}
	EndGlobalSection
	GlobalSection(TeamFoundationVersionControl) = preSolution
		SccNumberOfProjects = 28
		SccEnterpriseProvider = {4CA58AB2-18FA-4F8D-95D4-32DDF27D184C}
		SccTeamFoundationServer = http://tfs.swgao.net:8080/tfs/sourcecode
		SccProjectUniqueName0 = GA\\BDC\\Core\\Reporting\\Artefact\\GA.BDC.Core.Reporting.Artefact.csproj
		SccProjectName0 = GA/BDC/Core/Reporting/Artefact
		SccLocalPath0 = GA\\BDC\\Core\\Reporting\\Artefact
		SccProjectUniqueName1 = GA\\BDC\\Core\\Collections\\GA.BDC.Core.Collections.csproj
		SccProjectName1 = GA/BDC/Core/Collections
		SccLocalPath1 = GA\\BDC\\Core\\Collections
		SccProjectUniqueName2 = GA\\BDC\\Core\\Email\\GA.BDC.Core.Email.csproj
		SccProjectName2 = GA/BDC/Core/Email
		SccLocalPath2 = GA\\BDC\\Core\\Email
		SccProjectUniqueName3 = GA\\BDC\\Core\\Data\\Sql\\GA.BDC.Core.Data.Sql.csproj
		SccProjectName3 = GA/BDC/Core/Data/Sql
		SccLocalPath3 = GA\\BDC\\Core\\Data\\Sql
		SccProjectUniqueName4 = GA\\BDC\\Core\\Xml\\GA.BDC.Core.Xml.csproj
		SccProjectName4 = GA/BDC/Core/Xml
		SccLocalPath4 = GA\\BDC\\Core\\Xml
		SccProjectUniqueName5 = GA\\BDC\\Core\\Diagnostics\\GA.BDC.Core.Diagnostics.csproj
		SccProjectName5 = GA/BDC/Core/Diagnostics
		SccLocalPath5 = GA\\BDC\\Core\\Diagnostics
		SccProjectUniqueName6 = GA\\BDC\\Core\\Configuration\\GA.BDC.Core.Configuration.csproj
		SccProjectName6 = GA/BDC/Core/Configuration
		SccLocalPath6 = GA\\BDC\\Core\\Configuration
		SccProjectUniqueName7 = GA\\BDC\\Core\\BusinessBase\\GA.BDC.Core.BusinessBase.csproj
		SccProjectName7 = GA/BDC/Core/BusinessBase
		SccLocalPath7 = GA\\BDC\\Core\\BusinessBase
		SccProjectUniqueName8 = GA\\BDC\\Core\\AddressBooks\\GA.BDC.Core.AddressBooks.csproj
		SccProjectName8 = GA/BDC/Core/AddressBooks
		SccLocalPath8 = GA\\BDC\\Core\\AddressBooks
		SccProjectUniqueName9 = GA\\BDC\\Core\\EnterpriseComponents\\GA.BDC.Core.EnterpriseComponents.csproj
		SccProjectName9 = GA/BDC/Core/EnterpriseComponents
		SccLocalPath9 = GA\\BDC\\Core\\EnterpriseComponents
		SccProjectUniqueName10 = GA\\BDC\\Core\\Database\\GA.BDC.Core.Database.csproj
		SccProjectName10 = GA/BDC/Core/Database
		SccLocalPath10 = GA\\BDC\\Core\\Database
		SccProjectUniqueName11 = GA\\BDC\\Core\\Database\\efundraising\\GA.BDC.Core.Database.efundraising.csproj
		SccProjectName11 = GA/BDC/Core/Database/efundraising
		SccLocalPath11 = GA\\BDC\\Core\\Database\\efundraising
		SccProjectUniqueName12 = GA\\BDC\\Core\\EnterpriseStandards\\GA.BDC.Core.EnterpriseStandards.csproj
		SccProjectName12 = GA/BDC/Core/EnterpriseStandards
		SccLocalPath12 = GA\\BDC\\Core\\EnterpriseStandards
		SccProjectUniqueName13 = GA\\BDC\\Core\\Validation\\GA.BDC.Core.Validation.csproj
		SccProjectName13 = GA/BDC/Core/Validation
		SccLocalPath13 = GA\\BDC\\Core\\Validation
		SccProjectUniqueName14 = GA\\BDC\\Core\\Utilities\\Encryption\\DES\\GA.BDC.Core.Utilities.Encryption.DES.csproj
		SccProjectName14 = GA/BDC/Core/Utilities/Encryption/DES
		SccLocalPath14 = GA\\BDC\\Core\\Utilities\\Encryption\\DES
		SccProjectUniqueName15 = GA\\BDC\\Core\\EFundraisingCRM\\GA.BDC.Core.EFundraisingCRM.csproj
		SccProjectName15 = GA/BDC/Core/EFundraisingCRM
		SccLocalPath15 = GA\\BDC\\Core\\EFundraisingCRM
		SccProjectUniqueName16 = GA\\BDC\\Core\\efundraisingCore\\GA.BDC.Core.efundraisingCore.csproj
		SccProjectName16 = GA/BDC/Core/efundraisingCore
		SccLocalPath16 = GA\\BDC\\Core\\efundraisingCore
		SccProjectUniqueName17 = GA\\BDC\\Core\\eFundraisingCommon\\GA.BDC.Core.eFundraisingCommon.csproj
		SccProjectName17 = GA/BDC/Core/eFundraisingCommon
		SccLocalPath17 = GA\\BDC\\Core\\eFundraisingCommon
		SccProjectUniqueName18 = GA\\BDC\\Core\\Email\\MassMail\\GA.BDC.Core.Email.MassMail.csproj
		SccProjectName18 = GA/BDC/Core/Email/MassMail
		SccLocalPath18 = GA\\BDC\\Core\\Email\\MassMail
		SccProjectUniqueName19 = GA\\BDC\\Core\\Utilities\\Validation\\GA.BDC.Core.Utilities.Validation.csproj
		SccProjectName19 = GA/BDC/Core/Utilities/Validation
		SccLocalPath19 = GA\\BDC\\Core\\Utilities\\Validation
		SccProjectUniqueName20 = GA\\BDC\\Core\\Parsers\\GA.BDC.Core.Parsers.csproj
		SccProjectName20 = GA/BDC/Core/Parsers
		SccLocalPath20 = GA\\BDC\\Core\\Parsers
		SccProjectUniqueName21 = GA\\BDC\\Core\\ESubsGlobal\\GA.BDC.Core.ESubsGlobal.csproj
		SccProjectName21 = GA/BDC/Core/ESubsGlobal
		SccLocalPath21 = GA\\BDC\\Core\\ESubsGlobal
		SccProjectUniqueName22 = GA\\BDC\\Core\\Utilities\\GA.BDC.Core.Utilities.csproj
		SccProjectName22 = GA/BDC/Core/Utilities
		SccLocalPath22 = GA\\BDC\\Core\\Utilities
		SccProjectUniqueName23 = GA\\BDC\\Core\\Utilities\\IO\\GA.BDC.Core.Utilities.IO.csproj
		SccProjectName23 = GA/BDC/Core/Utilities/IO
		SccLocalPath23 = GA\\BDC\\Core\\Utilities\\IO
		SccProjectUniqueName24 = GA\\BDC\\Core\\Utilities\\NET\\GA.BDC.Core.Utilities.NET.csproj
		SccProjectName24 = GA/BDC/Core/Utilities/NET
		SccLocalPath24 = GA\\BDC\\Core\\Utilities\\NET
		SccProjectUniqueName25 = GA\\BDC\\Core\\Web\\UI\\UIControls\\GA.BDC.Core.Web.UI.UIControls.csproj
		SccProjectName25 = GA/BDC/Core/Web/UI/UIControls
		SccLocalPath25 = GA\\BDC\\Core\\Web\\UI\\UIControls
		SccProjectUniqueName26 = GA\\BDC\\Core\\WebTracking\\GA.BDC.Core.WebTracking.csproj
		SccProjectName26 = GA/BDC/Core/WebTracking
		SccLocalPath26 = GA\\BDC\\Core\\WebTracking
		SccLocalPath27 = .
	EndGlobalSection
EndGlobal
