
Microsoft Visual Studio Solution File, Format Version 12.00
# Visual Studio Version 16
VisualStudioVersion = 16.0.29102.190
MinimumVisualStudioVersion = 10.0.40219.1
Project("{2150E333-8FDC-42A3-9474-1A3956D46DE8}") = "GA.Core", "GA.Core", "{139193CD-3971-4D45-ACCB-C5D0CD1AF13E}"
EndProject
Project("{2150E333-8FDC-42A3-9474-1A3956D46DE8}") = "GA.Store", "GA.Store", "{A0061A9C-0AAB-4902-9F58-4922BE7B38D9}"
EndProject
Project("{2150E333-8FDC-42A3-9474-1A3956D46DE8}") = "GA.Pay", "GA.Pay", "{C3550AFB-9F2F-4AA3-B2E3-3DFF6A4E65DA}"
EndProject
Project("{FAE04EC0-301F-11D3-BF4B-00C04F79EFBC}") = "GA.Core.Server", "GA\Core\Server\GA.Core.Server.csproj", "{A2BE450F-5CCA-4FEF-9DFC-CC30364B9523}"
EndProject
Project("{FAE04EC0-301F-11D3-BF4B-00C04F79EFBC}") = "GA.Core.Data", "GA\Core\Data\GA.Core.Data.csproj", "{483169CD-E722-4A66-B35D-342EDE0D2157}"
EndProject
Project("{9A19103F-16F7-4668-BE54-9A1E7A4F7556}") = "GA.Core.Shared", "GA\Core\Shared\GA.Core.Shared.csproj", "{570BF7F0-6C41-42C4-A4E6-7494957F9E08}"
EndProject
Project("{FAE04EC0-301F-11D3-BF4B-00C04F79EFBC}") = "GA.Core.ServiceLibrary", "GA\Core\ServiceLibrary\GA.Core.ServiceLibrary.csproj", "{901D0187-C131-4CEC-B58A-95AC7EEE4FCC}"
EndProject
Project("{FAE04EC0-301F-11D3-BF4B-00C04F79EFBC}") = "GA.Core.Business", "GA\Core\Business\GA.Core.Business.csproj", "{6958EC81-7EAA-4956-AB33-38BC888B29C9}"
EndProject
Project("{FAE04EC0-301F-11D3-BF4B-00C04F79EFBC}") = "GA.Store.Business", "GA\Store\Business\GA.Store.Business.csproj", "{FC9718E1-DAB4-4938-83AB-0693214D6B7D}"
EndProject
Project("{FAE04EC0-301F-11D3-BF4B-00C04F79EFBC}") = "GA.Store.ServiceLibrary", "GA\Store\ServiceLibrary\GA.Store.ServiceLibrary.csproj", "{DDD53820-071E-4D06-97D2-0A8E92008826}"
EndProject
Project("{9A19103F-16F7-4668-BE54-9A1E7A4F7556}") = "GA.Store.Shared", "GA\Store\Shared\GA.Store.Shared.csproj", "{E49E9742-B7F9-4378-879E-254E500306E5}"
EndProject
Project("{FAE04EC0-301F-11D3-BF4B-00C04F79EFBC}") = "GA.Store.Data", "GA\Store\Data\GA.Store.Data.csproj", "{1166CEA6-4986-4270-894E-0A997DEC2F90}"
EndProject
Project("{FAE04EC0-301F-11D3-BF4B-00C04F79EFBC}") = "GA.Pay.ServiceLibrary", "GA\Pay\ServiceLibrary\GA.Pay.ServiceLibrary.csproj", "{370D6E02-C312-42FA-9FC3-B79687ADE296}"
EndProject
Project("{FAE04EC0-301F-11D3-BF4B-00C04F79EFBC}") = "GA.Pay.Shared", "GA\Pay\Shared\GA.Pay.Shared.csproj", "{F77DCEB5-BF02-44EF-9B01-07E32703ABD9}"
EndProject
Project("{FAE04EC0-301F-11D3-BF4B-00C04F79EFBC}") = "GA.Pay.Business", "GA\Pay\Business\GA.Pay.Business.csproj", "{1C63C3BC-51F6-44BC-AA82-AAB0A6EC7683}"
EndProject
Project("{FAE04EC0-301F-11D3-BF4B-00C04F79EFBC}") = "GA.Pay.Data", "GA\Pay\Data\GA.Pay.Data.csproj", "{C718CAD4-F186-4E4B-AE8B-17640ECF4BA7}"
EndProject
Project("{FAE04EC0-301F-11D3-BF4B-00C04F79EFBC}") = "GA.BDC.Integration", "GA\BDC\Integration\GA.BDC.Integration.csproj", "{E964840C-B2FC-49FA-8824-D18DECB9058E}"
EndProject
Project("{FAE04EC0-301F-11D3-BF4B-00C04F79EFBC}") = "GA.BDC.Data", "GA\BDC\Data\GA.BDC.Data.csproj", "{2A489D5C-2E16-447A-B351-F6A01860435C}"
EndProject
Project("{2150E333-8FDC-42A3-9474-1A3956D46DE8}") = "GA.Portal", "GA.Portal", "{77544D9A-A879-4393-8126-4C2393A7B88D}"
EndProject
Project("{FAE04EC0-301F-11D3-BF4B-00C04F79EFBC}") = "GA.Portal.ServiceLibrary", "GA\Portal\ServiceLibrary\GA.Portal.ServiceLibrary.csproj", "{D3ED2417-88D0-4F5A-82F8-86D7E9AF50C8}"
EndProject
Project("{FAE04EC0-301F-11D3-BF4B-00C04F79EFBC}") = "GA.Portal.Business", "GA\Portal\Business\GA.Portal.Business.csproj", "{6AB126FA-E375-4AC7-9658-F2366B9DB435}"
EndProject
Project("{FAE04EC0-301F-11D3-BF4B-00C04F79EFBC}") = "GA.Portal.Data", "GA\Portal\Data\GA.Portal.Data.csproj", "{48CC85C4-D183-49CE-B77F-841452C1C447}"
EndProject
Project("{2150E333-8FDC-42A3-9474-1A3956D46DE8}") = "GA.BDC", "GA.BDC", "{6D752C16-8C1A-4276-A291-1F9E1E1EB154}"
EndProject
Project("{FAE04EC0-301F-11D3-BF4B-00C04F79EFBC}") = "GA.Portal.Shared", "GA\Portal\Shared\GA.Portal.Shared.csproj", "{68457B7D-9651-455B-AB15-89186158B66F}"
EndProject
Project("{FAE04EC0-301F-11D3-BF4B-00C04F79EFBC}") = "GA.Core.Integration", "GA\Core\Integration\GA.Core.Integration.csproj", "{45D5B5C8-01AF-4668-89DC-FE83CC00D7AD}"
EndProject
Project("{2150E333-8FDC-42A3-9474-1A3956D46DE8}") = "GA.CustomerCare", "GA.CustomerCare", "{617E6F35-9A14-40F2-B572-848E8D11255E}"
EndProject
Project("{FAE04EC0-301F-11D3-BF4B-00C04F79EFBC}") = "GA.CustomerCare.Business", "GA\CustomerCare\Business\GA.CustomerCare.Business.csproj", "{F0DEB40C-82AD-49BF-839D-99CB5C8BE67E}"
EndProject
Project("{FAE04EC0-301F-11D3-BF4B-00C04F79EFBC}") = "GA.CustomerCare.ServiceLibrary", "GA\CustomerCare\ServiceLibrary\GA.CustomerCare.ServiceLibrary.csproj", "{2E443D15-8132-45AE-8480-B36C1B3E704F}"
EndProject
Project("{FAE04EC0-301F-11D3-BF4B-00C04F79EFBC}") = "GA.CustomerCare.Shared", "GA\CustomerCare\Shared\GA.CustomerCare.Shared.csproj", "{80C36EDC-4DFC-4982-970A-E6B20904CE3E}"
EndProject
Project("{FAE04EC0-301F-11D3-BF4B-00C04F79EFBC}") = "GA.CustomerCare.Data", "GA\CustomerCare\Data\GA.CustomerCare.Data.csproj", "{0D3EEB69-A0A2-4790-9C16-35CF88983A09}"
EndProject
Project("{FAE04EC0-301F-11D3-BF4B-00C04F79EFBC}") = "GA.Store.Integration", "GA\Store\Integration\GA.Store.Integration.csproj", "{45653262-843D-472C-AA4F-744358CA60F5}"
EndProject
Project("{2150E333-8FDC-42A3-9474-1A3956D46DE8}") = "GA.Sales", "GA.Sales", "{9449A239-F02B-4603-8B3B-922545461E57}"
EndProject
Project("{FAE04EC0-301F-11D3-BF4B-00C04F79EFBC}") = "GA.Sales.Shared", "GA\Sales\Shared\GA.Sales.Shared.csproj", "{12150253-C33B-44FD-9D99-E99CEA61C02D}"
EndProject
Project("{FAE04EC0-301F-11D3-BF4B-00C04F79EFBC}") = "GA.Sales.Business", "GA\Sales\Business\GA.Sales.Business.csproj", "{590FF2D7-8F87-412B-A8DF-066291BCCCDC}"
EndProject
Project("{FAE04EC0-301F-11D3-BF4B-00C04F79EFBC}") = "GA.Sales.Data", "GA\Sales\Data\GA.Sales.Data.csproj", "{A11248A5-CBC1-426B-BC88-02D1D6E31209}"
EndProject
Project("{FAE04EC0-301F-11D3-BF4B-00C04F79EFBC}") = "GA.Sales.Integration", "GA\Sales\Integration\GA.Sales.Integration.csproj", "{F834973A-0BE2-42C9-81AF-F8516188AF9A}"
EndProject
Project("{FAE04EC0-301F-11D3-BF4B-00C04F79EFBC}") = "GA.Sales.ServiceLibrary", "GA\Sales\ServiceLibrary\GA.Sales.ServiceLibrary.csproj", "{C2532B08-6C77-471E-8AF7-EC5B5B0C7146}"
EndProject
Project("{FAE04EC0-301F-11D3-BF4B-00C04F79EFBC}") = "GA.Portal.Integration", "GA\Portal\Integration\GA.Portal.Integration.csproj", "{1425BF89-2087-4104-9456-D0FCEFA67F9B}"
EndProject
Project("{2150E333-8FDC-42A3-9474-1A3956D46DE8}") = "SWF.Donations", "SWF.Donations", "{E3212AAF-FF8D-4FDC-B564-3B0BC728DF3D}"
EndProject
Project("{9A19103F-16F7-4668-BE54-9A1E7A4F7556}") = "SWF.Donations.Shared", "SWF\Donations\Shared\SWF.Donations.Shared.csproj", "{4DD47F26-1696-4D3F-B012-1C45E1AED338}"
EndProject
Project("{FAE04EC0-301F-11D3-BF4B-00C04F79EFBC}") = "SWF.Donations.ServiceLibrary", "SWF\Donations\ServiceLibrary\SWF.Donations.ServiceLibrary.csproj", "{213705BA-DB7F-4C6D-A52D-BD6320C806C1}"
EndProject
Project("{FAE04EC0-301F-11D3-BF4B-00C04F79EFBC}") = "SWF.Donations.Data", "SWF\Donations\Data\SWF.Donations.Data.csproj", "{82A8F1FF-8208-46FE-8450-A14511B2B75D}"
EndProject
Project("{FAE04EC0-301F-11D3-BF4B-00C04F79EFBC}") = "SWF.Donations.Business", "SWF\Donations\Business\SWF.Donations.Business.csproj", "{9AE41EBF-52F0-49AB-BB1B-96E633D0296A}"
EndProject
Project("{FAE04EC0-301F-11D3-BF4B-00C04F79EFBC}") = "SWF.Donations.Integration", "SWF\Donations\Integration\SWF.Donations.Integration.csproj", "{025BE2BB-4DB7-44E3-A201-B2FED45A9FE2}"
EndProject
Project("{2150E333-8FDC-42A3-9474-1A3956D46DE8}") = "__CodeGeneration", "__CodeGeneration", "{6BF44BB7-888C-49B7-BD46-6E03DD4198AB}"
EndProject
Project("{2150E333-8FDC-42A3-9474-1A3956D46DE8}") = "T4", "T4", "{FDCFA712-3EA7-49D5-A643-789B02097B6B}"
EndProject
Project("{2150E333-8FDC-42A3-9474-1A3956D46DE8}") = "SAP", "SAP", "{C429F277-E91B-4BC4-A0BB-9A7D30BA2A85}"
	ProjectSection(SolutionItems) = preProject
		__CodeGeneration\T4\SAP\DataTypeTranslation.ttinclude = __CodeGeneration\T4\SAP\DataTypeTranslation.ttinclude
		__CodeGeneration\T4\SAP\IDocGenerator.ttinclude = __CodeGeneration\T4\SAP\IDocGenerator.ttinclude
		__CodeGeneration\T4\SAP\WebServiceContractGenerator.ttinclude = __CodeGeneration\T4\SAP\WebServiceContractGenerator.ttinclude
	EndProjectSection
EndProject
Project("{2150E333-8FDC-42A3-9474-1A3956D46DE8}") = "model", "model", "{F0776A11-CDE9-4BF6-BB9C-21DE1D6ABF79}"
	ProjectSection(SolutionItems) = preProject
		__CodeGeneration\T4\SAP\model\IDOC_MESSAGE_TYPE.tt = __CodeGeneration\T4\SAP\model\IDOC_MESSAGE_TYPE.tt
		__CodeGeneration\T4\SAP\model\Zxx_MODEL_WEBSERVICE.tt = __CodeGeneration\T4\SAP\model\Zxx_MODEL_WEBSERVICE.tt
	EndProjectSection
EndProject
Global
	GlobalSection(SolutionConfigurationPlatforms) = preSolution
		1.DEV|Any CPU = 1.DEV|Any CPU
		2.TEST|Any CPU = 2.TEST|Any CPU
		3.PROD|Any CPU = 3.PROD|Any CPU
	EndGlobalSection
	GlobalSection(ProjectConfigurationPlatforms) = postSolution
		{A2BE450F-5CCA-4FEF-9DFC-CC30364B9523}.1.DEV|Any CPU.ActiveCfg = 1.DEV|Any CPU
		{A2BE450F-5CCA-4FEF-9DFC-CC30364B9523}.1.DEV|Any CPU.Build.0 = 1.DEV|Any CPU
		{A2BE450F-5CCA-4FEF-9DFC-CC30364B9523}.2.TEST|Any CPU.ActiveCfg = 2.TEST|Any CPU
		{A2BE450F-5CCA-4FEF-9DFC-CC30364B9523}.2.TEST|Any CPU.Build.0 = 2.TEST|Any CPU
		{A2BE450F-5CCA-4FEF-9DFC-CC30364B9523}.3.PROD|Any CPU.ActiveCfg = 3.PROD|Any CPU
		{A2BE450F-5CCA-4FEF-9DFC-CC30364B9523}.3.PROD|Any CPU.Build.0 = 3.PROD|Any CPU
		{483169CD-E722-4A66-B35D-342EDE0D2157}.1.DEV|Any CPU.ActiveCfg = Debug|Any CPU
		{483169CD-E722-4A66-B35D-342EDE0D2157}.1.DEV|Any CPU.Build.0 = Debug|Any CPU
		{483169CD-E722-4A66-B35D-342EDE0D2157}.2.TEST|Any CPU.ActiveCfg = Debug|Any CPU
		{483169CD-E722-4A66-B35D-342EDE0D2157}.2.TEST|Any CPU.Build.0 = Debug|Any CPU
		{483169CD-E722-4A66-B35D-342EDE0D2157}.3.PROD|Any CPU.ActiveCfg = Release|Any CPU
		{483169CD-E722-4A66-B35D-342EDE0D2157}.3.PROD|Any CPU.Build.0 = Release|Any CPU
		{570BF7F0-6C41-42C4-A4E6-7494957F9E08}.1.DEV|Any CPU.ActiveCfg = Debug|Any CPU
		{570BF7F0-6C41-42C4-A4E6-7494957F9E08}.1.DEV|Any CPU.Build.0 = Debug|Any CPU
		{570BF7F0-6C41-42C4-A4E6-7494957F9E08}.2.TEST|Any CPU.ActiveCfg = Debug|Any CPU
		{570BF7F0-6C41-42C4-A4E6-7494957F9E08}.2.TEST|Any CPU.Build.0 = Debug|Any CPU
		{570BF7F0-6C41-42C4-A4E6-7494957F9E08}.3.PROD|Any CPU.ActiveCfg = Release|Any CPU
		{570BF7F0-6C41-42C4-A4E6-7494957F9E08}.3.PROD|Any CPU.Build.0 = Release|Any CPU
		{901D0187-C131-4CEC-B58A-95AC7EEE4FCC}.1.DEV|Any CPU.ActiveCfg = Debug|Any CPU
		{901D0187-C131-4CEC-B58A-95AC7EEE4FCC}.1.DEV|Any CPU.Build.0 = Debug|Any CPU
		{901D0187-C131-4CEC-B58A-95AC7EEE4FCC}.2.TEST|Any CPU.ActiveCfg = Debug|Any CPU
		{901D0187-C131-4CEC-B58A-95AC7EEE4FCC}.2.TEST|Any CPU.Build.0 = Debug|Any CPU
		{901D0187-C131-4CEC-B58A-95AC7EEE4FCC}.3.PROD|Any CPU.ActiveCfg = Release|Any CPU
		{901D0187-C131-4CEC-B58A-95AC7EEE4FCC}.3.PROD|Any CPU.Build.0 = Release|Any CPU
		{6958EC81-7EAA-4956-AB33-38BC888B29C9}.1.DEV|Any CPU.ActiveCfg = Debug|Any CPU
		{6958EC81-7EAA-4956-AB33-38BC888B29C9}.1.DEV|Any CPU.Build.0 = Debug|Any CPU
		{6958EC81-7EAA-4956-AB33-38BC888B29C9}.2.TEST|Any CPU.ActiveCfg = Debug|Any CPU
		{6958EC81-7EAA-4956-AB33-38BC888B29C9}.2.TEST|Any CPU.Build.0 = Debug|Any CPU
		{6958EC81-7EAA-4956-AB33-38BC888B29C9}.3.PROD|Any CPU.ActiveCfg = Release|Any CPU
		{6958EC81-7EAA-4956-AB33-38BC888B29C9}.3.PROD|Any CPU.Build.0 = Release|Any CPU
		{FC9718E1-DAB4-4938-83AB-0693214D6B7D}.1.DEV|Any CPU.ActiveCfg = Debug|Any CPU
		{FC9718E1-DAB4-4938-83AB-0693214D6B7D}.1.DEV|Any CPU.Build.0 = Debug|Any CPU
		{FC9718E1-DAB4-4938-83AB-0693214D6B7D}.2.TEST|Any CPU.ActiveCfg = Debug|Any CPU
		{FC9718E1-DAB4-4938-83AB-0693214D6B7D}.2.TEST|Any CPU.Build.0 = Debug|Any CPU
		{FC9718E1-DAB4-4938-83AB-0693214D6B7D}.3.PROD|Any CPU.ActiveCfg = Release|Any CPU
		{FC9718E1-DAB4-4938-83AB-0693214D6B7D}.3.PROD|Any CPU.Build.0 = Release|Any CPU
		{DDD53820-071E-4D06-97D2-0A8E92008826}.1.DEV|Any CPU.ActiveCfg = Debug|Any CPU
		{DDD53820-071E-4D06-97D2-0A8E92008826}.1.DEV|Any CPU.Build.0 = Debug|Any CPU
		{DDD53820-071E-4D06-97D2-0A8E92008826}.2.TEST|Any CPU.ActiveCfg = Debug|Any CPU
		{DDD53820-071E-4D06-97D2-0A8E92008826}.2.TEST|Any CPU.Build.0 = Debug|Any CPU
		{DDD53820-071E-4D06-97D2-0A8E92008826}.3.PROD|Any CPU.ActiveCfg = Release|Any CPU
		{DDD53820-071E-4D06-97D2-0A8E92008826}.3.PROD|Any CPU.Build.0 = Release|Any CPU
		{E49E9742-B7F9-4378-879E-254E500306E5}.1.DEV|Any CPU.ActiveCfg = Debug|Any CPU
		{E49E9742-B7F9-4378-879E-254E500306E5}.1.DEV|Any CPU.Build.0 = Debug|Any CPU
		{E49E9742-B7F9-4378-879E-254E500306E5}.2.TEST|Any CPU.ActiveCfg = Debug|Any CPU
		{E49E9742-B7F9-4378-879E-254E500306E5}.2.TEST|Any CPU.Build.0 = Debug|Any CPU
		{E49E9742-B7F9-4378-879E-254E500306E5}.3.PROD|Any CPU.ActiveCfg = Release|Any CPU
		{E49E9742-B7F9-4378-879E-254E500306E5}.3.PROD|Any CPU.Build.0 = Release|Any CPU
		{1166CEA6-4986-4270-894E-0A997DEC2F90}.1.DEV|Any CPU.ActiveCfg = Debug|Any CPU
		{1166CEA6-4986-4270-894E-0A997DEC2F90}.1.DEV|Any CPU.Build.0 = Debug|Any CPU
		{1166CEA6-4986-4270-894E-0A997DEC2F90}.2.TEST|Any CPU.ActiveCfg = Debug|Any CPU
		{1166CEA6-4986-4270-894E-0A997DEC2F90}.2.TEST|Any CPU.Build.0 = Debug|Any CPU
		{1166CEA6-4986-4270-894E-0A997DEC2F90}.3.PROD|Any CPU.ActiveCfg = Release|Any CPU
		{1166CEA6-4986-4270-894E-0A997DEC2F90}.3.PROD|Any CPU.Build.0 = Release|Any CPU
		{370D6E02-C312-42FA-9FC3-B79687ADE296}.1.DEV|Any CPU.ActiveCfg = Debug|Any CPU
		{370D6E02-C312-42FA-9FC3-B79687ADE296}.1.DEV|Any CPU.Build.0 = Debug|Any CPU
		{370D6E02-C312-42FA-9FC3-B79687ADE296}.2.TEST|Any CPU.ActiveCfg = Debug|Any CPU
		{370D6E02-C312-42FA-9FC3-B79687ADE296}.2.TEST|Any CPU.Build.0 = Debug|Any CPU
		{370D6E02-C312-42FA-9FC3-B79687ADE296}.3.PROD|Any CPU.ActiveCfg = Release|Any CPU
		{370D6E02-C312-42FA-9FC3-B79687ADE296}.3.PROD|Any CPU.Build.0 = Release|Any CPU
		{F77DCEB5-BF02-44EF-9B01-07E32703ABD9}.1.DEV|Any CPU.ActiveCfg = Debug|Any CPU
		{F77DCEB5-BF02-44EF-9B01-07E32703ABD9}.1.DEV|Any CPU.Build.0 = Debug|Any CPU
		{F77DCEB5-BF02-44EF-9B01-07E32703ABD9}.2.TEST|Any CPU.ActiveCfg = Debug|Any CPU
		{F77DCEB5-BF02-44EF-9B01-07E32703ABD9}.2.TEST|Any CPU.Build.0 = Debug|Any CPU
		{F77DCEB5-BF02-44EF-9B01-07E32703ABD9}.3.PROD|Any CPU.ActiveCfg = Release|Any CPU
		{F77DCEB5-BF02-44EF-9B01-07E32703ABD9}.3.PROD|Any CPU.Build.0 = Release|Any CPU
		{1C63C3BC-51F6-44BC-AA82-AAB0A6EC7683}.1.DEV|Any CPU.ActiveCfg = Debug|Any CPU
		{1C63C3BC-51F6-44BC-AA82-AAB0A6EC7683}.1.DEV|Any CPU.Build.0 = Debug|Any CPU
		{1C63C3BC-51F6-44BC-AA82-AAB0A6EC7683}.2.TEST|Any CPU.ActiveCfg = Debug|Any CPU
		{1C63C3BC-51F6-44BC-AA82-AAB0A6EC7683}.2.TEST|Any CPU.Build.0 = Debug|Any CPU
		{1C63C3BC-51F6-44BC-AA82-AAB0A6EC7683}.3.PROD|Any CPU.ActiveCfg = Release|Any CPU
		{1C63C3BC-51F6-44BC-AA82-AAB0A6EC7683}.3.PROD|Any CPU.Build.0 = Release|Any CPU
		{C718CAD4-F186-4E4B-AE8B-17640ECF4BA7}.1.DEV|Any CPU.ActiveCfg = Debug|Any CPU
		{C718CAD4-F186-4E4B-AE8B-17640ECF4BA7}.1.DEV|Any CPU.Build.0 = Debug|Any CPU
		{C718CAD4-F186-4E4B-AE8B-17640ECF4BA7}.2.TEST|Any CPU.ActiveCfg = Debug|Any CPU
		{C718CAD4-F186-4E4B-AE8B-17640ECF4BA7}.2.TEST|Any CPU.Build.0 = Debug|Any CPU
		{C718CAD4-F186-4E4B-AE8B-17640ECF4BA7}.3.PROD|Any CPU.ActiveCfg = Release|Any CPU
		{C718CAD4-F186-4E4B-AE8B-17640ECF4BA7}.3.PROD|Any CPU.Build.0 = Release|Any CPU
		{E964840C-B2FC-49FA-8824-D18DECB9058E}.1.DEV|Any CPU.ActiveCfg = Debug|Any CPU
		{E964840C-B2FC-49FA-8824-D18DECB9058E}.1.DEV|Any CPU.Build.0 = Debug|Any CPU
		{E964840C-B2FC-49FA-8824-D18DECB9058E}.2.TEST|Any CPU.ActiveCfg = Debug|Any CPU
		{E964840C-B2FC-49FA-8824-D18DECB9058E}.2.TEST|Any CPU.Build.0 = Debug|Any CPU
		{E964840C-B2FC-49FA-8824-D18DECB9058E}.3.PROD|Any CPU.ActiveCfg = Release|Any CPU
		{E964840C-B2FC-49FA-8824-D18DECB9058E}.3.PROD|Any CPU.Build.0 = Release|Any CPU
		{2A489D5C-2E16-447A-B351-F6A01860435C}.1.DEV|Any CPU.ActiveCfg = Debug|Any CPU
		{2A489D5C-2E16-447A-B351-F6A01860435C}.1.DEV|Any CPU.Build.0 = Debug|Any CPU
		{2A489D5C-2E16-447A-B351-F6A01860435C}.2.TEST|Any CPU.ActiveCfg = Debug|Any CPU
		{2A489D5C-2E16-447A-B351-F6A01860435C}.2.TEST|Any CPU.Build.0 = Debug|Any CPU
		{2A489D5C-2E16-447A-B351-F6A01860435C}.3.PROD|Any CPU.ActiveCfg = Release|Any CPU
		{2A489D5C-2E16-447A-B351-F6A01860435C}.3.PROD|Any CPU.Build.0 = Release|Any CPU
		{D3ED2417-88D0-4F5A-82F8-86D7E9AF50C8}.1.DEV|Any CPU.ActiveCfg = Debug|Any CPU
		{D3ED2417-88D0-4F5A-82F8-86D7E9AF50C8}.1.DEV|Any CPU.Build.0 = Debug|Any CPU
		{D3ED2417-88D0-4F5A-82F8-86D7E9AF50C8}.2.TEST|Any CPU.ActiveCfg = Debug|Any CPU
		{D3ED2417-88D0-4F5A-82F8-86D7E9AF50C8}.2.TEST|Any CPU.Build.0 = Debug|Any CPU
		{D3ED2417-88D0-4F5A-82F8-86D7E9AF50C8}.3.PROD|Any CPU.ActiveCfg = Release|Any CPU
		{D3ED2417-88D0-4F5A-82F8-86D7E9AF50C8}.3.PROD|Any CPU.Build.0 = Release|Any CPU
		{6AB126FA-E375-4AC7-9658-F2366B9DB435}.1.DEV|Any CPU.ActiveCfg = Debug|Any CPU
		{6AB126FA-E375-4AC7-9658-F2366B9DB435}.1.DEV|Any CPU.Build.0 = Debug|Any CPU
		{6AB126FA-E375-4AC7-9658-F2366B9DB435}.2.TEST|Any CPU.ActiveCfg = Debug|Any CPU
		{6AB126FA-E375-4AC7-9658-F2366B9DB435}.2.TEST|Any CPU.Build.0 = Debug|Any CPU
		{6AB126FA-E375-4AC7-9658-F2366B9DB435}.3.PROD|Any CPU.ActiveCfg = Release|Any CPU
		{6AB126FA-E375-4AC7-9658-F2366B9DB435}.3.PROD|Any CPU.Build.0 = Release|Any CPU
		{48CC85C4-D183-49CE-B77F-841452C1C447}.1.DEV|Any CPU.ActiveCfg = Debug|Any CPU
		{48CC85C4-D183-49CE-B77F-841452C1C447}.1.DEV|Any CPU.Build.0 = Debug|Any CPU
		{48CC85C4-D183-49CE-B77F-841452C1C447}.2.TEST|Any CPU.ActiveCfg = Debug|Any CPU
		{48CC85C4-D183-49CE-B77F-841452C1C447}.2.TEST|Any CPU.Build.0 = Debug|Any CPU
		{48CC85C4-D183-49CE-B77F-841452C1C447}.3.PROD|Any CPU.ActiveCfg = Release|Any CPU
		{48CC85C4-D183-49CE-B77F-841452C1C447}.3.PROD|Any CPU.Build.0 = Release|Any CPU
		{68457B7D-9651-455B-AB15-89186158B66F}.1.DEV|Any CPU.ActiveCfg = Debug|Any CPU
		{68457B7D-9651-455B-AB15-89186158B66F}.1.DEV|Any CPU.Build.0 = Debug|Any CPU
		{68457B7D-9651-455B-AB15-89186158B66F}.2.TEST|Any CPU.ActiveCfg = Debug|Any CPU
		{68457B7D-9651-455B-AB15-89186158B66F}.2.TEST|Any CPU.Build.0 = Debug|Any CPU
		{68457B7D-9651-455B-AB15-89186158B66F}.3.PROD|Any CPU.ActiveCfg = Release|Any CPU
		{68457B7D-9651-455B-AB15-89186158B66F}.3.PROD|Any CPU.Build.0 = Release|Any CPU
		{45D5B5C8-01AF-4668-89DC-FE83CC00D7AD}.1.DEV|Any CPU.ActiveCfg = Debug|Any CPU
		{45D5B5C8-01AF-4668-89DC-FE83CC00D7AD}.1.DEV|Any CPU.Build.0 = Debug|Any CPU
		{45D5B5C8-01AF-4668-89DC-FE83CC00D7AD}.2.TEST|Any CPU.ActiveCfg = Debug|Any CPU
		{45D5B5C8-01AF-4668-89DC-FE83CC00D7AD}.2.TEST|Any CPU.Build.0 = Debug|Any CPU
		{45D5B5C8-01AF-4668-89DC-FE83CC00D7AD}.3.PROD|Any CPU.ActiveCfg = Release|Any CPU
		{45D5B5C8-01AF-4668-89DC-FE83CC00D7AD}.3.PROD|Any CPU.Build.0 = Release|Any CPU
		{F0DEB40C-82AD-49BF-839D-99CB5C8BE67E}.1.DEV|Any CPU.ActiveCfg = Debug|Any CPU
		{F0DEB40C-82AD-49BF-839D-99CB5C8BE67E}.1.DEV|Any CPU.Build.0 = Debug|Any CPU
		{F0DEB40C-82AD-49BF-839D-99CB5C8BE67E}.2.TEST|Any CPU.ActiveCfg = Debug|Any CPU
		{F0DEB40C-82AD-49BF-839D-99CB5C8BE67E}.2.TEST|Any CPU.Build.0 = Debug|Any CPU
		{F0DEB40C-82AD-49BF-839D-99CB5C8BE67E}.3.PROD|Any CPU.ActiveCfg = Release|Any CPU
		{F0DEB40C-82AD-49BF-839D-99CB5C8BE67E}.3.PROD|Any CPU.Build.0 = Release|Any CPU
		{2E443D15-8132-45AE-8480-B36C1B3E704F}.1.DEV|Any CPU.ActiveCfg = Debug|Any CPU
		{2E443D15-8132-45AE-8480-B36C1B3E704F}.1.DEV|Any CPU.Build.0 = Debug|Any CPU
		{2E443D15-8132-45AE-8480-B36C1B3E704F}.2.TEST|Any CPU.ActiveCfg = Debug|Any CPU
		{2E443D15-8132-45AE-8480-B36C1B3E704F}.2.TEST|Any CPU.Build.0 = Debug|Any CPU
		{2E443D15-8132-45AE-8480-B36C1B3E704F}.3.PROD|Any CPU.ActiveCfg = Release|Any CPU
		{2E443D15-8132-45AE-8480-B36C1B3E704F}.3.PROD|Any CPU.Build.0 = Release|Any CPU
		{80C36EDC-4DFC-4982-970A-E6B20904CE3E}.1.DEV|Any CPU.ActiveCfg = Debug|Any CPU
		{80C36EDC-4DFC-4982-970A-E6B20904CE3E}.1.DEV|Any CPU.Build.0 = Debug|Any CPU
		{80C36EDC-4DFC-4982-970A-E6B20904CE3E}.2.TEST|Any CPU.ActiveCfg = Debug|Any CPU
		{80C36EDC-4DFC-4982-970A-E6B20904CE3E}.2.TEST|Any CPU.Build.0 = Debug|Any CPU
		{80C36EDC-4DFC-4982-970A-E6B20904CE3E}.3.PROD|Any CPU.ActiveCfg = Release|Any CPU
		{80C36EDC-4DFC-4982-970A-E6B20904CE3E}.3.PROD|Any CPU.Build.0 = Release|Any CPU
		{0D3EEB69-A0A2-4790-9C16-35CF88983A09}.1.DEV|Any CPU.ActiveCfg = Debug|Any CPU
		{0D3EEB69-A0A2-4790-9C16-35CF88983A09}.1.DEV|Any CPU.Build.0 = Debug|Any CPU
		{0D3EEB69-A0A2-4790-9C16-35CF88983A09}.2.TEST|Any CPU.ActiveCfg = Debug|Any CPU
		{0D3EEB69-A0A2-4790-9C16-35CF88983A09}.2.TEST|Any CPU.Build.0 = Debug|Any CPU
		{0D3EEB69-A0A2-4790-9C16-35CF88983A09}.3.PROD|Any CPU.ActiveCfg = Release|Any CPU
		{0D3EEB69-A0A2-4790-9C16-35CF88983A09}.3.PROD|Any CPU.Build.0 = Release|Any CPU
		{45653262-843D-472C-AA4F-744358CA60F5}.1.DEV|Any CPU.ActiveCfg = Debug|Any CPU
		{45653262-843D-472C-AA4F-744358CA60F5}.1.DEV|Any CPU.Build.0 = Debug|Any CPU
		{45653262-843D-472C-AA4F-744358CA60F5}.2.TEST|Any CPU.ActiveCfg = Debug|Any CPU
		{45653262-843D-472C-AA4F-744358CA60F5}.2.TEST|Any CPU.Build.0 = Debug|Any CPU
		{45653262-843D-472C-AA4F-744358CA60F5}.3.PROD|Any CPU.ActiveCfg = Release|Any CPU
		{45653262-843D-472C-AA4F-744358CA60F5}.3.PROD|Any CPU.Build.0 = Release|Any CPU
		{12150253-C33B-44FD-9D99-E99CEA61C02D}.1.DEV|Any CPU.ActiveCfg = Debug|Any CPU
		{12150253-C33B-44FD-9D99-E99CEA61C02D}.1.DEV|Any CPU.Build.0 = Debug|Any CPU
		{12150253-C33B-44FD-9D99-E99CEA61C02D}.2.TEST|Any CPU.ActiveCfg = Debug|Any CPU
		{12150253-C33B-44FD-9D99-E99CEA61C02D}.2.TEST|Any CPU.Build.0 = Debug|Any CPU
		{12150253-C33B-44FD-9D99-E99CEA61C02D}.3.PROD|Any CPU.ActiveCfg = Release|Any CPU
		{12150253-C33B-44FD-9D99-E99CEA61C02D}.3.PROD|Any CPU.Build.0 = Release|Any CPU
		{590FF2D7-8F87-412B-A8DF-066291BCCCDC}.1.DEV|Any CPU.ActiveCfg = Debug|Any CPU
		{590FF2D7-8F87-412B-A8DF-066291BCCCDC}.1.DEV|Any CPU.Build.0 = Debug|Any CPU
		{590FF2D7-8F87-412B-A8DF-066291BCCCDC}.2.TEST|Any CPU.ActiveCfg = Debug|Any CPU
		{590FF2D7-8F87-412B-A8DF-066291BCCCDC}.2.TEST|Any CPU.Build.0 = Debug|Any CPU
		{590FF2D7-8F87-412B-A8DF-066291BCCCDC}.3.PROD|Any CPU.ActiveCfg = Release|Any CPU
		{590FF2D7-8F87-412B-A8DF-066291BCCCDC}.3.PROD|Any CPU.Build.0 = Release|Any CPU
		{A11248A5-CBC1-426B-BC88-02D1D6E31209}.1.DEV|Any CPU.ActiveCfg = Debug|Any CPU
		{A11248A5-CBC1-426B-BC88-02D1D6E31209}.1.DEV|Any CPU.Build.0 = Debug|Any CPU
		{A11248A5-CBC1-426B-BC88-02D1D6E31209}.2.TEST|Any CPU.ActiveCfg = Debug|Any CPU
		{A11248A5-CBC1-426B-BC88-02D1D6E31209}.2.TEST|Any CPU.Build.0 = Debug|Any CPU
		{A11248A5-CBC1-426B-BC88-02D1D6E31209}.3.PROD|Any CPU.ActiveCfg = Release|Any CPU
		{A11248A5-CBC1-426B-BC88-02D1D6E31209}.3.PROD|Any CPU.Build.0 = Release|Any CPU
		{F834973A-0BE2-42C9-81AF-F8516188AF9A}.1.DEV|Any CPU.ActiveCfg = Debug|Any CPU
		{F834973A-0BE2-42C9-81AF-F8516188AF9A}.1.DEV|Any CPU.Build.0 = Debug|Any CPU
		{F834973A-0BE2-42C9-81AF-F8516188AF9A}.2.TEST|Any CPU.ActiveCfg = Debug|Any CPU
		{F834973A-0BE2-42C9-81AF-F8516188AF9A}.2.TEST|Any CPU.Build.0 = Debug|Any CPU
		{F834973A-0BE2-42C9-81AF-F8516188AF9A}.3.PROD|Any CPU.ActiveCfg = Release|Any CPU
		{F834973A-0BE2-42C9-81AF-F8516188AF9A}.3.PROD|Any CPU.Build.0 = Release|Any CPU
		{C2532B08-6C77-471E-8AF7-EC5B5B0C7146}.1.DEV|Any CPU.ActiveCfg = Debug|Any CPU
		{C2532B08-6C77-471E-8AF7-EC5B5B0C7146}.1.DEV|Any CPU.Build.0 = Debug|Any CPU
		{C2532B08-6C77-471E-8AF7-EC5B5B0C7146}.2.TEST|Any CPU.ActiveCfg = Debug|Any CPU
		{C2532B08-6C77-471E-8AF7-EC5B5B0C7146}.2.TEST|Any CPU.Build.0 = Debug|Any CPU
		{C2532B08-6C77-471E-8AF7-EC5B5B0C7146}.3.PROD|Any CPU.ActiveCfg = Release|Any CPU
		{C2532B08-6C77-471E-8AF7-EC5B5B0C7146}.3.PROD|Any CPU.Build.0 = Release|Any CPU
		{1425BF89-2087-4104-9456-D0FCEFA67F9B}.1.DEV|Any CPU.ActiveCfg = Debug|Any CPU
		{1425BF89-2087-4104-9456-D0FCEFA67F9B}.1.DEV|Any CPU.Build.0 = Debug|Any CPU
		{1425BF89-2087-4104-9456-D0FCEFA67F9B}.2.TEST|Any CPU.ActiveCfg = Debug|Any CPU
		{1425BF89-2087-4104-9456-D0FCEFA67F9B}.2.TEST|Any CPU.Build.0 = Debug|Any CPU
		{1425BF89-2087-4104-9456-D0FCEFA67F9B}.3.PROD|Any CPU.ActiveCfg = Release|Any CPU
		{1425BF89-2087-4104-9456-D0FCEFA67F9B}.3.PROD|Any CPU.Build.0 = Release|Any CPU
		{4DD47F26-1696-4D3F-B012-1C45E1AED338}.1.DEV|Any CPU.ActiveCfg = Debug|Any CPU
		{4DD47F26-1696-4D3F-B012-1C45E1AED338}.1.DEV|Any CPU.Build.0 = Debug|Any CPU
		{4DD47F26-1696-4D3F-B012-1C45E1AED338}.2.TEST|Any CPU.ActiveCfg = Debug|Any CPU
		{4DD47F26-1696-4D3F-B012-1C45E1AED338}.2.TEST|Any CPU.Build.0 = Debug|Any CPU
		{4DD47F26-1696-4D3F-B012-1C45E1AED338}.3.PROD|Any CPU.ActiveCfg = Release|Any CPU
		{4DD47F26-1696-4D3F-B012-1C45E1AED338}.3.PROD|Any CPU.Build.0 = Release|Any CPU
		{213705BA-DB7F-4C6D-A52D-BD6320C806C1}.1.DEV|Any CPU.ActiveCfg = Debug|Any CPU
		{213705BA-DB7F-4C6D-A52D-BD6320C806C1}.1.DEV|Any CPU.Build.0 = Debug|Any CPU
		{213705BA-DB7F-4C6D-A52D-BD6320C806C1}.2.TEST|Any CPU.ActiveCfg = Debug|Any CPU
		{213705BA-DB7F-4C6D-A52D-BD6320C806C1}.2.TEST|Any CPU.Build.0 = Debug|Any CPU
		{213705BA-DB7F-4C6D-A52D-BD6320C806C1}.3.PROD|Any CPU.ActiveCfg = Release|Any CPU
		{213705BA-DB7F-4C6D-A52D-BD6320C806C1}.3.PROD|Any CPU.Build.0 = Release|Any CPU
		{82A8F1FF-8208-46FE-8450-A14511B2B75D}.1.DEV|Any CPU.ActiveCfg = Debug|Any CPU
		{82A8F1FF-8208-46FE-8450-A14511B2B75D}.1.DEV|Any CPU.Build.0 = Debug|Any CPU
		{82A8F1FF-8208-46FE-8450-A14511B2B75D}.2.TEST|Any CPU.ActiveCfg = Debug|Any CPU
		{82A8F1FF-8208-46FE-8450-A14511B2B75D}.2.TEST|Any CPU.Build.0 = Debug|Any CPU
		{82A8F1FF-8208-46FE-8450-A14511B2B75D}.3.PROD|Any CPU.ActiveCfg = Release|Any CPU
		{82A8F1FF-8208-46FE-8450-A14511B2B75D}.3.PROD|Any CPU.Build.0 = Release|Any CPU
		{9AE41EBF-52F0-49AB-BB1B-96E633D0296A}.1.DEV|Any CPU.ActiveCfg = Debug|Any CPU
		{9AE41EBF-52F0-49AB-BB1B-96E633D0296A}.1.DEV|Any CPU.Build.0 = Debug|Any CPU
		{9AE41EBF-52F0-49AB-BB1B-96E633D0296A}.2.TEST|Any CPU.ActiveCfg = Debug|Any CPU
		{9AE41EBF-52F0-49AB-BB1B-96E633D0296A}.2.TEST|Any CPU.Build.0 = Debug|Any CPU
		{9AE41EBF-52F0-49AB-BB1B-96E633D0296A}.3.PROD|Any CPU.ActiveCfg = Release|Any CPU
		{9AE41EBF-52F0-49AB-BB1B-96E633D0296A}.3.PROD|Any CPU.Build.0 = Release|Any CPU
		{025BE2BB-4DB7-44E3-A201-B2FED45A9FE2}.1.DEV|Any CPU.ActiveCfg = Debug|Any CPU
		{025BE2BB-4DB7-44E3-A201-B2FED45A9FE2}.1.DEV|Any CPU.Build.0 = Debug|Any CPU
		{025BE2BB-4DB7-44E3-A201-B2FED45A9FE2}.2.TEST|Any CPU.ActiveCfg = Debug|Any CPU
		{025BE2BB-4DB7-44E3-A201-B2FED45A9FE2}.2.TEST|Any CPU.Build.0 = Debug|Any CPU
		{025BE2BB-4DB7-44E3-A201-B2FED45A9FE2}.3.PROD|Any CPU.ActiveCfg = Release|Any CPU
		{025BE2BB-4DB7-44E3-A201-B2FED45A9FE2}.3.PROD|Any CPU.Build.0 = Release|Any CPU
	EndGlobalSection
	GlobalSection(SolutionProperties) = preSolution
		HideSolutionNode = FALSE
	EndGlobalSection
	GlobalSection(NestedProjects) = preSolution
		{A2BE450F-5CCA-4FEF-9DFC-CC30364B9523} = {139193CD-3971-4D45-ACCB-C5D0CD1AF13E}
		{483169CD-E722-4A66-B35D-342EDE0D2157} = {139193CD-3971-4D45-ACCB-C5D0CD1AF13E}
		{570BF7F0-6C41-42C4-A4E6-7494957F9E08} = {139193CD-3971-4D45-ACCB-C5D0CD1AF13E}
		{901D0187-C131-4CEC-B58A-95AC7EEE4FCC} = {139193CD-3971-4D45-ACCB-C5D0CD1AF13E}
		{6958EC81-7EAA-4956-AB33-38BC888B29C9} = {139193CD-3971-4D45-ACCB-C5D0CD1AF13E}
		{FC9718E1-DAB4-4938-83AB-0693214D6B7D} = {A0061A9C-0AAB-4902-9F58-4922BE7B38D9}
		{DDD53820-071E-4D06-97D2-0A8E92008826} = {A0061A9C-0AAB-4902-9F58-4922BE7B38D9}
		{E49E9742-B7F9-4378-879E-254E500306E5} = {A0061A9C-0AAB-4902-9F58-4922BE7B38D9}
		{1166CEA6-4986-4270-894E-0A997DEC2F90} = {A0061A9C-0AAB-4902-9F58-4922BE7B38D9}
		{370D6E02-C312-42FA-9FC3-B79687ADE296} = {C3550AFB-9F2F-4AA3-B2E3-3DFF6A4E65DA}
		{F77DCEB5-BF02-44EF-9B01-07E32703ABD9} = {C3550AFB-9F2F-4AA3-B2E3-3DFF6A4E65DA}
		{1C63C3BC-51F6-44BC-AA82-AAB0A6EC7683} = {C3550AFB-9F2F-4AA3-B2E3-3DFF6A4E65DA}
		{C718CAD4-F186-4E4B-AE8B-17640ECF4BA7} = {C3550AFB-9F2F-4AA3-B2E3-3DFF6A4E65DA}
		{E964840C-B2FC-49FA-8824-D18DECB9058E} = {6D752C16-8C1A-4276-A291-1F9E1E1EB154}
		{2A489D5C-2E16-447A-B351-F6A01860435C} = {6D752C16-8C1A-4276-A291-1F9E1E1EB154}
		{D3ED2417-88D0-4F5A-82F8-86D7E9AF50C8} = {77544D9A-A879-4393-8126-4C2393A7B88D}
		{6AB126FA-E375-4AC7-9658-F2366B9DB435} = {77544D9A-A879-4393-8126-4C2393A7B88D}
		{48CC85C4-D183-49CE-B77F-841452C1C447} = {77544D9A-A879-4393-8126-4C2393A7B88D}
		{68457B7D-9651-455B-AB15-89186158B66F} = {77544D9A-A879-4393-8126-4C2393A7B88D}
		{45D5B5C8-01AF-4668-89DC-FE83CC00D7AD} = {139193CD-3971-4D45-ACCB-C5D0CD1AF13E}
		{F0DEB40C-82AD-49BF-839D-99CB5C8BE67E} = {617E6F35-9A14-40F2-B572-848E8D11255E}
		{2E443D15-8132-45AE-8480-B36C1B3E704F} = {617E6F35-9A14-40F2-B572-848E8D11255E}
		{80C36EDC-4DFC-4982-970A-E6B20904CE3E} = {617E6F35-9A14-40F2-B572-848E8D11255E}
		{0D3EEB69-A0A2-4790-9C16-35CF88983A09} = {617E6F35-9A14-40F2-B572-848E8D11255E}
		{45653262-843D-472C-AA4F-744358CA60F5} = {A0061A9C-0AAB-4902-9F58-4922BE7B38D9}
		{12150253-C33B-44FD-9D99-E99CEA61C02D} = {9449A239-F02B-4603-8B3B-922545461E57}
		{590FF2D7-8F87-412B-A8DF-066291BCCCDC} = {9449A239-F02B-4603-8B3B-922545461E57}
		{A11248A5-CBC1-426B-BC88-02D1D6E31209} = {9449A239-F02B-4603-8B3B-922545461E57}
		{F834973A-0BE2-42C9-81AF-F8516188AF9A} = {9449A239-F02B-4603-8B3B-922545461E57}
		{C2532B08-6C77-471E-8AF7-EC5B5B0C7146} = {9449A239-F02B-4603-8B3B-922545461E57}
		{1425BF89-2087-4104-9456-D0FCEFA67F9B} = {77544D9A-A879-4393-8126-4C2393A7B88D}
		{4DD47F26-1696-4D3F-B012-1C45E1AED338} = {E3212AAF-FF8D-4FDC-B564-3B0BC728DF3D}
		{213705BA-DB7F-4C6D-A52D-BD6320C806C1} = {E3212AAF-FF8D-4FDC-B564-3B0BC728DF3D}
		{82A8F1FF-8208-46FE-8450-A14511B2B75D} = {E3212AAF-FF8D-4FDC-B564-3B0BC728DF3D}
		{9AE41EBF-52F0-49AB-BB1B-96E633D0296A} = {E3212AAF-FF8D-4FDC-B564-3B0BC728DF3D}
		{025BE2BB-4DB7-44E3-A201-B2FED45A9FE2} = {E3212AAF-FF8D-4FDC-B564-3B0BC728DF3D}
		{FDCFA712-3EA7-49D5-A643-789B02097B6B} = {6BF44BB7-888C-49B7-BD46-6E03DD4198AB}
		{C429F277-E91B-4BC4-A0BB-9A7D30BA2A85} = {FDCFA712-3EA7-49D5-A643-789B02097B6B}
		{F0776A11-CDE9-4BF6-BB9C-21DE1D6ABF79} = {C429F277-E91B-4BC4-A0BB-9A7D30BA2A85}
	EndGlobalSection
	GlobalSection(ExtensibilityGlobals) = postSolution
		SolutionGuid = {AE76BCC7-4D6A-4AA0-B2EF-3F0333692AD8}
	EndGlobalSection
	GlobalSection(TeamFoundationVersionControl) = preSolution
		SccNumberOfProjects = 37
		SccEnterpriseProvider = {4CA58AB2-18FA-4F8D-95D4-32DDF27D184C}
		SccTeamFoundationServer = http://tfs.swgao.net:8080/tfs/sourcecode
		SccLocalPath0 = .
		SccProjectUniqueName1 = GA\\Core\\Shared\\GA.Core.Shared.csproj
		SccProjectTopLevelParentUniqueName1 = GA.Core.Server.sln
		SccProjectName1 = GA/Core/Shared
		SccLocalPath1 = GA\\Core\\Shared
		SccProjectUniqueName2 = GA\\Core\\Server\\GA.Core.Server.csproj
		SccProjectTopLevelParentUniqueName2 = GA.Core.Server.sln
		SccProjectName2 = GA/Core/Server
		SccLocalPath2 = GA\\Core\\Server
		SccProjectUniqueName3 = GA\\Core\\Data\\GA.Core.Data.csproj
		SccProjectTopLevelParentUniqueName3 = GA.Core.Server.sln
		SccProjectName3 = GA/Core/Data
		SccLocalPath3 = GA\\Core\\Data
		SccProjectUniqueName4 = GA\\Core\\ServiceLibrary\\GA.Core.ServiceLibrary.csproj
		SccProjectTopLevelParentUniqueName4 = GA.Core.Server.sln
		SccProjectName4 = GA/Core/ServiceLibrary
		SccLocalPath4 = GA\\Core\\ServiceLibrary
		SccProjectUniqueName5 = GA\\Core\\Business\\GA.Core.Business.csproj
		SccProjectTopLevelParentUniqueName5 = GA.Core.Server.sln
		SccProjectName5 = GA/Core/Business
		SccLocalPath5 = GA\\Core\\Business
		SccProjectUniqueName6 = GA\\Store\\Business\\GA.Store.Business.csproj
		SccProjectTopLevelParentUniqueName6 = GA.Core.Server.sln
		SccProjectName6 = GA/Store/Business
		SccLocalPath6 = GA\\Store\\Business
		SccProjectUniqueName7 = GA\\Store\\ServiceLibrary\\GA.Store.ServiceLibrary.csproj
		SccProjectTopLevelParentUniqueName7 = GA.Core.Server.sln
		SccProjectName7 = GA/Store/ServiceLibrary
		SccLocalPath7 = GA\\Store\\ServiceLibrary
		SccProjectUniqueName8 = GA\\Store\\Shared\\GA.Store.Shared.csproj
		SccProjectTopLevelParentUniqueName8 = GA.Core.Server.sln
		SccProjectName8 = GA/Store/Shared
		SccLocalPath8 = GA\\Store\\Shared
		SccProjectUniqueName9 = GA\\Store\\Data\\GA.Store.Data.csproj
		SccProjectTopLevelParentUniqueName9 = GA.Core.Server.sln
		SccProjectName9 = GA/Store/Data
		SccLocalPath9 = GA\\Store\\Data
		SccProjectUniqueName10 = GA\\Pay\\Business\\GA.Pay.Business.csproj
		SccProjectTopLevelParentUniqueName10 = GA.Core.Server.sln
		SccProjectName10 = GA/Pay/Business
		SccLocalPath10 = GA\\Pay\\Business
		SccProjectUniqueName11 = GA\\Pay\\Data\\GA.Pay.Data.csproj
		SccProjectTopLevelParentUniqueName11 = GA.Core.Server.sln
		SccProjectName11 = GA/Pay/Data
		SccLocalPath11 = GA\\Pay\\Data
		SccProjectUniqueName12 = GA\\Pay\\ServiceLibrary\\GA.Pay.ServiceLibrary.csproj
		SccProjectTopLevelParentUniqueName12 = GA.Core.Server.sln
		SccProjectName12 = GA/Pay/ServiceLibrary
		SccLocalPath12 = GA\\Pay\\ServiceLibrary
		SccProjectUniqueName13 = GA\\Pay\\Shared\\GA.Pay.Shared.csproj
		SccProjectTopLevelParentUniqueName13 = GA.Core.Server.sln
		SccProjectName13 = GA/Pay/Shared
		SccLocalPath13 = GA\\Pay\\Shared
		SccProjectUniqueName14 = GA\\BDC\\Integration\\GA.BDC.Integration.csproj
		SccProjectTopLevelParentUniqueName14 = GA.Core.Server.sln
		SccProjectName14 = GA/BDC/Integration
		SccLocalPath14 = GA\\BDC\\Integration
		SccProjectUniqueName15 = GA\\BDC\\Data\\GA.BDC.Data.csproj
		SccProjectTopLevelParentUniqueName15 = GA.Core.Server.sln
		SccProjectName15 = GA/BDC/Data
		SccLocalPath15 = GA\\BDC\\Data
		SccProjectUniqueName16 = GA\\Portal\\ServiceLibrary\\GA.Portal.ServiceLibrary.csproj
		SccProjectTopLevelParentUniqueName16 = GA.Core.Server.sln
		SccProjectName16 = GA/Portal/ServiceLibrary
		SccLocalPath16 = GA\\Portal\\ServiceLibrary
		SccProjectUniqueName17 = GA\\Portal\\Business\\GA.Portal.Business.csproj
		SccProjectTopLevelParentUniqueName17 = GA.Core.Server.sln
		SccProjectName17 = GA/Portal/Business
		SccLocalPath17 = GA\\Portal\\Business
		SccProjectUniqueName18 = GA\\Portal\\Data\\GA.Portal.Data.csproj
		SccProjectTopLevelParentUniqueName18 = GA.Core.Server.sln
		SccProjectName18 = GA/Portal/Data
		SccLocalPath18 = GA\\Portal\\Data
		SccProjectUniqueName19 = GA\\Portal\\Shared\\GA.Portal.Shared.csproj
		SccProjectTopLevelParentUniqueName19 = GA.Core.Server.sln
		SccProjectName19 = GA/Portal/Shared
		SccLocalPath19 = GA\\Portal\\Shared
		SccProjectUniqueName20 = GA\\Core\\Integration\\GA.Core.Integration.csproj
		SccProjectTopLevelParentUniqueName20 = GA.Core.Server.sln
		SccProjectName20 = GA/Core/Integration
		SccLocalPath20 = GA\\Core\\Integration
		SccProjectUniqueName21 = GA\\CustomerCare\\Business\\GA.CustomerCare.Business.csproj
		SccProjectTopLevelParentUniqueName21 = GA.Core.Server.sln
		SccProjectName21 = GA/CustomerCare/Business
		SccLocalPath21 = GA\\CustomerCare\\Business
		SccProjectUniqueName22 = GA\\CustomerCare\\ServiceLibrary\\GA.CustomerCare.ServiceLibrary.csproj
		SccProjectTopLevelParentUniqueName22 = GA.Core.Server.sln
		SccProjectName22 = GA/CustomerCare/ServiceLibrary
		SccLocalPath22 = GA\\CustomerCare\\ServiceLibrary
		SccProjectUniqueName23 = GA\\CustomerCare\\Shared\\GA.CustomerCare.Shared.csproj
		SccProjectTopLevelParentUniqueName23 = GA.Core.Server.sln
		SccProjectName23 = GA/CustomerCare/Shared
		SccLocalPath23 = GA\\CustomerCare\\Shared
		SccProjectUniqueName24 = GA\\CustomerCare\\Data\\GA.CustomerCare.Data.csproj
		SccProjectTopLevelParentUniqueName24 = GA.Core.Server.sln
		SccProjectName24 = GA/CustomerCare/Data
		SccLocalPath24 = GA\\CustomerCare\\Data
		SccProjectUniqueName25 = GA\\Store\\Integration\\GA.Store.Integration.csproj
		SccProjectTopLevelParentUniqueName25 = GA.Core.Server.sln
		SccProjectName25 = GA/Store/Integration
		SccLocalPath25 = GA\\Store\\Integration
		SccProjectUniqueName26 = GA\\Sales\\Shared\\GA.Sales.Shared.csproj
		SccProjectTopLevelParentUniqueName26 = GA.Core.Server.sln
		SccProjectName26 = GA/Sales/Shared
		SccLocalPath26 = GA\\Sales\\Shared
		SccProjectUniqueName27 = GA\\Sales\\Business\\GA.Sales.Business.csproj
		SccProjectTopLevelParentUniqueName27 = GA.Core.Server.sln
		SccProjectName27 = GA/Sales/Business
		SccLocalPath27 = GA\\Sales\\Business
		SccProjectUniqueName28 = GA\\Sales\\Data\\GA.Sales.Data.csproj
		SccProjectTopLevelParentUniqueName28 = GA.Core.Server.sln
		SccProjectName28 = GA/Sales/Data
		SccLocalPath28 = GA\\Sales\\Data
		SccProjectUniqueName29 = GA\\Sales\\Integration\\GA.Sales.Integration.csproj
		SccProjectTopLevelParentUniqueName29 = GA.Core.Server.sln
		SccProjectName29 = GA/Sales/Integration
		SccLocalPath29 = GA\\Sales\\Integration
		SccProjectUniqueName30 = GA\\Sales\\ServiceLibrary\\GA.Sales.ServiceLibrary.csproj
		SccProjectTopLevelParentUniqueName30 = GA.Core.Server.sln
		SccProjectName30 = GA/Sales/ServiceLibrary
		SccLocalPath30 = GA\\Sales\\ServiceLibrary
		SccProjectUniqueName31 = GA\\Portal\\Integration\\GA.Portal.Integration.csproj
		SccProjectTopLevelParentUniqueName31 = GA.Core.Server.sln
		SccProjectName31 = GA/Portal/Integration
		SccLocalPath31 = GA\\Portal\\Integration
		SccProjectUniqueName32 = SWF\\Donations\\Shared\\SWF.Donations.Shared.csproj
		SccProjectTopLevelParentUniqueName32 = GA.Core.Server.sln
		SccProjectName32 = SWF/Donations/Shared
		SccLocalPath32 = SWF\\Donations\\Shared
		SccProjectUniqueName33 = SWF\\Donations\\Business\\SWF.Donations.Business.csproj
		SccProjectTopLevelParentUniqueName33 = GA.Core.Server.sln
		SccProjectName33 = SWF/Donations/Business
		SccLocalPath33 = SWF\\Donations\\Business
		SccProjectUniqueName34 = SWF\\Donations\\Data\\SWF.Donations.Data.csproj
		SccProjectTopLevelParentUniqueName34 = GA.Core.Server.sln
		SccProjectName34 = SWF/Donations/Data
		SccLocalPath34 = SWF\\Donations\\Data
		SccProjectUniqueName35 = SWF\\Donations\\ServiceLibrary\\SWF.Donations.ServiceLibrary.csproj
		SccProjectTopLevelParentUniqueName35 = GA.Core.Server.sln
		SccProjectName35 = SWF/Donations/ServiceLibrary
		SccLocalPath35 = SWF\\Donations\\ServiceLibrary
		SccProjectUniqueName36 = SWF\\Donations\\Integration\\SWF.Donations.Integration.csproj
		SccProjectTopLevelParentUniqueName36 = GA.Core.Server.sln
		SccProjectName36 = SWF/Donations/Integration
		SccLocalPath36 = SWF\\Donations\\Integration
	EndGlobalSection
	GlobalSection(TestCaseManagementSettings) = postSolution
		CategoryFile = GA.Core.Server.vsmdi
	EndGlobalSection
EndGlobal
