
Microsoft Visual Studio Solution File, Format Version 9.00
# Visual Studio 2005
Project("{D183A3D8-5FD8-494B-B014-37F57B35E655}") = "QSP.Fulfillment.Order.OnlineExtraction", "QSP.Fulfillment.Order.OnlineExtraction\QSP.Fulfillment.Order.OnlineExtraction.dtproj", "{465EA98B-4C72-4AB3-85C9-728271E9ADA4}"
	ProjectSection(WebsiteProperties) = preProject
		Debug.AspNetCompiler.Debug = "True"
		Release.AspNetCompiler.Debug = "False"
	EndProjectSection
EndProject
Global
	GlobalSection(SolutionConfigurationPlatforms) = preSolution
		Development|Default = Development|Default
	EndGlobalSection
	GlobalSection(ProjectConfigurationPlatforms) = postSolution
		{465EA98B-4C72-4AB3-85C9-728271E9ADA4}.Development|Default.ActiveCfg = Development
		{465EA98B-4C72-4AB3-85C9-728271E9ADA4}.Development|Default.Build.0 = Development
	EndGlobalSection
	GlobalSection(SolutionProperties) = preSolution
		HideSolutionNode = FALSE
	EndGlobalSection
EndGlobal
