
Microsoft Visual Studio Solution File, Format Version 10.00
# Visual Studio 2008
Project("{D183A3D8-5FD8-494B-B014-37F57B35E655}") = "QSP.Fulfillment.Shipping", "QSP.Fulfillment.Shipping\QSP.Fulfillment.Shipping.dtproj", "{33BD29E6-454D-44B2-A7F4-71D774E9B972}"
EndProject
Project("{D183A3D8-5FD8-494B-B014-37F57B35E655}") = "QSP.Fulfillment.Shipping.Receipt", "QSP.Fulfillment.Shipping.Receipt\QSP.Fulfillment.Shipping.Receipt.dtproj", "{1EB0C170-4450-4392-8EA1-4E80990BA051}"
EndProject
Project("{D183A3D8-5FD8-494B-B014-37F57B35E655}") = "QSP.Fulfillment.Shipping.Summary", "QSP.Fulfillment.Shipping.Summary\QSP.Fulfillment.Shipping.Summary.dtproj", "{C6866485-48F8-4938-A586-4730F26FE0AA}"
EndProject
Project("{D183A3D8-5FD8-494B-B014-37F57B35E655}") = "QSP.Fulfillment.Shipping.Inventory.Level", "QSP.Fulfillment.Shipping.Inventory.Level\QSP.Fulfillment.Shipping.Inventory.Level.dtproj", "{1697B619-5766-4743-B64D-9EA23E626DF1}"
EndProject
Global
	GlobalSection(SolutionConfigurationPlatforms) = preSolution
		Development|Default = Development|Default
	EndGlobalSection
	GlobalSection(ProjectConfigurationPlatforms) = postSolution
		{33BD29E6-454D-44B2-A7F4-71D774E9B972}.Development|Default.ActiveCfg = Development
		{33BD29E6-454D-44B2-A7F4-71D774E9B972}.Development|Default.Build.0 = Development
		{1EB0C170-4450-4392-8EA1-4E80990BA051}.Development|Default.ActiveCfg = Development
		{1EB0C170-4450-4392-8EA1-4E80990BA051}.Development|Default.Build.0 = Development
		{C6866485-48F8-4938-A586-4730F26FE0AA}.Development|Default.ActiveCfg = Development
		{C6866485-48F8-4938-A586-4730F26FE0AA}.Development|Default.Build.0 = Development
		{1697B619-5766-4743-B64D-9EA23E626DF1}.Development|Default.ActiveCfg = Development
		{1697B619-5766-4743-B64D-9EA23E626DF1}.Development|Default.Build.0 = Development
	EndGlobalSection
	GlobalSection(SolutionProperties) = preSolution
		HideSolutionNode = FALSE
	EndGlobalSection
EndGlobal
