Microsoft Visual Studio Solution File, Format Version 8.00
Project("{FAE04EC0-301F-11D3-BF4B-00C04F79EFBC}") = "QSP_PDFMerger", "QSP_PDFMerger.csproj", "{C2BE3130-A437-4345-91D7-381C1267B805}"
	ProjectSection(ProjectDependencies) = postProject
	EndProjectSection
EndProject
Global
	GlobalSection(SolutionConfiguration) = preSolution
		Debug = Debug
		Release = Release
	EndGlobalSection
	GlobalSection(ProjectConfiguration) = postSolution
		{C2BE3130-A437-4345-91D7-381C1267B805}.Debug.ActiveCfg = Debug|.NET
		{C2BE3130-A437-4345-91D7-381C1267B805}.Debug.Build.0 = Debug|.NET
		{C2BE3130-A437-4345-91D7-381C1267B805}.Release.ActiveCfg = Release|.NET
		{C2BE3130-A437-4345-91D7-381C1267B805}.Release.Build.0 = Release|.NET
	EndGlobalSection
	GlobalSection(ExtensibilityGlobals) = postSolution
	EndGlobalSection
	GlobalSection(ExtensibilityAddIns) = postSolution
	EndGlobalSection
EndGlobal
